// !$*UTF8*$!
{
	archiveVersion = 1;
	classes = {
	};
	objectVersion = 46;
	objects = {

/* Begin PBXBuildFile section */
		005D4DDE1E9418F500E8DD0B /* Matrix+Equatable.swift in Sources */ = {isa = PBXBuildFile; fileRef = 005D4DDD1E9418F500E8DD0B /* Matrix+Equatable.swift */; };
		0CF9D2BB3EBC822ACB7FF766 /* Pods_Jasmine.framework in Frameworks */ = {isa = PBXBuildFile; fileRef = 3488CBDFD470562B328D58A2 /* Pods_Jasmine.framework */; };
		4EA886212AABEB7ED888C04C /* Pods_JasmineTests.framework in Frameworks */ = {isa = PBXBuildFile; fileRef = B1302F74452DAF05FDF7A169 /* Pods_JasmineTests.framework */; };
		5007FD121E94D3C4003F0A24 /* HighlightedUpdateDelegateMock.swift in Sources */ = {isa = PBXBuildFile; fileRef = 5007FD111E94D3C4003F0A24 /* HighlightedUpdateDelegateMock.swift */; };
		502669031E7D6C6A00112291 /* FlappyViewModelProtocol.swift in Sources */ = {isa = PBXBuildFile; fileRef = DFB342761E77F5F200D2FE09 /* FlappyViewModelProtocol.swift */; };
		502A29651E925A190024336A /* Array+Equatable.swift in Sources */ = {isa = PBXBuildFile; fileRef = 502A29641E925A190024336A /* Array+Equatable.swift */; };
		502A296D1E926DCA0024336A /* BaseSlidingViewModel.swift in Sources */ = {isa = PBXBuildFile; fileRef = 502A296A1E926DCA0024336A /* BaseSlidingViewModel.swift */; };
		502A296E1E926DCA0024336A /* ChengYuSlidingViewModel.swift in Sources */ = {isa = PBXBuildFile; fileRef = 502A296B1E926DCA0024336A /* ChengYuSlidingViewModel.swift */; };
		502A296F1E926DCA0024336A /* CiHuiSlidingViewModel.swift in Sources */ = {isa = PBXBuildFile; fileRef = 502A296C1E926DCA0024336A /* CiHuiSlidingViewModel.swift */; };
		502A29711E9275770024336A /* Array+EquatableTests.swift in Sources */ = {isa = PBXBuildFile; fileRef = 502A29701E9275770024336A /* Array+EquatableTests.swift */; };
		502A29751E927B790024336A /* BaseSlidingViewModelTests.swift in Sources */ = {isa = PBXBuildFile; fileRef = 502A29721E927B790024336A /* BaseSlidingViewModelTests.swift */; };
		502A29761E927B790024336A /* ChengYuSlidingViewModelTests.swift in Sources */ = {isa = PBXBuildFile; fileRef = 502A29731E927B790024336A /* ChengYuSlidingViewModelTests.swift */; };
		502A29771E927B790024336A /* CiHuiSlidingViewModelTests.swift in Sources */ = {isa = PBXBuildFile; fileRef = 502A29741E927B790024336A /* CiHuiSlidingViewModelTests.swift */; };
		502A297D1E927D580024336A /* GridViewModelTests.swift in Sources */ = {isa = PBXBuildFile; fileRef = 502A297C1E927D580024336A /* GridViewModelTests.swift */; };
		5047D0A11E932C7600DD96BA /* TetrisGameViewModelTests.swift in Sources */ = {isa = PBXBuildFile; fileRef = 5047D0A01E932C7600DD96BA /* TetrisGameViewModelTests.swift */; };
		50717AC01E7BD944005A2FE5 /* MutableCollection+ExtensionsTests.swift in Sources */ = {isa = PBXBuildFile; fileRef = 50717ABE1E7BD944005A2FE5 /* MutableCollection+ExtensionsTests.swift */; };
		50717AC11E7BD944005A2FE5 /* RandomTests.swift in Sources */ = {isa = PBXBuildFile; fileRef = 50717ABF1E7BD944005A2FE5 /* RandomTests.swift */; };
		50717AC31E7BD9D5005A2FE5 /* Sequence+ExtensionsTests.swift in Sources */ = {isa = PBXBuildFile; fileRef = 50717AC21E7BD9D5005A2FE5 /* Sequence+ExtensionsTests.swift */; };
		507194F11E8E1512002A6BC0 /* TetrisGameViewModelProtocol.swift in Sources */ = {isa = PBXBuildFile; fileRef = 507194F01E8E1512002A6BC0 /* TetrisGameViewModelProtocol.swift */; };
		507AC1931E90AA830033B4E6 /* SquareTileView.swift in Sources */ = {isa = PBXBuildFile; fileRef = 507AC1921E90AA830033B4E6 /* SquareTileView.swift */; };
		507AC1951E90AAB00033B4E6 /* TetrisGameViewModel.swift in Sources */ = {isa = PBXBuildFile; fileRef = 507AC1941E90AAB00033B4E6 /* TetrisGameViewModel.swift */; };
		509036D51E937BFB006548DE /* GameStatusUpdateDelegateMock.swift in Sources */ = {isa = PBXBuildFile; fileRef = 509036D11E937BFB006548DE /* GameStatusUpdateDelegateMock.swift */; };
		509036D61E937BFB006548DE /* ScoreUpdateDelegateMock.swift in Sources */ = {isa = PBXBuildFile; fileRef = 509036D21E937BFB006548DE /* ScoreUpdateDelegateMock.swift */; };
		509036D71E937BFB006548DE /* TimeUpdateDelegateMock.swift in Sources */ = {isa = PBXBuildFile; fileRef = 509036D31E937BFB006548DE /* TimeUpdateDelegateMock.swift */; };
		509036D81E937BFB006548DE /* RealmTestCase.swift in Sources */ = {isa = PBXBuildFile; fileRef = 509036D41E937BFB006548DE /* RealmTestCase.swift */; };
		509036DD1E937C4C006548DE /* ChengYuSwappingViewModelTests.swift in Sources */ = {isa = PBXBuildFile; fileRef = 509036DB1E937C4C006548DE /* ChengYuSwappingViewModelTests.swift */; };
		509036DE1E937C4C006548DE /* CiHuiSwappingViewModelTests.swift in Sources */ = {isa = PBXBuildFile; fileRef = 509036DC1E937C4C006548DE /* CiHuiSwappingViewModelTests.swift */; };
		509036E01E937CB9006548DE /* SwappingGameViewController.swift in Sources */ = {isa = PBXBuildFile; fileRef = 509036DF1E937CB9006548DE /* SwappingGameViewController.swift */; };
		509036E21E937E68006548DE /* MutableCollection+Extensions.swift in Sources */ = {isa = PBXBuildFile; fileRef = 509036E11E937E68006548DE /* MutableCollection+Extensions.swift */; };
		509894A31E6E6CAE00FC9CF3 /* GameType.swift in Sources */ = {isa = PBXBuildFile; fileRef = 509894A21E6E6CAE00FC9CF3 /* GameType.swift */; };
		50989DDB1E6D8B16009A86C8 /* Constants.swift in Sources */ = {isa = PBXBuildFile; fileRef = 50989DC21E6D8B16009A86C8 /* Constants.swift */; };
		50989DDC1E6D8B16009A86C8 /* SoundService.swift in Sources */ = {isa = PBXBuildFile; fileRef = 50989DC31E6D8B16009A86C8 /* SoundService.swift */; };
		50989DDD1E6D8B16009A86C8 /* GameData.swift in Sources */ = {isa = PBXBuildFile; fileRef = 50989DC51E6D8B16009A86C8 /* GameData.swift */; };
		50989DDF1E6D8B16009A86C8 /* Phrase.swift in Sources */ = {isa = PBXBuildFile; fileRef = 50989DC71E6D8B16009A86C8 /* Phrase.swift */; };
		50989DE41E6D8B16009A86C8 /* FlappyViewModel.swift in Sources */ = {isa = PBXBuildFile; fileRef = 50989DD21E6D8B16009A86C8 /* FlappyViewModel.swift */; };
		50989DE71E6D8BBD009A86C8 /* AppDelegate.swift in Sources */ = {isa = PBXBuildFile; fileRef = 50989DE51E6D8BBD009A86C8 /* AppDelegate.swift */; };
		50A5F5B11E9B7A4D00E94C91 /* LevelSelectorViewControllerDelegate.swift in Sources */ = {isa = PBXBuildFile; fileRef = 50A5F5B01E9B7A4D00E94C91 /* LevelSelectorViewControllerDelegate.swift */; };
		50AE3A761E8B93D3005EC944 /* TextGrid.swift in Sources */ = {isa = PBXBuildFile; fileRef = 50AE3A751E8B93D3005EC944 /* TextGrid.swift */; };
		50AE3A781E8BE020005EC944 /* TextGridTests.swift in Sources */ = {isa = PBXBuildFile; fileRef = 50AE3A771E8BE020005EC944 /* TextGridTests.swift */; };
		50B0C06F1E99FF7A00D3D420 /* LevelSelectorViewModelProtocol.swift in Sources */ = {isa = PBXBuildFile; fileRef = 50B0C06E1E99FF7A00D3D420 /* LevelSelectorViewModelProtocol.swift */; };
		50B0C0711E9A02C800D3D420 /* GameInfo.swift in Sources */ = {isa = PBXBuildFile; fileRef = 50B0C0701E9A02C800D3D420 /* GameInfo.swift */; };
		50B7A8B51E9393530052E9E2 /* BaseSwappingViewModelTests.swift in Sources */ = {isa = PBXBuildFile; fileRef = 50B7A8B41E9393530052E9E2 /* BaseSwappingViewModelTests.swift */; };
		50F191BF1E7AE04500EE9A75 /* CoordinateTests.swift in Sources */ = {isa = PBXBuildFile; fileRef = 50F191BE1E7AE04500EE9A75 /* CoordinateTests.swift */; };
		A2187E6C1E7510B60033FC5B /* Random.swift in Sources */ = {isa = PBXBuildFile; fileRef = A2187E6B1E7510B60033FC5B /* Random.swift */; };
		A2187E721E751C930033FC5B /* Sequence+Extensions.swift in Sources */ = {isa = PBXBuildFile; fileRef = A2187E711E751C930033FC5B /* Sequence+Extensions.swift */; };
		A260C6281E6AB30400782103 /* Assets.xcassets in Resources */ = {isa = PBXBuildFile; fileRef = A260C6271E6AB30400782103 /* Assets.xcassets */; };
		A27B6E541E90B33400825AF3 /* RealmIntegrationTests.swift in Sources */ = {isa = PBXBuildFile; fileRef = A27B6E531E90B33400825AF3 /* RealmIntegrationTests.swift */; };
		A2FF83951E9A536F00677FA2 /* GameManager.swift in Sources */ = {isa = PBXBuildFile; fileRef = A2FF83921E9A536F00677FA2 /* GameManager.swift */; };
		A2FF83961E9A536F00677FA2 /* Level.swift in Sources */ = {isa = PBXBuildFile; fileRef = A2FF83931E9A536F00677FA2 /* Level.swift */; };
		A2FF83971E9A536F00677FA2 /* Levels.swift in Sources */ = {isa = PBXBuildFile; fileRef = A2FF83941E9A536F00677FA2 /* Levels.swift */; };
		A2FF839A1E9A538800677FA2 /* GameManagerTests.swift in Sources */ = {isa = PBXBuildFile; fileRef = A2FF83981E9A538800677FA2 /* GameManagerTests.swift */; };
		A2FF839B1E9A538800677FA2 /* LevelsTests.swift in Sources */ = {isa = PBXBuildFile; fileRef = A2FF83991E9A538800677FA2 /* LevelsTests.swift */; };
		DF2052C81E8BDD5A00D66B0B /* UIImageView+Animation.swift in Sources */ = {isa = PBXBuildFile; fileRef = DF2052C71E8BDD5A00D66B0B /* UIImageView+Animation.swift */; };
		DF2155181E8E2335005A0927 /* PhrasesTests.swift in Sources */ = {isa = PBXBuildFile; fileRef = DF2155171E8E2335005A0927 /* PhrasesTests.swift */; };
		DF21551A1E8E234D005A0927 /* Phrases.swift in Sources */ = {isa = PBXBuildFile; fileRef = DF2155191E8E234D005A0927 /* Phrases.swift */; };
		DF2155211E8E237F005A0927 /* SlidingViewModelProtocol.swift in Sources */ = {isa = PBXBuildFile; fileRef = DF21551F1E8E237F005A0927 /* SlidingViewModelProtocol.swift */; };
		DF2155251E8E3F25005A0927 /* Direction.swift in Sources */ = {isa = PBXBuildFile; fileRef = DF2155241E8E3F25005A0927 /* Direction.swift */; };
		DF2155271E8E4331005A0927 /* UISwipeGestureRecognizerDirection+Direction.swift in Sources */ = {isa = PBXBuildFile; fileRef = DF2155261E8E4331005A0927 /* UISwipeGestureRecognizerDirection+Direction.swift */; };
		DF2155291E8E4401005A0927 /* UISwipeGestureRecognizerDirection+DirectionTests.swift in Sources */ = {isa = PBXBuildFile; fileRef = DF2155281E8E4401005A0927 /* UISwipeGestureRecognizerDirection+DirectionTests.swift */; };
		DF2321541E961A4100417ED2 /* SelectableSquareGridViewController.swift in Sources */ = {isa = PBXBuildFile; fileRef = DF2321531E961A4100417ED2 /* SelectableSquareGridViewController.swift */; };
		DF2321561E961A6900417ED2 /* GameOverViewController.swift in Sources */ = {isa = PBXBuildFile; fileRef = DF2321551E961A6900417ED2 /* GameOverViewController.swift */; };
		DF2321581E961CA300417ED2 /* ProfileStoryboard.storyboard in Resources */ = {isa = PBXBuildFile; fileRef = DF2321571E961CA300417ED2 /* ProfileStoryboard.storyboard */; };
		DF409FDB1E84145800389976 /* UIApplication+isFirstLaunch.swift in Sources */ = {isa = PBXBuildFile; fileRef = DF409FDA1E84145800389976 /* UIApplication+isFirstLaunch.swift */; };
		DF409FDF1E84147400389976 /* CountDownTimer.swift in Sources */ = {isa = PBXBuildFile; fileRef = DF409FDC1E84147400389976 /* CountDownTimer.swift */; };
		DF409FE01E84147400389976 /* Prebundler.swift in Sources */ = {isa = PBXBuildFile; fileRef = DF409FDD1E84147400389976 /* Prebundler.swift */; };
		DF409FE11E84147400389976 /* TimerStatus.swift in Sources */ = {isa = PBXBuildFile; fileRef = DF409FDE1E84147400389976 /* TimerStatus.swift */; };
		DF409FE51E8414B000389976 /* Player.swift in Sources */ = {isa = PBXBuildFile; fileRef = DF409FE41E8414B000389976 /* Player.swift */; };
		DF409FEC1E8415AB00389976 /* prebundled.realm in Resources */ = {isa = PBXBuildFile; fileRef = DF409FE91E8415AB00389976 /* prebundled.realm */; };
		DF409FEF1E8415E000389976 /* UIApplicationTests.swift in Sources */ = {isa = PBXBuildFile; fileRef = DF409FEE1E8415E000389976 /* UIApplicationTests.swift */; };
		DF409FF21E8415F400389976 /* CountDownTimerTest.swift in Sources */ = {isa = PBXBuildFile; fileRef = DF409FF01E8415F400389976 /* CountDownTimerTest.swift */; };
		DF409FFB1E84225200389976 /* TetrisGameViewController.swift in Sources */ = {isa = PBXBuildFile; fileRef = DF409FFA1E84225200389976 /* TetrisGameViewController.swift */; };
		DF40F9E21E9676C1001EAAA8 /* LevelResult.swift in Sources */ = {isa = PBXBuildFile; fileRef = DF40F9E11E9676C1001EAAA8 /* LevelResult.swift */; };
		DF40F9E41E967708001EAAA8 /* PhraseTests.swift in Sources */ = {isa = PBXBuildFile; fileRef = DF40F9E31E967708001EAAA8 /* PhraseTests.swift */; };
		DF6320081E7424A500AA9B50 /* TetrisStoryboard.storyboard in Resources */ = {isa = PBXBuildFile; fileRef = DF6320071E7424A500AA9B50 /* TetrisStoryboard.storyboard */; };
		DF7CF7711E7E9E3500C6979A /* CGRect+Arithmetic.swift in Sources */ = {isa = PBXBuildFile; fileRef = DF7CF76F1E7E9E3500C6979A /* CGRect+Arithmetic.swift */; };
		DF7CF7721E7E9E3500C6979A /* IndexPath+Coordinate.swift in Sources */ = {isa = PBXBuildFile; fileRef = DF7CF7701E7E9E3500C6979A /* IndexPath+Coordinate.swift */; };
		DF7CF7801E7E9EED00C6979A /* SquareTileViewCell.swift in Sources */ = {isa = PBXBuildFile; fileRef = DF7CF77E1E7E9EED00C6979A /* SquareTileViewCell.swift */; };
		DF7CF78A1E7E9FD700C6979A /* CGRect+ArithmeticTests.swift in Sources */ = {isa = PBXBuildFile; fileRef = DF7CF7881E7E9FD700C6979A /* CGRect+ArithmeticTests.swift */; };
		DF7CF78B1E7E9FD700C6979A /* IndexPath+CoordinateTests.swift in Sources */ = {isa = PBXBuildFile; fileRef = DF7CF7891E7E9FD700C6979A /* IndexPath+CoordinateTests.swift */; };
		DF8593781E9B6056005B3647 /* LevelSelectionViewController.swift in Sources */ = {isa = PBXBuildFile; fileRef = DF8593771E9B6056005B3647 /* LevelSelectionViewController.swift */; };
		DF8593811E9B6B4C005B3647 /* GameLevelListViewController.swift in Sources */ = {isa = PBXBuildFile; fileRef = DF85937E1E9B6B4C005B3647 /* GameLevelListViewController.swift */; };
		DF8593821E9B6B4C005B3647 /* GameLevelListViewDelegate.swift in Sources */ = {isa = PBXBuildFile; fileRef = DF85937F1E9B6B4C005B3647 /* GameLevelListViewDelegate.swift */; };
		DF8593831E9B6B4C005B3647 /* GameLevelViewCell.swift in Sources */ = {isa = PBXBuildFile; fileRef = DF8593801E9B6B4C005B3647 /* GameLevelViewCell.swift */; };
		DF944C2D1E84EF250037437C /* UIView+Shadows.swift in Sources */ = {isa = PBXBuildFile; fileRef = DF944C2C1E84EF250037437C /* UIView+Shadows.swift */; };
		DF9918C61E92B65F004E599B /* CGPoint+Arithmetic.swift in Sources */ = {isa = PBXBuildFile; fileRef = DF9918C51E92B65F004E599B /* CGPoint+Arithmetic.swift */; };
		DF9918D31E92B6A3004E599B /* SwappingStoryboard.storyboard in Resources */ = {isa = PBXBuildFile; fileRef = DF9918CB1E92B6A3004E599B /* SwappingStoryboard.storyboard */; };
		DF9918D41E92B6A3004E599B /* BaseSwappingViewModel.swift in Sources */ = {isa = PBXBuildFile; fileRef = DF9918CD1E92B6A3004E599B /* BaseSwappingViewModel.swift */; };
		DF9918D51E92B6A3004E599B /* ChengYuSwappingViewModel.swift in Sources */ = {isa = PBXBuildFile; fileRef = DF9918CE1E92B6A3004E599B /* ChengYuSwappingViewModel.swift */; };
		DF9918D61E92B6A3004E599B /* CiHuiSwappingViewModel.swift in Sources */ = {isa = PBXBuildFile; fileRef = DF9918CF1E92B6A3004E599B /* CiHuiSwappingViewModel.swift */; };
		DF9918D71E92B6A3004E599B /* SwappingViewModelProtocol.swift in Sources */ = {isa = PBXBuildFile; fileRef = DF9918D01E92B6A3004E599B /* SwappingViewModelProtocol.swift */; };
		DF9918DB1E92B6D6004E599B /* SlidingGameStoryboard.storyboard in Resources */ = {isa = PBXBuildFile; fileRef = DF9918D81E92B6D6004E599B /* SlidingGameStoryboard.storyboard */; };
		DF9918DC1E92B6D6004E599B /* SlidingGameViewController.swift in Sources */ = {isa = PBXBuildFile; fileRef = DF9918D91E92B6D6004E599B /* SlidingGameViewController.swift */; };
		DF9918E11E92B71A004E599B /* CGPoint+ArithmeticTests.swift in Sources */ = {isa = PBXBuildFile; fileRef = DF9918E01E92B71A004E599B /* CGPoint+ArithmeticTests.swift */; };
		DF9918E31E92B730004E599B /* DirectionTests.swift in Sources */ = {isa = PBXBuildFile; fileRef = DF9918E21E92B730004E599B /* DirectionTests.swift */; };
		DFA8B69B1E9899A4002D81CF /* SimpleStartGameViewController.swift in Sources */ = {isa = PBXBuildFile; fileRef = DFA8B69A1E9899A4002D81CF /* SimpleStartGameViewController.swift */; };
		DFB342711E77EB6700D2FE09 /* Coordinate.swift in Sources */ = {isa = PBXBuildFile; fileRef = DFB342701E77EB6700D2FE09 /* Coordinate.swift */; };
		DFBE8F1F1E951FC00036CCC6 /* HomeScreenViewController.swift in Sources */ = {isa = PBXBuildFile; fileRef = DFBE8F1D1E951FC00036CCC6 /* HomeScreenViewController.swift */; };
		DFBE8F201E951FC00036CCC6 /* Main.storyboard in Resources */ = {isa = PBXBuildFile; fileRef = DFBE8F1E1E951FC00036CCC6 /* Main.storyboard */; };
		DFBE8F251E9520450036CCC6 /* LevelSelectionStoryboard.storyboard in Resources */ = {isa = PBXBuildFile; fileRef = DFBE8F241E9520450036CCC6 /* LevelSelectionStoryboard.storyboard */; };
		DFBE8F3A1E9526BE0036CCC6 /* DiscreteFallableSquareGridViewController.swift in Sources */ = {isa = PBXBuildFile; fileRef = DFBE8F311E9526BE0036CCC6 /* DiscreteFallableSquareGridViewController.swift */; };
		DFBE8F3B1E9526BE0036CCC6 /* DraggableSquareGridViewController.swift in Sources */ = {isa = PBXBuildFile; fileRef = DFBE8F321E9526BE0036CCC6 /* DraggableSquareGridViewController.swift */; };
		DFBE8F401E95272B0036CCC6 /* SquareGridViewController.swift in Sources */ = {isa = PBXBuildFile; fileRef = DFBE8F3F1E95272B0036CCC6 /* SquareGridViewController.swift */; };
		DFBE8F731E9527F70036CCC6 /* GameStatusUpdateDelegate.swift in Sources */ = {isa = PBXBuildFile; fileRef = DFBE8F651E9527F70036CCC6 /* GameStatusUpdateDelegate.swift */; };
		DFBE8F741E9527F70036CCC6 /* HighlightedUpdateDelegate.swift in Sources */ = {isa = PBXBuildFile; fileRef = DFBE8F661E9527F70036CCC6 /* HighlightedUpdateDelegate.swift */; };
		DFBE8F751E9527F70036CCC6 /* ScoreUpdateDelegate.swift in Sources */ = {isa = PBXBuildFile; fileRef = DFBE8F671E9527F70036CCC6 /* ScoreUpdateDelegate.swift */; };
		DFBE8F761E9527F70036CCC6 /* TimeUpdateDelegate.swift in Sources */ = {isa = PBXBuildFile; fileRef = DFBE8F681E9527F70036CCC6 /* TimeUpdateDelegate.swift */; };
		DFBE8F771E9527F70036CCC6 /* GameElements.storyboard in Resources */ = {isa = PBXBuildFile; fileRef = DFBE8F691E9527F70036CCC6 /* GameElements.storyboard */; };
		DFBE8F781E9527F70036CCC6 /* GameStatisticsViewController.swift in Sources */ = {isa = PBXBuildFile; fileRef = DFBE8F6A1E9527F70036CCC6 /* GameStatisticsViewController.swift */; };
		DFBE8F791E9527F70036CCC6 /* BaseViewModelProtocol.swift in Sources */ = {isa = PBXBuildFile; fileRef = DFBE8F6C1E9527F70036CCC6 /* BaseViewModelProtocol.swift */; };
		DFBE8F7A1E9527F70036CCC6 /* GridViewModel.swift in Sources */ = {isa = PBXBuildFile; fileRef = DFBE8F6D1E9527F70036CCC6 /* GridViewModel.swift */; };
		DFBE8F7B1E9527F70036CCC6 /* GridViewModelProtocol.swift in Sources */ = {isa = PBXBuildFile; fileRef = DFBE8F6E1E9527F70036CCC6 /* GridViewModelProtocol.swift */; };
		DFBE8F7C1E9527F70036CCC6 /* GameDescriptorProtocol.swift in Sources */ = {isa = PBXBuildFile; fileRef = DFBE8F701E9527F70036CCC6 /* GameDescriptorProtocol.swift */; };
		DFBE8F7D1E9527F70036CCC6 /* ScoreDescriptorProtocol.swift in Sources */ = {isa = PBXBuildFile; fileRef = DFBE8F711E9527F70036CCC6 /* ScoreDescriptorProtocol.swift */; };
		DFBE8F7E1E9527F70036CCC6 /* TimeDescriptorProtocol.swift in Sources */ = {isa = PBXBuildFile; fileRef = DFBE8F721E9527F70036CCC6 /* TimeDescriptorProtocol.swift */; };
		DFBE8F801E9528100036CCC6 /* CommonsStoryboard.storyboard in Resources */ = {isa = PBXBuildFile; fileRef = DFBE8F7F1E9528100036CCC6 /* CommonsStoryboard.storyboard */; };
		DFBE8F821E9528370036CCC6 /* LaunchScreen.storyboard in Resources */ = {isa = PBXBuildFile; fileRef = DFBE8F811E9528370036CCC6 /* LaunchScreen.storyboard */; };
		DFBE8F881E9533510036CCC6 /* SettingsStoryboard.storyboard in Resources */ = {isa = PBXBuildFile; fileRef = DFBE8F871E9533510036CCC6 /* SettingsStoryboard.storyboard */; };
		DFE1113A1E98BD3300F8860E /* AVAudioPlayer+Extensions.swift in Sources */ = {isa = PBXBuildFile; fileRef = DFE111391E98BD3300F8860E /* AVAudioPlayer+Extensions.swift */; };
		DFE1113C1E98BD4300F8860E /* GameMode.swift in Sources */ = {isa = PBXBuildFile; fileRef = DFE1113B1E98BD4300F8860E /* GameMode.swift */; };
		DFE111411E98BD5D00F8860E /* dog_days.mp3 in Resources */ = {isa = PBXBuildFile; fileRef = DFE1113E1E98BD5D00F8860E /* dog_days.mp3 */; };
		DFE111421E98BD5D00F8860E /* green_star.mp3 in Resources */ = {isa = PBXBuildFile; fileRef = DFE1113F1E98BD5D00F8860E /* green_star.mp3 */; };
		DFE111431E98BD5D00F8860E /* grid.mp3 in Resources */ = {isa = PBXBuildFile; fileRef = DFE111401E98BD5D00F8860E /* grid.mp3 */; };
		DFE111451E98BD7E00F8860E /* PhraseViewController.swift in Sources */ = {isa = PBXBuildFile; fileRef = DFE111441E98BD7E00F8860E /* PhraseViewController.swift */; };
		DFE111481E98BDA900F8860E /* PhraseViewModel.swift in Sources */ = {isa = PBXBuildFile; fileRef = DFE111471E98BDA900F8860E /* PhraseViewModel.swift */; };
		DFE1114A1E98BDC500F8860E /* GameConstants.swift in Sources */ = {isa = PBXBuildFile; fileRef = DFE111491E98BDC500F8860E /* GameConstants.swift */; };
		DFE1114C1E98BDDC00F8860E /* ProfileViewController.swift in Sources */ = {isa = PBXBuildFile; fileRef = DFE1114B1E98BDDC00F8860E /* ProfileViewController.swift */; };
		DFE1114E1E98BDEC00F8860E /* SettingsViewController.swift in Sources */ = {isa = PBXBuildFile; fileRef = DFE1114D1E98BDEC00F8860E /* SettingsViewController.swift */; };
		DFE111501E98BE3000F8860E /* test.mp3 in Resources */ = {isa = PBXBuildFile; fileRef = DFE1114F1E98BE3000F8860E /* test.mp3 */; };
		DFE111521E98BE4000F8860E /* AVAudioPlayer+ExtensionsTest.swift in Sources */ = {isa = PBXBuildFile; fileRef = DFE111511E98BE4000F8860E /* AVAudioPlayer+ExtensionsTest.swift */; };
		DFE111541E99133F00F8860E /* FallingFlowersViewController.swift in Sources */ = {isa = PBXBuildFile; fileRef = DFE111531E99133F00F8860E /* FallingFlowersViewController.swift */; };
		DFE7B2DE1E78EBB200FA27B7 /* GameStatus.swift in Sources */ = {isa = PBXBuildFile; fileRef = DFE7B2DD1E78EBB200FA27B7 /* GameStatus.swift */; };
		DFF45A7A1E99E41000DFD3D9 /* PhrasesExplorerViewController.swift in Sources */ = {isa = PBXBuildFile; fileRef = DFF45A791E99E41000DFD3D9 /* PhrasesExplorerViewController.swift */; };
		DFF45A7C1E99E41700DFD3D9 /* PhrasesTableViewController.swift in Sources */ = {isa = PBXBuildFile; fileRef = DFF45A7B1E99E41700DFD3D9 /* PhrasesTableViewController.swift */; };
		DFF45A7E1E99E42E00DFD3D9 /* PhrasesExplorerViewModel.swift in Sources */ = {isa = PBXBuildFile; fileRef = DFF45A7D1E99E42E00DFD3D9 /* PhrasesExplorerViewModel.swift */; };
		DFF45A811E99E46000DFD3D9 /* PhrasesExplorerViewModelTests.swift in Sources */ = {isa = PBXBuildFile; fileRef = DFF45A7F1E99E46000DFD3D9 /* PhrasesExplorerViewModelTests.swift */; };
		DFF45A821E99E46000DFD3D9 /* PhraseViewModelTests.swift in Sources */ = {isa = PBXBuildFile; fileRef = DFF45A801E99E46000DFD3D9 /* PhraseViewModelTests.swift */; };
/* End PBXBuildFile section */

/* Begin PBXContainerItemProxy section */
		A260C6321E6AB30400782103 /* PBXContainerItemProxy */ = {
			isa = PBXContainerItemProxy;
			containerPortal = A260C6151E6AB30400782103 /* Project object */;
			proxyType = 1;
			remoteGlobalIDString = A260C61C1E6AB30400782103;
			remoteInfo = Jasmine;
		};
/* End PBXContainerItemProxy section */

/* Begin PBXFileReference section */
		005D4DDD1E9418F500E8DD0B /* Matrix+Equatable.swift */ = {isa = PBXFileReference; fileEncoding = 4; lastKnownFileType = sourcecode.swift; path = "Matrix+Equatable.swift"; sourceTree = "<group>"; };
		3488CBDFD470562B328D58A2 /* Pods_Jasmine.framework */ = {isa = PBXFileReference; explicitFileType = wrapper.framework; includeInIndex = 0; path = Pods_Jasmine.framework; sourceTree = BUILT_PRODUCTS_DIR; };
		35434779D1F24DD64383DF65 /* Pods-Jasmine.debug.xcconfig */ = {isa = PBXFileReference; includeInIndex = 1; lastKnownFileType = text.xcconfig; name = "Pods-Jasmine.debug.xcconfig"; path = "Pods/Target Support Files/Pods-Jasmine/Pods-Jasmine.debug.xcconfig"; sourceTree = "<group>"; };
		5007FD111E94D3C4003F0A24 /* HighlightedUpdateDelegateMock.swift */ = {isa = PBXFileReference; fileEncoding = 4; lastKnownFileType = sourcecode.swift; path = HighlightedUpdateDelegateMock.swift; sourceTree = "<group>"; };
		502A29641E925A190024336A /* Array+Equatable.swift */ = {isa = PBXFileReference; fileEncoding = 4; lastKnownFileType = sourcecode.swift; path = "Array+Equatable.swift"; sourceTree = "<group>"; };
		502A296A1E926DCA0024336A /* BaseSlidingViewModel.swift */ = {isa = PBXFileReference; fileEncoding = 4; lastKnownFileType = sourcecode.swift; path = BaseSlidingViewModel.swift; sourceTree = "<group>"; };
		502A296B1E926DCA0024336A /* ChengYuSlidingViewModel.swift */ = {isa = PBXFileReference; fileEncoding = 4; lastKnownFileType = sourcecode.swift; path = ChengYuSlidingViewModel.swift; sourceTree = "<group>"; };
		502A296C1E926DCA0024336A /* CiHuiSlidingViewModel.swift */ = {isa = PBXFileReference; fileEncoding = 4; lastKnownFileType = sourcecode.swift; path = CiHuiSlidingViewModel.swift; sourceTree = "<group>"; };
		502A29701E9275770024336A /* Array+EquatableTests.swift */ = {isa = PBXFileReference; fileEncoding = 4; lastKnownFileType = sourcecode.swift; path = "Array+EquatableTests.swift"; sourceTree = "<group>"; };
		502A29721E927B790024336A /* BaseSlidingViewModelTests.swift */ = {isa = PBXFileReference; fileEncoding = 4; lastKnownFileType = sourcecode.swift; path = BaseSlidingViewModelTests.swift; sourceTree = "<group>"; };
		502A29731E927B790024336A /* ChengYuSlidingViewModelTests.swift */ = {isa = PBXFileReference; fileEncoding = 4; lastKnownFileType = sourcecode.swift; path = ChengYuSlidingViewModelTests.swift; sourceTree = "<group>"; };
		502A29741E927B790024336A /* CiHuiSlidingViewModelTests.swift */ = {isa = PBXFileReference; fileEncoding = 4; lastKnownFileType = sourcecode.swift; path = CiHuiSlidingViewModelTests.swift; sourceTree = "<group>"; };
		502A297C1E927D580024336A /* GridViewModelTests.swift */ = {isa = PBXFileReference; fileEncoding = 4; lastKnownFileType = sourcecode.swift; path = GridViewModelTests.swift; sourceTree = "<group>"; };
		5047D0A01E932C7600DD96BA /* TetrisGameViewModelTests.swift */ = {isa = PBXFileReference; fileEncoding = 4; lastKnownFileType = sourcecode.swift; path = TetrisGameViewModelTests.swift; sourceTree = "<group>"; };
		50717ABE1E7BD944005A2FE5 /* MutableCollection+ExtensionsTests.swift */ = {isa = PBXFileReference; fileEncoding = 4; lastKnownFileType = sourcecode.swift; path = "MutableCollection+ExtensionsTests.swift"; sourceTree = "<group>"; };
		50717ABF1E7BD944005A2FE5 /* RandomTests.swift */ = {isa = PBXFileReference; fileEncoding = 4; lastKnownFileType = sourcecode.swift; path = RandomTests.swift; sourceTree = "<group>"; };
		50717AC21E7BD9D5005A2FE5 /* Sequence+ExtensionsTests.swift */ = {isa = PBXFileReference; fileEncoding = 4; lastKnownFileType = sourcecode.swift; path = "Sequence+ExtensionsTests.swift"; sourceTree = "<group>"; };
		507194F01E8E1512002A6BC0 /* TetrisGameViewModelProtocol.swift */ = {isa = PBXFileReference; fileEncoding = 4; lastKnownFileType = sourcecode.swift; path = TetrisGameViewModelProtocol.swift; sourceTree = "<group>"; };
		507AC1921E90AA830033B4E6 /* SquareTileView.swift */ = {isa = PBXFileReference; fileEncoding = 4; lastKnownFileType = sourcecode.swift; path = SquareTileView.swift; sourceTree = "<group>"; };
		507AC1941E90AAB00033B4E6 /* TetrisGameViewModel.swift */ = {isa = PBXFileReference; fileEncoding = 4; lastKnownFileType = sourcecode.swift; path = TetrisGameViewModel.swift; sourceTree = "<group>"; };
		509036D11E937BFB006548DE /* GameStatusUpdateDelegateMock.swift */ = {isa = PBXFileReference; fileEncoding = 4; lastKnownFileType = sourcecode.swift; path = GameStatusUpdateDelegateMock.swift; sourceTree = "<group>"; };
		509036D21E937BFB006548DE /* ScoreUpdateDelegateMock.swift */ = {isa = PBXFileReference; fileEncoding = 4; lastKnownFileType = sourcecode.swift; path = ScoreUpdateDelegateMock.swift; sourceTree = "<group>"; };
		509036D31E937BFB006548DE /* TimeUpdateDelegateMock.swift */ = {isa = PBXFileReference; fileEncoding = 4; lastKnownFileType = sourcecode.swift; path = TimeUpdateDelegateMock.swift; sourceTree = "<group>"; };
		509036D41E937BFB006548DE /* RealmTestCase.swift */ = {isa = PBXFileReference; fileEncoding = 4; lastKnownFileType = sourcecode.swift; path = RealmTestCase.swift; sourceTree = "<group>"; };
		509036DB1E937C4C006548DE /* ChengYuSwappingViewModelTests.swift */ = {isa = PBXFileReference; fileEncoding = 4; lastKnownFileType = sourcecode.swift; path = ChengYuSwappingViewModelTests.swift; sourceTree = "<group>"; };
		509036DC1E937C4C006548DE /* CiHuiSwappingViewModelTests.swift */ = {isa = PBXFileReference; fileEncoding = 4; lastKnownFileType = sourcecode.swift; path = CiHuiSwappingViewModelTests.swift; sourceTree = "<group>"; };
		509036DF1E937CB9006548DE /* SwappingGameViewController.swift */ = {isa = PBXFileReference; fileEncoding = 4; lastKnownFileType = sourcecode.swift; path = SwappingGameViewController.swift; sourceTree = "<group>"; };
		509036E11E937E68006548DE /* MutableCollection+Extensions.swift */ = {isa = PBXFileReference; fileEncoding = 4; lastKnownFileType = sourcecode.swift; path = "MutableCollection+Extensions.swift"; sourceTree = "<group>"; };
		509894A21E6E6CAE00FC9CF3 /* GameType.swift */ = {isa = PBXFileReference; fileEncoding = 4; lastKnownFileType = sourcecode.swift; path = GameType.swift; sourceTree = "<group>"; };
		50989DC21E6D8B16009A86C8 /* Constants.swift */ = {isa = PBXFileReference; fileEncoding = 4; lastKnownFileType = sourcecode.swift; path = Constants.swift; sourceTree = "<group>"; };
		50989DC31E6D8B16009A86C8 /* SoundService.swift */ = {isa = PBXFileReference; fileEncoding = 4; lastKnownFileType = sourcecode.swift; path = SoundService.swift; sourceTree = "<group>"; };
		50989DC51E6D8B16009A86C8 /* GameData.swift */ = {isa = PBXFileReference; fileEncoding = 4; lastKnownFileType = sourcecode.swift; path = GameData.swift; sourceTree = "<group>"; };
		50989DC71E6D8B16009A86C8 /* Phrase.swift */ = {isa = PBXFileReference; fileEncoding = 4; lastKnownFileType = sourcecode.swift; path = Phrase.swift; sourceTree = "<group>"; };
		50989DD21E6D8B16009A86C8 /* FlappyViewModel.swift */ = {isa = PBXFileReference; fileEncoding = 4; lastKnownFileType = sourcecode.swift; path = FlappyViewModel.swift; sourceTree = "<group>"; };
		50989DE51E6D8BBD009A86C8 /* AppDelegate.swift */ = {isa = PBXFileReference; fileEncoding = 4; lastKnownFileType = sourcecode.swift; path = AppDelegate.swift; sourceTree = "<group>"; };
		50989DE61E6D8BBD009A86C8 /* Info.plist */ = {isa = PBXFileReference; fileEncoding = 4; lastKnownFileType = text.plist.xml; path = Info.plist; sourceTree = "<group>"; };
		50A5F5B01E9B7A4D00E94C91 /* LevelSelectorViewControllerDelegate.swift */ = {isa = PBXFileReference; fileEncoding = 4; lastKnownFileType = sourcecode.swift; path = LevelSelectorViewControllerDelegate.swift; sourceTree = "<group>"; };
		50AE3A751E8B93D3005EC944 /* TextGrid.swift */ = {isa = PBXFileReference; fileEncoding = 4; lastKnownFileType = sourcecode.swift; path = TextGrid.swift; sourceTree = "<group>"; };
		50AE3A771E8BE020005EC944 /* TextGridTests.swift */ = {isa = PBXFileReference; fileEncoding = 4; lastKnownFileType = sourcecode.swift; path = TextGridTests.swift; sourceTree = "<group>"; };
		50B0C06E1E99FF7A00D3D420 /* LevelSelectorViewModelProtocol.swift */ = {isa = PBXFileReference; fileEncoding = 4; lastKnownFileType = sourcecode.swift; path = LevelSelectorViewModelProtocol.swift; sourceTree = "<group>"; };
		50B0C0701E9A02C800D3D420 /* GameInfo.swift */ = {isa = PBXFileReference; fileEncoding = 4; lastKnownFileType = sourcecode.swift; path = GameInfo.swift; sourceTree = "<group>"; };
		50B7A8B41E9393530052E9E2 /* BaseSwappingViewModelTests.swift */ = {isa = PBXFileReference; fileEncoding = 4; lastKnownFileType = sourcecode.swift; path = BaseSwappingViewModelTests.swift; sourceTree = "<group>"; };
		50F191BE1E7AE04500EE9A75 /* CoordinateTests.swift */ = {isa = PBXFileReference; fileEncoding = 4; lastKnownFileType = sourcecode.swift; path = CoordinateTests.swift; sourceTree = "<group>"; };
		5DD6CEB80211B4DBEFC5D5D3 /* Pods_JasmineUITests.framework */ = {isa = PBXFileReference; explicitFileType = wrapper.framework; includeInIndex = 0; path = Pods_JasmineUITests.framework; sourceTree = BUILT_PRODUCTS_DIR; };
		A2187E6B1E7510B60033FC5B /* Random.swift */ = {isa = PBXFileReference; fileEncoding = 4; lastKnownFileType = sourcecode.swift; path = Random.swift; sourceTree = "<group>"; };
		A2187E711E751C930033FC5B /* Sequence+Extensions.swift */ = {isa = PBXFileReference; fileEncoding = 4; lastKnownFileType = sourcecode.swift; path = "Sequence+Extensions.swift"; sourceTree = "<group>"; };
		A260C61D1E6AB30400782103 /* Jasmine.app */ = {isa = PBXFileReference; explicitFileType = wrapper.application; includeInIndex = 0; path = Jasmine.app; sourceTree = BUILT_PRODUCTS_DIR; };
		A260C6271E6AB30400782103 /* Assets.xcassets */ = {isa = PBXFileReference; lastKnownFileType = folder.assetcatalog; path = Assets.xcassets; sourceTree = "<group>"; };
		A260C6311E6AB30400782103 /* JasmineTests.xctest */ = {isa = PBXFileReference; explicitFileType = wrapper.cfbundle; includeInIndex = 0; path = JasmineTests.xctest; sourceTree = BUILT_PRODUCTS_DIR; };
		A260C6371E6AB30400782103 /* Info.plist */ = {isa = PBXFileReference; lastKnownFileType = text.plist.xml; path = Info.plist; sourceTree = "<group>"; };
		A27B6E531E90B33400825AF3 /* RealmIntegrationTests.swift */ = {isa = PBXFileReference; fileEncoding = 4; lastKnownFileType = sourcecode.swift; path = RealmIntegrationTests.swift; sourceTree = "<group>"; };
		A2FF83921E9A536F00677FA2 /* GameManager.swift */ = {isa = PBXFileReference; fileEncoding = 4; lastKnownFileType = sourcecode.swift; path = GameManager.swift; sourceTree = "<group>"; };
		A2FF83931E9A536F00677FA2 /* Level.swift */ = {isa = PBXFileReference; fileEncoding = 4; lastKnownFileType = sourcecode.swift; path = Level.swift; sourceTree = "<group>"; };
		A2FF83941E9A536F00677FA2 /* Levels.swift */ = {isa = PBXFileReference; fileEncoding = 4; lastKnownFileType = sourcecode.swift; path = Levels.swift; sourceTree = "<group>"; };
		A2FF83981E9A538800677FA2 /* GameManagerTests.swift */ = {isa = PBXFileReference; fileEncoding = 4; lastKnownFileType = sourcecode.swift; path = GameManagerTests.swift; sourceTree = "<group>"; };
		A2FF83991E9A538800677FA2 /* LevelsTests.swift */ = {isa = PBXFileReference; fileEncoding = 4; lastKnownFileType = sourcecode.swift; path = LevelsTests.swift; sourceTree = "<group>"; };
		B1302F74452DAF05FDF7A169 /* Pods_JasmineTests.framework */ = {isa = PBXFileReference; explicitFileType = wrapper.framework; includeInIndex = 0; path = Pods_JasmineTests.framework; sourceTree = BUILT_PRODUCTS_DIR; };
		CDF6F46CAE49685937742BCB /* Pods-JasmineTests.debug.xcconfig */ = {isa = PBXFileReference; includeInIndex = 1; lastKnownFileType = text.xcconfig; name = "Pods-JasmineTests.debug.xcconfig"; path = "Pods/Target Support Files/Pods-JasmineTests/Pods-JasmineTests.debug.xcconfig"; sourceTree = "<group>"; };
		DF2052C71E8BDD5A00D66B0B /* UIImageView+Animation.swift */ = {isa = PBXFileReference; fileEncoding = 4; lastKnownFileType = sourcecode.swift; path = "UIImageView+Animation.swift"; sourceTree = "<group>"; };
		DF2155171E8E2335005A0927 /* PhrasesTests.swift */ = {isa = PBXFileReference; fileEncoding = 4; lastKnownFileType = sourcecode.swift; path = PhrasesTests.swift; sourceTree = "<group>"; };
		DF2155191E8E234D005A0927 /* Phrases.swift */ = {isa = PBXFileReference; fileEncoding = 4; lastKnownFileType = sourcecode.swift; path = Phrases.swift; sourceTree = "<group>"; };
		DF21551F1E8E237F005A0927 /* SlidingViewModelProtocol.swift */ = {isa = PBXFileReference; fileEncoding = 4; lastKnownFileType = sourcecode.swift; path = SlidingViewModelProtocol.swift; sourceTree = "<group>"; };
		DF2155241E8E3F25005A0927 /* Direction.swift */ = {isa = PBXFileReference; fileEncoding = 4; lastKnownFileType = sourcecode.swift; path = Direction.swift; sourceTree = "<group>"; };
		DF2155261E8E4331005A0927 /* UISwipeGestureRecognizerDirection+Direction.swift */ = {isa = PBXFileReference; fileEncoding = 4; lastKnownFileType = sourcecode.swift; path = "UISwipeGestureRecognizerDirection+Direction.swift"; sourceTree = "<group>"; };
		DF2155281E8E4401005A0927 /* UISwipeGestureRecognizerDirection+DirectionTests.swift */ = {isa = PBXFileReference; fileEncoding = 4; lastKnownFileType = sourcecode.swift; path = "UISwipeGestureRecognizerDirection+DirectionTests.swift"; sourceTree = "<group>"; };
		DF2321531E961A4100417ED2 /* SelectableSquareGridViewController.swift */ = {isa = PBXFileReference; fileEncoding = 4; lastKnownFileType = sourcecode.swift; path = SelectableSquareGridViewController.swift; sourceTree = "<group>"; };
		DF2321551E961A6900417ED2 /* GameOverViewController.swift */ = {isa = PBXFileReference; fileEncoding = 4; lastKnownFileType = sourcecode.swift; path = GameOverViewController.swift; sourceTree = "<group>"; };
		DF2321571E961CA300417ED2 /* ProfileStoryboard.storyboard */ = {isa = PBXFileReference; fileEncoding = 4; lastKnownFileType = file.storyboard; path = ProfileStoryboard.storyboard; sourceTree = "<group>"; };
		DF409FDA1E84145800389976 /* UIApplication+isFirstLaunch.swift */ = {isa = PBXFileReference; fileEncoding = 4; lastKnownFileType = sourcecode.swift; path = "UIApplication+isFirstLaunch.swift"; sourceTree = "<group>"; };
		DF409FDC1E84147400389976 /* CountDownTimer.swift */ = {isa = PBXFileReference; fileEncoding = 4; lastKnownFileType = sourcecode.swift; path = CountDownTimer.swift; sourceTree = "<group>"; };
		DF409FDD1E84147400389976 /* Prebundler.swift */ = {isa = PBXFileReference; fileEncoding = 4; lastKnownFileType = sourcecode.swift; path = Prebundler.swift; sourceTree = "<group>"; };
		DF409FDE1E84147400389976 /* TimerStatus.swift */ = {isa = PBXFileReference; fileEncoding = 4; lastKnownFileType = sourcecode.swift; path = TimerStatus.swift; sourceTree = "<group>"; };
		DF409FE41E8414B000389976 /* Player.swift */ = {isa = PBXFileReference; fileEncoding = 4; lastKnownFileType = sourcecode.swift; path = Player.swift; sourceTree = "<group>"; };
		DF409FE91E8415AB00389976 /* prebundled.realm */ = {isa = PBXFileReference; lastKnownFileType = file; path = prebundled.realm; sourceTree = "<group>"; };
		DF409FEE1E8415E000389976 /* UIApplicationTests.swift */ = {isa = PBXFileReference; fileEncoding = 4; lastKnownFileType = sourcecode.swift; path = UIApplicationTests.swift; sourceTree = "<group>"; };
		DF409FF01E8415F400389976 /* CountDownTimerTest.swift */ = {isa = PBXFileReference; fileEncoding = 4; lastKnownFileType = sourcecode.swift; path = CountDownTimerTest.swift; sourceTree = "<group>"; };
		DF409FF61E84160C00389976 /* PlayerTests.swift */ = {isa = PBXFileReference; fileEncoding = 4; lastKnownFileType = sourcecode.swift; path = PlayerTests.swift; sourceTree = "<group>"; };
		DF409FFA1E84225200389976 /* TetrisGameViewController.swift */ = {isa = PBXFileReference; fileEncoding = 4; lastKnownFileType = sourcecode.swift; path = TetrisGameViewController.swift; sourceTree = "<group>"; };
		DF40F9E11E9676C1001EAAA8 /* LevelResult.swift */ = {isa = PBXFileReference; fileEncoding = 4; lastKnownFileType = sourcecode.swift; path = LevelResult.swift; sourceTree = "<group>"; };
		DF40F9E31E967708001EAAA8 /* PhraseTests.swift */ = {isa = PBXFileReference; fileEncoding = 4; lastKnownFileType = sourcecode.swift; path = PhraseTests.swift; sourceTree = "<group>"; };
		DF6320071E7424A500AA9B50 /* TetrisStoryboard.storyboard */ = {isa = PBXFileReference; fileEncoding = 4; lastKnownFileType = file.storyboard; path = TetrisStoryboard.storyboard; sourceTree = "<group>"; };
		DF7CF76F1E7E9E3500C6979A /* CGRect+Arithmetic.swift */ = {isa = PBXFileReference; fileEncoding = 4; lastKnownFileType = sourcecode.swift; path = "CGRect+Arithmetic.swift"; sourceTree = "<group>"; };
		DF7CF7701E7E9E3500C6979A /* IndexPath+Coordinate.swift */ = {isa = PBXFileReference; fileEncoding = 4; lastKnownFileType = sourcecode.swift; path = "IndexPath+Coordinate.swift"; sourceTree = "<group>"; };
		DF7CF77E1E7E9EED00C6979A /* SquareTileViewCell.swift */ = {isa = PBXFileReference; fileEncoding = 4; lastKnownFileType = sourcecode.swift; path = SquareTileViewCell.swift; sourceTree = "<group>"; };
		DF7CF7881E7E9FD700C6979A /* CGRect+ArithmeticTests.swift */ = {isa = PBXFileReference; fileEncoding = 4; lastKnownFileType = sourcecode.swift; path = "CGRect+ArithmeticTests.swift"; sourceTree = "<group>"; };
		DF7CF7891E7E9FD700C6979A /* IndexPath+CoordinateTests.swift */ = {isa = PBXFileReference; fileEncoding = 4; lastKnownFileType = sourcecode.swift; path = "IndexPath+CoordinateTests.swift"; sourceTree = "<group>"; };
		DF8593771E9B6056005B3647 /* LevelSelectionViewController.swift */ = {isa = PBXFileReference; fileEncoding = 4; lastKnownFileType = sourcecode.swift; path = LevelSelectionViewController.swift; sourceTree = "<group>"; };
		DF85937E1E9B6B4C005B3647 /* GameLevelListViewController.swift */ = {isa = PBXFileReference; fileEncoding = 4; lastKnownFileType = sourcecode.swift; name = GameLevelListViewController.swift; path = GameLevelList/GameLevelListViewController.swift; sourceTree = "<group>"; };
		DF85937F1E9B6B4C005B3647 /* GameLevelListViewDelegate.swift */ = {isa = PBXFileReference; fileEncoding = 4; lastKnownFileType = sourcecode.swift; name = GameLevelListViewDelegate.swift; path = GameLevelList/GameLevelListViewDelegate.swift; sourceTree = "<group>"; };
		DF8593801E9B6B4C005B3647 /* GameLevelViewCell.swift */ = {isa = PBXFileReference; fileEncoding = 4; lastKnownFileType = sourcecode.swift; name = GameLevelViewCell.swift; path = GameLevelList/GameLevelViewCell.swift; sourceTree = "<group>"; };
		DF944C2C1E84EF250037437C /* UIView+Shadows.swift */ = {isa = PBXFileReference; fileEncoding = 4; lastKnownFileType = sourcecode.swift; path = "UIView+Shadows.swift"; sourceTree = "<group>"; };
		DF9918C51E92B65F004E599B /* CGPoint+Arithmetic.swift */ = {isa = PBXFileReference; fileEncoding = 4; lastKnownFileType = sourcecode.swift; path = "CGPoint+Arithmetic.swift"; sourceTree = "<group>"; };
		DF9918CB1E92B6A3004E599B /* SwappingStoryboard.storyboard */ = {isa = PBXFileReference; fileEncoding = 4; lastKnownFileType = file.storyboard; path = SwappingStoryboard.storyboard; sourceTree = "<group>"; };
		DF9918CD1E92B6A3004E599B /* BaseSwappingViewModel.swift */ = {isa = PBXFileReference; fileEncoding = 4; lastKnownFileType = sourcecode.swift; path = BaseSwappingViewModel.swift; sourceTree = "<group>"; };
		DF9918CE1E92B6A3004E599B /* ChengYuSwappingViewModel.swift */ = {isa = PBXFileReference; fileEncoding = 4; lastKnownFileType = sourcecode.swift; path = ChengYuSwappingViewModel.swift; sourceTree = "<group>"; };
		DF9918CF1E92B6A3004E599B /* CiHuiSwappingViewModel.swift */ = {isa = PBXFileReference; fileEncoding = 4; lastKnownFileType = sourcecode.swift; path = CiHuiSwappingViewModel.swift; sourceTree = "<group>"; };
		DF9918D01E92B6A3004E599B /* SwappingViewModelProtocol.swift */ = {isa = PBXFileReference; fileEncoding = 4; lastKnownFileType = sourcecode.swift; path = SwappingViewModelProtocol.swift; sourceTree = "<group>"; };
		DF9918D81E92B6D6004E599B /* SlidingGameStoryboard.storyboard */ = {isa = PBXFileReference; fileEncoding = 4; lastKnownFileType = file.storyboard; path = SlidingGameStoryboard.storyboard; sourceTree = "<group>"; };
		DF9918D91E92B6D6004E599B /* SlidingGameViewController.swift */ = {isa = PBXFileReference; fileEncoding = 4; lastKnownFileType = sourcecode.swift; path = SlidingGameViewController.swift; sourceTree = "<group>"; };
		DF9918E01E92B71A004E599B /* CGPoint+ArithmeticTests.swift */ = {isa = PBXFileReference; fileEncoding = 4; lastKnownFileType = sourcecode.swift; path = "CGPoint+ArithmeticTests.swift"; sourceTree = "<group>"; };
		DF9918E21E92B730004E599B /* DirectionTests.swift */ = {isa = PBXFileReference; fileEncoding = 4; lastKnownFileType = sourcecode.swift; path = DirectionTests.swift; sourceTree = "<group>"; };
		DFA8B69A1E9899A4002D81CF /* SimpleStartGameViewController.swift */ = {isa = PBXFileReference; fileEncoding = 4; lastKnownFileType = sourcecode.swift; path = SimpleStartGameViewController.swift; sourceTree = "<group>"; };
		DFB342701E77EB6700D2FE09 /* Coordinate.swift */ = {isa = PBXFileReference; fileEncoding = 4; lastKnownFileType = sourcecode.swift; path = Coordinate.swift; sourceTree = "<group>"; };
		DFB342761E77F5F200D2FE09 /* FlappyViewModelProtocol.swift */ = {isa = PBXFileReference; fileEncoding = 4; lastKnownFileType = sourcecode.swift; path = FlappyViewModelProtocol.swift; sourceTree = "<group>"; };
		DFBE8F1D1E951FC00036CCC6 /* HomeScreenViewController.swift */ = {isa = PBXFileReference; fileEncoding = 4; lastKnownFileType = sourcecode.swift; path = HomeScreenViewController.swift; sourceTree = "<group>"; };
		DFBE8F1E1E951FC00036CCC6 /* Main.storyboard */ = {isa = PBXFileReference; fileEncoding = 4; lastKnownFileType = file.storyboard; path = Main.storyboard; sourceTree = "<group>"; };
		DFBE8F241E9520450036CCC6 /* LevelSelectionStoryboard.storyboard */ = {isa = PBXFileReference; fileEncoding = 4; lastKnownFileType = file.storyboard; path = LevelSelectionStoryboard.storyboard; sourceTree = "<group>"; };
		DFBE8F311E9526BE0036CCC6 /* DiscreteFallableSquareGridViewController.swift */ = {isa = PBXFileReference; fileEncoding = 4; lastKnownFileType = sourcecode.swift; path = DiscreteFallableSquareGridViewController.swift; sourceTree = "<group>"; };
		DFBE8F321E9526BE0036CCC6 /* DraggableSquareGridViewController.swift */ = {isa = PBXFileReference; fileEncoding = 4; lastKnownFileType = sourcecode.swift; path = DraggableSquareGridViewController.swift; sourceTree = "<group>"; };
		DFBE8F3F1E95272B0036CCC6 /* SquareGridViewController.swift */ = {isa = PBXFileReference; fileEncoding = 4; lastKnownFileType = sourcecode.swift; path = SquareGridViewController.swift; sourceTree = "<group>"; };
		DFBE8F651E9527F70036CCC6 /* GameStatusUpdateDelegate.swift */ = {isa = PBXFileReference; fileEncoding = 4; lastKnownFileType = sourcecode.swift; path = GameStatusUpdateDelegate.swift; sourceTree = "<group>"; };
		DFBE8F661E9527F70036CCC6 /* HighlightedUpdateDelegate.swift */ = {isa = PBXFileReference; fileEncoding = 4; lastKnownFileType = sourcecode.swift; path = HighlightedUpdateDelegate.swift; sourceTree = "<group>"; };
		DFBE8F671E9527F70036CCC6 /* ScoreUpdateDelegate.swift */ = {isa = PBXFileReference; fileEncoding = 4; lastKnownFileType = sourcecode.swift; path = ScoreUpdateDelegate.swift; sourceTree = "<group>"; };
		DFBE8F681E9527F70036CCC6 /* TimeUpdateDelegate.swift */ = {isa = PBXFileReference; fileEncoding = 4; lastKnownFileType = sourcecode.swift; path = TimeUpdateDelegate.swift; sourceTree = "<group>"; };
		DFBE8F691E9527F70036CCC6 /* GameElements.storyboard */ = {isa = PBXFileReference; fileEncoding = 4; lastKnownFileType = file.storyboard; path = GameElements.storyboard; sourceTree = "<group>"; };
		DFBE8F6A1E9527F70036CCC6 /* GameStatisticsViewController.swift */ = {isa = PBXFileReference; fileEncoding = 4; lastKnownFileType = sourcecode.swift; path = GameStatisticsViewController.swift; sourceTree = "<group>"; };
		DFBE8F6C1E9527F70036CCC6 /* BaseViewModelProtocol.swift */ = {isa = PBXFileReference; fileEncoding = 4; lastKnownFileType = sourcecode.swift; path = BaseViewModelProtocol.swift; sourceTree = "<group>"; };
		DFBE8F6D1E9527F70036CCC6 /* GridViewModel.swift */ = {isa = PBXFileReference; fileEncoding = 4; lastKnownFileType = sourcecode.swift; path = GridViewModel.swift; sourceTree = "<group>"; };
		DFBE8F6E1E9527F70036CCC6 /* GridViewModelProtocol.swift */ = {isa = PBXFileReference; fileEncoding = 4; lastKnownFileType = sourcecode.swift; path = GridViewModelProtocol.swift; sourceTree = "<group>"; };
		DFBE8F701E9527F70036CCC6 /* GameDescriptorProtocol.swift */ = {isa = PBXFileReference; fileEncoding = 4; lastKnownFileType = sourcecode.swift; path = GameDescriptorProtocol.swift; sourceTree = "<group>"; };
		DFBE8F711E9527F70036CCC6 /* ScoreDescriptorProtocol.swift */ = {isa = PBXFileReference; fileEncoding = 4; lastKnownFileType = sourcecode.swift; path = ScoreDescriptorProtocol.swift; sourceTree = "<group>"; };
		DFBE8F721E9527F70036CCC6 /* TimeDescriptorProtocol.swift */ = {isa = PBXFileReference; fileEncoding = 4; lastKnownFileType = sourcecode.swift; path = TimeDescriptorProtocol.swift; sourceTree = "<group>"; };
		DFBE8F7F1E9528100036CCC6 /* CommonsStoryboard.storyboard */ = {isa = PBXFileReference; fileEncoding = 4; lastKnownFileType = file.storyboard; path = CommonsStoryboard.storyboard; sourceTree = "<group>"; };
		DFBE8F811E9528370036CCC6 /* LaunchScreen.storyboard */ = {isa = PBXFileReference; fileEncoding = 4; lastKnownFileType = file.storyboard; path = LaunchScreen.storyboard; sourceTree = "<group>"; };
		DFBE8F871E9533510036CCC6 /* SettingsStoryboard.storyboard */ = {isa = PBXFileReference; fileEncoding = 4; lastKnownFileType = file.storyboard; path = SettingsStoryboard.storyboard; sourceTree = "<group>"; };
		DFE111391E98BD3300F8860E /* AVAudioPlayer+Extensions.swift */ = {isa = PBXFileReference; fileEncoding = 4; lastKnownFileType = sourcecode.swift; path = "AVAudioPlayer+Extensions.swift"; sourceTree = "<group>"; };
		DFE1113B1E98BD4300F8860E /* GameMode.swift */ = {isa = PBXFileReference; fileEncoding = 4; lastKnownFileType = sourcecode.swift; path = GameMode.swift; sourceTree = "<group>"; };
		DFE1113E1E98BD5D00F8860E /* dog_days.mp3 */ = {isa = PBXFileReference; lastKnownFileType = audio.mp3; path = dog_days.mp3; sourceTree = "<group>"; };
		DFE1113F1E98BD5D00F8860E /* green_star.mp3 */ = {isa = PBXFileReference; lastKnownFileType = audio.mp3; path = green_star.mp3; sourceTree = "<group>"; };
		DFE111401E98BD5D00F8860E /* grid.mp3 */ = {isa = PBXFileReference; lastKnownFileType = audio.mp3; path = grid.mp3; sourceTree = "<group>"; };
		DFE111441E98BD7E00F8860E /* PhraseViewController.swift */ = {isa = PBXFileReference; fileEncoding = 4; lastKnownFileType = sourcecode.swift; path = PhraseViewController.swift; sourceTree = "<group>"; };
		DFE111471E98BDA900F8860E /* PhraseViewModel.swift */ = {isa = PBXFileReference; fileEncoding = 4; lastKnownFileType = sourcecode.swift; path = PhraseViewModel.swift; sourceTree = "<group>"; };
		DFE111491E98BDC500F8860E /* GameConstants.swift */ = {isa = PBXFileReference; fileEncoding = 4; lastKnownFileType = sourcecode.swift; path = GameConstants.swift; sourceTree = "<group>"; };
		DFE1114B1E98BDDC00F8860E /* ProfileViewController.swift */ = {isa = PBXFileReference; fileEncoding = 4; lastKnownFileType = sourcecode.swift; path = ProfileViewController.swift; sourceTree = "<group>"; };
		DFE1114D1E98BDEC00F8860E /* SettingsViewController.swift */ = {isa = PBXFileReference; fileEncoding = 4; lastKnownFileType = sourcecode.swift; path = SettingsViewController.swift; sourceTree = "<group>"; };
		DFE1114F1E98BE3000F8860E /* test.mp3 */ = {isa = PBXFileReference; lastKnownFileType = audio.mp3; path = test.mp3; sourceTree = "<group>"; };
		DFE111511E98BE4000F8860E /* AVAudioPlayer+ExtensionsTest.swift */ = {isa = PBXFileReference; fileEncoding = 4; lastKnownFileType = sourcecode.swift; path = "AVAudioPlayer+ExtensionsTest.swift"; sourceTree = "<group>"; };
		DFE111531E99133F00F8860E /* FallingFlowersViewController.swift */ = {isa = PBXFileReference; fileEncoding = 4; lastKnownFileType = sourcecode.swift; path = FallingFlowersViewController.swift; sourceTree = "<group>"; };
		DFE7B2DD1E78EBB200FA27B7 /* GameStatus.swift */ = {isa = PBXFileReference; fileEncoding = 4; lastKnownFileType = sourcecode.swift; path = GameStatus.swift; sourceTree = "<group>"; };
		DFF45A791E99E41000DFD3D9 /* PhrasesExplorerViewController.swift */ = {isa = PBXFileReference; fileEncoding = 4; lastKnownFileType = sourcecode.swift; path = PhrasesExplorerViewController.swift; sourceTree = "<group>"; };
		DFF45A7B1E99E41700DFD3D9 /* PhrasesTableViewController.swift */ = {isa = PBXFileReference; fileEncoding = 4; lastKnownFileType = sourcecode.swift; path = PhrasesTableViewController.swift; sourceTree = "<group>"; };
		DFF45A7D1E99E42E00DFD3D9 /* PhrasesExplorerViewModel.swift */ = {isa = PBXFileReference; fileEncoding = 4; lastKnownFileType = sourcecode.swift; path = PhrasesExplorerViewModel.swift; sourceTree = "<group>"; };
		DFF45A7F1E99E46000DFD3D9 /* PhrasesExplorerViewModelTests.swift */ = {isa = PBXFileReference; fileEncoding = 4; lastKnownFileType = sourcecode.swift; path = PhrasesExplorerViewModelTests.swift; sourceTree = "<group>"; };
		DFF45A801E99E46000DFD3D9 /* PhraseViewModelTests.swift */ = {isa = PBXFileReference; fileEncoding = 4; lastKnownFileType = sourcecode.swift; path = PhraseViewModelTests.swift; sourceTree = "<group>"; };
		FC0AD02B711C61B2492AE255 /* Pods-Jasmine.release.xcconfig */ = {isa = PBXFileReference; includeInIndex = 1; lastKnownFileType = text.xcconfig; name = "Pods-Jasmine.release.xcconfig"; path = "Pods/Target Support Files/Pods-Jasmine/Pods-Jasmine.release.xcconfig"; sourceTree = "<group>"; };
		FF297B9535BBD99F827421B6 /* Pods-JasmineTests.release.xcconfig */ = {isa = PBXFileReference; includeInIndex = 1; lastKnownFileType = text.xcconfig; name = "Pods-JasmineTests.release.xcconfig"; path = "Pods/Target Support Files/Pods-JasmineTests/Pods-JasmineTests.release.xcconfig"; sourceTree = "<group>"; };
/* End PBXFileReference section */

/* Begin PBXFrameworksBuildPhase section */
		A260C61A1E6AB30400782103 /* Frameworks */ = {
			isa = PBXFrameworksBuildPhase;
			buildActionMask = 2147483647;
			files = (
				0CF9D2BB3EBC822ACB7FF766 /* Pods_Jasmine.framework in Frameworks */,
			);
			runOnlyForDeploymentPostprocessing = 0;
		};
		A260C62E1E6AB30400782103 /* Frameworks */ = {
			isa = PBXFrameworksBuildPhase;
			buildActionMask = 2147483647;
			files = (
				4EA886212AABEB7ED888C04C /* Pods_JasmineTests.framework in Frameworks */,
			);
			runOnlyForDeploymentPostprocessing = 0;
		};
/* End PBXFrameworksBuildPhase section */

/* Begin PBXGroup section */
		4F925529F1FCEF5E5A4CE750 /* Frameworks */ = {
			isa = PBXGroup;
			children = (
				3488CBDFD470562B328D58A2 /* Pods_Jasmine.framework */,
				B1302F74452DAF05FDF7A169 /* Pods_JasmineTests.framework */,
				5DD6CEB80211B4DBEFC5D5D3 /* Pods_JasmineUITests.framework */,
			);
			name = Frameworks;
			sourceTree = "<group>";
		};
		502A294F1E922E800024336A /* Sliding */ = {
			isa = PBXGroup;
			children = (
				502A29511E922EDD0024336A /* ViewModels */,
			);
			path = Sliding;
			sourceTree = "<group>";
		};
		502A29511E922EDD0024336A /* ViewModels */ = {
			isa = PBXGroup;
			children = (
				502A29721E927B790024336A /* BaseSlidingViewModelTests.swift */,
				502A29731E927B790024336A /* ChengYuSlidingViewModelTests.swift */,
				502A29741E927B790024336A /* CiHuiSlidingViewModelTests.swift */,
			);
			path = ViewModels;
			sourceTree = "<group>";
		};
		502A297E1E92880F0024336A /* Support */ = {
			isa = PBXGroup;
			children = (
				509036D11E937BFB006548DE /* GameStatusUpdateDelegateMock.swift */,
				5007FD111E94D3C4003F0A24 /* HighlightedUpdateDelegateMock.swift */,
				509036D41E937BFB006548DE /* RealmTestCase.swift */,
				509036D21E937BFB006548DE /* ScoreUpdateDelegateMock.swift */,
				509036D31E937BFB006548DE /* TimeUpdateDelegateMock.swift */,
			);
			path = Support;
			sourceTree = "<group>";
		};
		50989DB51E6D8B16009A86C8 /* Models */ = {
			isa = PBXGroup;
			children = (
			);
			path = Models;
			sourceTree = "<group>";
		};
		50989DB71E6D8B16009A86C8 /* ViewControllers */ = {
			isa = PBXGroup;
			children = (
				DF409FFA1E84225200389976 /* TetrisGameViewController.swift */,
				DF6320071E7424A500AA9B50 /* TetrisStoryboard.storyboard */,
			);
			path = ViewControllers;
			sourceTree = "<group>";
		};
		50989DB91E6D8B16009A86C8 /* ViewModels */ = {
			isa = PBXGroup;
			children = (
				507AC1941E90AAB00033B4E6 /* TetrisGameViewModel.swift */,
				507194F01E8E1512002A6BC0 /* TetrisGameViewModelProtocol.swift */,
			);
			path = ViewModels;
			sourceTree = "<group>";
		};
		50989DBA1E6D8B16009A86C8 /* Tetris */ = {
			isa = PBXGroup;
			children = (
				50989DB51E6D8B16009A86C8 /* Models */,
				50989DB71E6D8B16009A86C8 /* ViewControllers */,
				50989DB91E6D8B16009A86C8 /* ViewModels */,
			);
			path = Tetris;
			sourceTree = "<group>";
		};
		50989DC41E6D8B16009A86C8 /* Helpers */ = {
			isa = PBXGroup;
			children = (
				DF409FDC1E84147400389976 /* CountDownTimer.swift */,
				DF409FDD1E84147400389976 /* Prebundler.swift */,
				A2187E6B1E7510B60033FC5B /* Random.swift */,
				50989DC31E6D8B16009A86C8 /* SoundService.swift */,
				DF409FDE1E84147400389976 /* TimerStatus.swift */,
			);
			path = Helpers;
			sourceTree = "<group>";
		};
		50989DC81E6D8B16009A86C8 /* Models */ = {
			isa = PBXGroup;
			children = (
				DFB342701E77EB6700D2FE09 /* Coordinate.swift */,
				DF2155241E8E3F25005A0927 /* Direction.swift */,
				50989DC51E6D8B16009A86C8 /* GameData.swift */,
				A2FF83921E9A536F00677FA2 /* GameManager.swift */,
				DFE1113B1E98BD4300F8860E /* GameMode.swift */,
				DFE7B2DD1E78EBB200FA27B7 /* GameStatus.swift */,
				509894A21E6E6CAE00FC9CF3 /* GameType.swift */,
				A2FF83931E9A536F00677FA2 /* Level.swift */,
				DF40F9E11E9676C1001EAAA8 /* LevelResult.swift */,
				A2FF83941E9A536F00677FA2 /* Levels.swift */,
				50989DC71E6D8B16009A86C8 /* Phrase.swift */,
				DF2155191E8E234D005A0927 /* Phrases.swift */,
				DF409FE41E8414B000389976 /* Player.swift */,
				50AE3A751E8B93D3005EC944 /* TextGrid.swift */,
			);
			path = Models;
			sourceTree = "<group>";
		};
		50989DCD1E6D8B16009A86C8 /* Common */ = {
			isa = PBXGroup;
			children = (
				DF7CF76E1E7E9E2B00C6979A /* Extensions */,
				50989DC41E6D8B16009A86C8 /* Helpers */,
				50989DC81E6D8B16009A86C8 /* Models */,
				DFE1113D1E98BD5D00F8860E /* Sounds */,
				DFBE8F2B1E9526BE0036CCC6 /* ViewControllers */,
				DFE111461E98BDA900F8860E /* ViewModels */,
				DF7CF77C1E7E9EED00C6979A /* Views */,
				50989DE51E6D8BBD009A86C8 /* AppDelegate.swift */,
				A260C6271E6AB30400782103 /* Assets.xcassets */,
				50989DC21E6D8B16009A86C8 /* Constants.swift */,
				50989DE61E6D8BBD009A86C8 /* Info.plist */,
				DF409FE91E8415AB00389976 /* prebundled.realm */,
			);
			path = Common;
			sourceTree = "<group>";
		};
		50989DCF1E6D8B16009A86C8 /* Models */ = {
			isa = PBXGroup;
			children = (
			);
			path = Models;
			sourceTree = "<group>";
		};
		50989DD11E6D8B16009A86C8 /* ViewControllers */ = {
			isa = PBXGroup;
			children = (
			);
			path = ViewControllers;
			sourceTree = "<group>";
		};
		50989DD31E6D8B16009A86C8 /* ViewModels */ = {
			isa = PBXGroup;
			children = (
				50989DD21E6D8B16009A86C8 /* FlappyViewModel.swift */,
				DFB342761E77F5F200D2FE09 /* FlappyViewModelProtocol.swift */,
			);
			path = ViewModels;
			sourceTree = "<group>";
		};
		50989DD41E6D8B16009A86C8 /* Flappy */ = {
			isa = PBXGroup;
			children = (
				50989DCF1E6D8B16009A86C8 /* Models */,
				50989DD11E6D8B16009A86C8 /* ViewControllers */,
				50989DD31E6D8B16009A86C8 /* ViewModels */,
			);
			path = Flappy;
			sourceTree = "<group>";
		};
		50BB58D66BC620D2B41E2E2D /* Pods */ = {
			isa = PBXGroup;
			children = (
				35434779D1F24DD64383DF65 /* Pods-Jasmine.debug.xcconfig */,
				FC0AD02B711C61B2492AE255 /* Pods-Jasmine.release.xcconfig */,
				CDF6F46CAE49685937742BCB /* Pods-JasmineTests.debug.xcconfig */,
				FF297B9535BBD99F827421B6 /* Pods-JasmineTests.release.xcconfig */,
			);
			name = Pods;
			sourceTree = "<group>";
		};
		50F191A61E7ADC3D00EE9A75 /* Common */ = {
			isa = PBXGroup;
			children = (
				DF7CF7871E7E9FD700C6979A /* Extensions */,
				50F191A71E7ADC4500EE9A75 /* Helpers */,
				50F191A81E7ADC4800EE9A75 /* Models */,
				502A297E1E92880F0024336A /* Support */,
				50F191AA1E7ADC5000EE9A75 /* ViewModels */,
			);
			path = Common;
			sourceTree = "<group>";
		};
		50F191A71E7ADC4500EE9A75 /* Helpers */ = {
			isa = PBXGroup;
			children = (
				DF409FF01E8415F400389976 /* CountDownTimerTest.swift */,
				50717ABF1E7BD944005A2FE5 /* RandomTests.swift */,
			);
			path = Helpers;
			sourceTree = "<group>";
		};
		50F191A81E7ADC4800EE9A75 /* Models */ = {
			isa = PBXGroup;
			children = (
				50F191BE1E7AE04500EE9A75 /* CoordinateTests.swift */,
				DF9918E21E92B730004E599B /* DirectionTests.swift */,
				A2FF83981E9A538800677FA2 /* GameManagerTests.swift */,
				A2FF83991E9A538800677FA2 /* LevelsTests.swift */,
				DF40F9E31E967708001EAAA8 /* PhraseTests.swift */,
				DF2155171E8E2335005A0927 /* PhrasesTests.swift */,
				DF409FF61E84160C00389976 /* PlayerTests.swift */,
				A27B6E531E90B33400825AF3 /* RealmIntegrationTests.swift */,
				50AE3A771E8BE020005EC944 /* TextGridTests.swift */,
			);
			path = Models;
			sourceTree = "<group>";
		};
		50F191AA1E7ADC5000EE9A75 /* ViewModels */ = {
			isa = PBXGroup;
			children = (
				502A297C1E927D580024336A /* GridViewModelTests.swift */,
				DFF45A801E99E46000DFD3D9 /* PhraseViewModelTests.swift */,
				DFF45A7F1E99E46000DFD3D9 /* PhrasesExplorerViewModelTests.swift */,
			);
			path = ViewModels;
			sourceTree = "<group>";
		};
		50F191AB1E7ADC6D00EE9A75 /* Tetris */ = {
			isa = PBXGroup;
			children = (
				50F191AD1E7ADC8000EE9A75 /* Support */,
				50F191AC1E7ADC7A00EE9A75 /* ViewModels */,
			);
			path = Tetris;
			sourceTree = "<group>";
		};
		50F191AC1E7ADC7A00EE9A75 /* ViewModels */ = {
			isa = PBXGroup;
			children = (
				5047D0A01E932C7600DD96BA /* TetrisGameViewModelTests.swift */,
			);
			path = ViewModels;
			sourceTree = "<group>";
		};
		50F191AD1E7ADC8000EE9A75 /* Support */ = {
			isa = PBXGroup;
			children = (
			);
			path = Support;
			sourceTree = "<group>";
		};
		50F191B01E7ADCA200EE9A75 /* Swapping */ = {
			isa = PBXGroup;
			children = (
				50F191B21E7ADCAE00EE9A75 /* ViewModels */,
			);
			path = Swapping;
			sourceTree = "<group>";
		};
		50F191B11E7ADCA600EE9A75 /* Flappy */ = {
			isa = PBXGroup;
			children = (
				50F191B71E7ADCC800EE9A75 /* Models */,
				50F191B61E7ADCC200EE9A75 /* ViewControllers */,
				50F191B51E7ADCBE00EE9A75 /* ViewModels */,
			);
			path = Flappy;
			sourceTree = "<group>";
		};
		50F191B21E7ADCAE00EE9A75 /* ViewModels */ = {
			isa = PBXGroup;
			children = (
				50B7A8B41E9393530052E9E2 /* BaseSwappingViewModelTests.swift */,
				509036DB1E937C4C006548DE /* ChengYuSwappingViewModelTests.swift */,
				509036DC1E937C4C006548DE /* CiHuiSwappingViewModelTests.swift */,
			);
			path = ViewModels;
			sourceTree = "<group>";
		};
		50F191B51E7ADCBE00EE9A75 /* ViewModels */ = {
			isa = PBXGroup;
			children = (
			);
			path = ViewModels;
			sourceTree = "<group>";
		};
		50F191B61E7ADCC200EE9A75 /* ViewControllers */ = {
			isa = PBXGroup;
			children = (
			);
			path = ViewControllers;
			sourceTree = "<group>";
		};
		50F191B71E7ADCC800EE9A75 /* Models */ = {
			isa = PBXGroup;
			children = (
			);
			path = Models;
			sourceTree = "<group>";
		};
		A260C6141E6AB30400782103 = {
			isa = PBXGroup;
			children = (
				4F925529F1FCEF5E5A4CE750 /* Frameworks */,
				A260C61F1E6AB30400782103 /* Jasmine */,
				A260C6341E6AB30400782103 /* JasmineTests */,
				50BB58D66BC620D2B41E2E2D /* Pods */,
				A260C61E1E6AB30400782103 /* Products */,
			);
			sourceTree = "<group>";
		};
		A260C61E1E6AB30400782103 /* Products */ = {
			isa = PBXGroup;
			children = (
				A260C61D1E6AB30400782103 /* Jasmine.app */,
				A260C6311E6AB30400782103 /* JasmineTests.xctest */,
			);
			name = Products;
			sourceTree = "<group>";
		};
		A260C61F1E6AB30400782103 /* Jasmine */ = {
			isa = PBXGroup;
			children = (
				50989DCD1E6D8B16009A86C8 /* Common */,
				50989DD41E6D8B16009A86C8 /* Flappy */,
				DFBE8F621E9527F70036CCC6 /* GameCommons */,
				DFBE8F1B1E951E310036CCC6 /* Home */,
				DFBE8F211E951FE70036CCC6 /* Levels */,
				DFBE8F261E9520AF0036CCC6 /* Profile */,
				DFBE8F831E9533050036CCC6 /* Settings */,
				DF21551B1E8E237F005A0927 /* Sliding */,
				DF9918C71E92B6A3004E599B /* Swapping */,
				50989DBA1E6D8B16009A86C8 /* Tetris */,
			);
			path = Jasmine;
			sourceTree = "<group>";
		};
		A260C6341E6AB30400782103 /* JasmineTests */ = {
			isa = PBXGroup;
			children = (
				50F191A61E7ADC3D00EE9A75 /* Common */,
				50F191B11E7ADCA600EE9A75 /* Flappy */,
				502A294F1E922E800024336A /* Sliding */,
				50F191B01E7ADCA200EE9A75 /* Swapping */,
				50F191AB1E7ADC6D00EE9A75 /* Tetris */,
				A260C6371E6AB30400782103 /* Info.plist */,
				DFE1114F1E98BE3000F8860E /* test.mp3 */,
			);
			path = JasmineTests;
			sourceTree = "<group>";
		};
		DF21551B1E8E237F005A0927 /* Sliding */ = {
			isa = PBXGroup;
			children = (
				DF21551C1E8E237F005A0927 /* ViewControllers */,
				DF21551E1E8E237F005A0927 /* ViewModels */,
			);
			path = Sliding;
			sourceTree = "<group>";
		};
		DF21551C1E8E237F005A0927 /* ViewControllers */ = {
			isa = PBXGroup;
			children = (
				DF9918D81E92B6D6004E599B /* SlidingGameStoryboard.storyboard */,
				DF9918D91E92B6D6004E599B /* SlidingGameViewController.swift */,
			);
			path = ViewControllers;
			sourceTree = "<group>";
		};
		DF21551E1E8E237F005A0927 /* ViewModels */ = {
			isa = PBXGroup;
			children = (
				502A296A1E926DCA0024336A /* BaseSlidingViewModel.swift */,
				502A296B1E926DCA0024336A /* ChengYuSlidingViewModel.swift */,
				502A296C1E926DCA0024336A /* CiHuiSlidingViewModel.swift */,
				DF21551F1E8E237F005A0927 /* SlidingViewModelProtocol.swift */,
			);
			path = ViewModels;
			sourceTree = "<group>";
		};
		DF7CF76E1E7E9E2B00C6979A /* Extensions */ = {
			isa = PBXGroup;
			children = (
				DFE111391E98BD3300F8860E /* AVAudioPlayer+Extensions.swift */,
				502A29641E925A190024336A /* Array+Equatable.swift */,
				DF9918C51E92B65F004E599B /* CGPoint+Arithmetic.swift */,
				DF7CF76F1E7E9E3500C6979A /* CGRect+Arithmetic.swift */,
				DF7CF7701E7E9E3500C6979A /* IndexPath+Coordinate.swift */,
				005D4DDD1E9418F500E8DD0B /* Matrix+Equatable.swift */,
				509036E11E937E68006548DE /* MutableCollection+Extensions.swift */,
				A2187E711E751C930033FC5B /* Sequence+Extensions.swift */,
				DF409FDA1E84145800389976 /* UIApplication+isFirstLaunch.swift */,
				DF2052C71E8BDD5A00D66B0B /* UIImageView+Animation.swift */,
				DF2155261E8E4331005A0927 /* UISwipeGestureRecognizerDirection+Direction.swift */,
				DF944C2C1E84EF250037437C /* UIView+Shadows.swift */,
			);
			path = Extensions;
			sourceTree = "<group>";
		};
		DF7CF77C1E7E9EED00C6979A /* Views */ = {
			isa = PBXGroup;
			children = (
				507AC1921E90AA830033B4E6 /* SquareTileView.swift */,
				DF7CF77E1E7E9EED00C6979A /* SquareTileViewCell.swift */,
			);
			path = Views;
			sourceTree = "<group>";
		};
		DF7CF7871E7E9FD700C6979A /* Extensions */ = {
			isa = PBXGroup;
			children = (
				DFE111511E98BE4000F8860E /* AVAudioPlayer+ExtensionsTest.swift */,
				502A29701E9275770024336A /* Array+EquatableTests.swift */,
				DF9918E01E92B71A004E599B /* CGPoint+ArithmeticTests.swift */,
				DF7CF7881E7E9FD700C6979A /* CGRect+ArithmeticTests.swift */,
				DF7CF7891E7E9FD700C6979A /* IndexPath+CoordinateTests.swift */,
				50717ABE1E7BD944005A2FE5 /* MutableCollection+ExtensionsTests.swift */,
				50717AC21E7BD9D5005A2FE5 /* Sequence+ExtensionsTests.swift */,
				DF409FEE1E8415E000389976 /* UIApplicationTests.swift */,
				DF2155281E8E4401005A0927 /* UISwipeGestureRecognizerDirection+DirectionTests.swift */,
			);
			path = Extensions;
			sourceTree = "<group>";
		};
		DF8593741E9B5F8D005B3647 /* Models */ = {
			isa = PBXGroup;
			children = (
			);
			name = Models;
			sourceTree = "<group>";
		};
		DF85937D1E9B6B13005B3647 /* GameLevelList */ = {
			isa = PBXGroup;
			children = (
				DF85937E1E9B6B4C005B3647 /* GameLevelListViewController.swift */,
				DF85937F1E9B6B4C005B3647 /* GameLevelListViewDelegate.swift */,
				DF8593801E9B6B4C005B3647 /* GameLevelViewCell.swift */,
			);
			name = GameLevelList;
			sourceTree = "<group>";
		};
		DF9918C71E92B6A3004E599B /* Swapping */ = {
			isa = PBXGroup;
			children = (
				DF9918C81E92B6A3004E599B /* ViewControllers */,
				DF9918CC1E92B6A3004E599B /* ViewModels */,
			);
			path = Swapping;
			sourceTree = "<group>";
		};
		DF9918C81E92B6A3004E599B /* ViewControllers */ = {
			isa = PBXGroup;
			children = (
				509036DF1E937CB9006548DE /* SwappingGameViewController.swift */,
				DF9918CB1E92B6A3004E599B /* SwappingStoryboard.storyboard */,
			);
			path = ViewControllers;
			sourceTree = "<group>";
		};
		DF9918CC1E92B6A3004E599B /* ViewModels */ = {
			isa = PBXGroup;
			children = (
				DF9918CD1E92B6A3004E599B /* BaseSwappingViewModel.swift */,
				DF9918CE1E92B6A3004E599B /* ChengYuSwappingViewModel.swift */,
				DF9918CF1E92B6A3004E599B /* CiHuiSwappingViewModel.swift */,
				DF9918D01E92B6A3004E599B /* SwappingViewModelProtocol.swift */,
			);
			path = ViewModels;
			sourceTree = "<group>";
		};
		DFBE8F1B1E951E310036CCC6 /* Home */ = {
			isa = PBXGroup;
			children = (
				DFBE8F1C1E951E5C0036CCC6 /* ViewControllers */,
			);
			path = Home;
			sourceTree = "<group>";
		};
		DFBE8F1C1E951E5C0036CCC6 /* ViewControllers */ = {
			isa = PBXGroup;
			children = (
				DFE111531E99133F00F8860E /* FallingFlowersViewController.swift */,
				DFBE8F1D1E951FC00036CCC6 /* HomeScreenViewController.swift */,
				DFBE8F1E1E951FC00036CCC6 /* Main.storyboard */,
			);
			path = ViewControllers;
			sourceTree = "<group>";
		};
		DFBE8F211E951FE70036CCC6 /* Levels */ = {
			isa = PBXGroup;
			children = (
				DF8593741E9B5F8D005B3647 /* Models */,
				DFBE8F221E9520020036CCC6 /* ViewControllers */,
			);
			path = Levels;
			sourceTree = "<group>";
		};
		DFBE8F221E9520020036CCC6 /* ViewControllers */ = {
			isa = PBXGroup;
			children = (
				DF85937D1E9B6B13005B3647 /* GameLevelList */,
				DFBE8F241E9520450036CCC6 /* LevelSelectionStoryboard.storyboard */,
				DF8593771E9B6056005B3647 /* LevelSelectionViewController.swift */,
			);
			path = ViewControllers;
			sourceTree = "<group>";
		};
		DFBE8F261E9520AF0036CCC6 /* Profile */ = {
			isa = PBXGroup;
			children = (
				DFBE8F271E9520BB0036CCC6 /* ViewControllers */,
			);
			path = Profile;
			sourceTree = "<group>";
		};
		DFBE8F271E9520BB0036CCC6 /* ViewControllers */ = {
			isa = PBXGroup;
			children = (
				DF2321571E961CA300417ED2 /* ProfileStoryboard.storyboard */,
				DFE1114B1E98BDDC00F8860E /* ProfileViewController.swift */,
			);
			path = ViewControllers;
			sourceTree = "<group>";
		};
		DFBE8F2B1E9526BE0036CCC6 /* ViewControllers */ = {
			isa = PBXGroup;
			children = (
				DFBE8F7F1E9528100036CCC6 /* CommonsStoryboard.storyboard */,
				DFBE8F311E9526BE0036CCC6 /* DiscreteFallableSquareGridViewController.swift */,
				DFBE8F321E9526BE0036CCC6 /* DraggableSquareGridViewController.swift */,
				DFBE8F811E9528370036CCC6 /* LaunchScreen.storyboard */,
				50A5F5B01E9B7A4D00E94C91 /* LevelSelectorViewControllerDelegate.swift */,
				DFE111441E98BD7E00F8860E /* PhraseViewController.swift */,
				DFF45A791E99E41000DFD3D9 /* PhrasesExplorerViewController.swift */,
				DFF45A7B1E99E41700DFD3D9 /* PhrasesTableViewController.swift */,
				DF2321531E961A4100417ED2 /* SelectableSquareGridViewController.swift */,
				DFBE8F3F1E95272B0036CCC6 /* SquareGridViewController.swift */,
			);
			path = ViewControllers;
			sourceTree = "<group>";
		};
		DFBE8F621E9527F70036CCC6 /* GameCommons */ = {
			isa = PBXGroup;
			children = (
				DFBE8F631E9527F70036CCC6 /* ViewControllers */,
				DFBE8F6B1E9527F70036CCC6 /* ViewModels */,
				DFE111491E98BDC500F8860E /* GameConstants.swift */,
			);
			path = GameCommons;
			sourceTree = "<group>";
		};
		DFBE8F631E9527F70036CCC6 /* ViewControllers */ = {
			isa = PBXGroup;
			children = (
				DFBE8F641E9527F70036CCC6 /* Delegates */,
				DFBE8F691E9527F70036CCC6 /* GameElements.storyboard */,
				DF2321551E961A6900417ED2 /* GameOverViewController.swift */,
				DFBE8F6A1E9527F70036CCC6 /* GameStatisticsViewController.swift */,
				DFA8B69A1E9899A4002D81CF /* SimpleStartGameViewController.swift */,
			);
			path = ViewControllers;
			sourceTree = "<group>";
		};
		DFBE8F641E9527F70036CCC6 /* Delegates */ = {
			isa = PBXGroup;
			children = (
				DFBE8F651E9527F70036CCC6 /* GameStatusUpdateDelegate.swift */,
				DFBE8F661E9527F70036CCC6 /* HighlightedUpdateDelegate.swift */,
				DFBE8F671E9527F70036CCC6 /* ScoreUpdateDelegate.swift */,
				DFBE8F681E9527F70036CCC6 /* TimeUpdateDelegate.swift */,
			);
			path = Delegates;
			sourceTree = "<group>";
		};
		DFBE8F6B1E9527F70036CCC6 /* ViewModels */ = {
			isa = PBXGroup;
			children = (
				DFBE8F6F1E9527F70036CCC6 /* Protocols */,
				DFBE8F6C1E9527F70036CCC6 /* BaseViewModelProtocol.swift */,
				DFBE8F6D1E9527F70036CCC6 /* GridViewModel.swift */,
				DFBE8F6E1E9527F70036CCC6 /* GridViewModelProtocol.swift */,
			);
			path = ViewModels;
			sourceTree = "<group>";
		};
		DFBE8F6F1E9527F70036CCC6 /* Protocols */ = {
			isa = PBXGroup;
			children = (
				DFBE8F701E9527F70036CCC6 /* GameDescriptorProtocol.swift */,
				DFBE8F711E9527F70036CCC6 /* ScoreDescriptorProtocol.swift */,
				DFBE8F721E9527F70036CCC6 /* TimeDescriptorProtocol.swift */,
			);
			path = Protocols;
			sourceTree = "<group>";
		};
		DFBE8F831E9533050036CCC6 /* Settings */ = {
			isa = PBXGroup;
			children = (
				DFBE8F841E95330F0036CCC6 /* ViewControllers */,
			);
			path = Settings;
			sourceTree = "<group>";
		};
		DFBE8F841E95330F0036CCC6 /* ViewControllers */ = {
			isa = PBXGroup;
			children = (
				DFBE8F871E9533510036CCC6 /* SettingsStoryboard.storyboard */,
				DFE1114D1E98BDEC00F8860E /* SettingsViewController.swift */,
			);
			path = ViewControllers;
			sourceTree = "<group>";
		};
		DFE1113D1E98BD5D00F8860E /* Sounds */ = {
			isa = PBXGroup;
			children = (
				DFE1113E1E98BD5D00F8860E /* dog_days.mp3 */,
				DFE1113F1E98BD5D00F8860E /* green_star.mp3 */,
				DFE111401E98BD5D00F8860E /* grid.mp3 */,
			);
			path = Sounds;
			sourceTree = "<group>";
		};
		DFE111461E98BDA900F8860E /* ViewModels */ = {
			isa = PBXGroup;
			children = (
				50B0C0701E9A02C800D3D420 /* GameInfo.swift */,
				50B0C06E1E99FF7A00D3D420 /* LevelSelectorViewModelProtocol.swift */,
				DFE111471E98BDA900F8860E /* PhraseViewModel.swift */,
				DFF45A7D1E99E42E00DFD3D9 /* PhrasesExplorerViewModel.swift */,
			);
			path = ViewModels;
			sourceTree = "<group>";
		};
/* End PBXGroup section */

/* Begin PBXNativeTarget section */
		A260C61C1E6AB30400782103 /* Jasmine */ = {
			isa = PBXNativeTarget;
			buildConfigurationList = A260C6451E6AB30400782103 /* Build configuration list for PBXNativeTarget "Jasmine" */;
			buildPhases = (
				7E0A70CF6F2BAA3DCED4965E /* [CP] Check Pods Manifest.lock */,
				A260C64E1E6AB3DC00782103 /* Swiftlint Autocorrect */,
				A260C6191E6AB30400782103 /* Sources */,
				A260C61A1E6AB30400782103 /* Frameworks */,
				A260C61B1E6AB30400782103 /* Resources */,
				3243BD3D7E2F5F45E4E56D47 /* [CP] Embed Pods Frameworks */,
				154757E62370A1C8EAF1512D /* [CP] Copy Pods Resources */,
			);
			buildRules = (
			);
			dependencies = (
			);
			name = Jasmine;
			productName = Jasmine;
			productReference = A260C61D1E6AB30400782103 /* Jasmine.app */;
			productType = "com.apple.product-type.application";
		};
		A260C6301E6AB30400782103 /* JasmineTests */ = {
			isa = PBXNativeTarget;
			buildConfigurationList = A260C6481E6AB30400782103 /* Build configuration list for PBXNativeTarget "JasmineTests" */;
			buildPhases = (
				49F1BFDCEEE16B5EAC19DF6E /* [CP] Check Pods Manifest.lock */,
				A260C62D1E6AB30400782103 /* Sources */,
				A260C62E1E6AB30400782103 /* Frameworks */,
				A260C62F1E6AB30400782103 /* Resources */,
				9ED476CC4CBB26CACB5925AC /* [CP] Embed Pods Frameworks */,
				6C30C7D33289147D19E045E9 /* [CP] Copy Pods Resources */,
			);
			buildRules = (
			);
			dependencies = (
				A260C6331E6AB30400782103 /* PBXTargetDependency */,
			);
			name = JasmineTests;
			productName = JasmineTests;
			productReference = A260C6311E6AB30400782103 /* JasmineTests.xctest */;
			productType = "com.apple.product-type.bundle.unit-test";
		};
/* End PBXNativeTarget section */

/* Begin PBXProject section */
		A260C6151E6AB30400782103 /* Project object */ = {
			isa = PBXProject;
			attributes = {
				LastSwiftUpdateCheck = 0820;
				LastUpgradeCheck = 0820;
				ORGANIZATIONNAME = nus.cs3217;
				TargetAttributes = {
					A260C61C1E6AB30400782103 = {
						CreatedOnToolsVersion = 8.2.1;
						DevelopmentTeam = QX6E2SX99X;
						ProvisioningStyle = Automatic;
					};
					A260C6301E6AB30400782103 = {
						CreatedOnToolsVersion = 8.2.1;
						LastSwiftMigration = 0820;
						ProvisioningStyle = Automatic;
						TestTargetID = A260C61C1E6AB30400782103;
					};
				};
			};
			buildConfigurationList = A260C6181E6AB30400782103 /* Build configuration list for PBXProject "Jasmine" */;
			compatibilityVersion = "Xcode 3.2";
			developmentRegion = English;
			hasScannedForEncodings = 0;
			knownRegions = (
				en,
				Base,
			);
			mainGroup = A260C6141E6AB30400782103;
			productRefGroup = A260C61E1E6AB30400782103 /* Products */;
			projectDirPath = "";
			projectRoot = "";
			targets = (
				A260C61C1E6AB30400782103 /* Jasmine */,
				A260C6301E6AB30400782103 /* JasmineTests */,
			);
		};
/* End PBXProject section */

/* Begin PBXResourcesBuildPhase section */
		A260C61B1E6AB30400782103 /* Resources */ = {
			isa = PBXResourcesBuildPhase;
			buildActionMask = 2147483647;
			files = (
				DFE111421E98BD5D00F8860E /* green_star.mp3 in Resources */,
				DFBE8F801E9528100036CCC6 /* CommonsStoryboard.storyboard in Resources */,
				DF9918DB1E92B6D6004E599B /* SlidingGameStoryboard.storyboard in Resources */,
				DFBE8F771E9527F70036CCC6 /* GameElements.storyboard in Resources */,
				DF409FEC1E8415AB00389976 /* prebundled.realm in Resources */,
				A260C6281E6AB30400782103 /* Assets.xcassets in Resources */,
				DFE111411E98BD5D00F8860E /* dog_days.mp3 in Resources */,
				DFBE8F201E951FC00036CCC6 /* Main.storyboard in Resources */,
				DFBE8F881E9533510036CCC6 /* SettingsStoryboard.storyboard in Resources */,
				DFBE8F251E9520450036CCC6 /* LevelSelectionStoryboard.storyboard in Resources */,
				DF9918D31E92B6A3004E599B /* SwappingStoryboard.storyboard in Resources */,
				DFE111431E98BD5D00F8860E /* grid.mp3 in Resources */,
				DF2321581E961CA300417ED2 /* ProfileStoryboard.storyboard in Resources */,
				DF6320081E7424A500AA9B50 /* TetrisStoryboard.storyboard in Resources */,
				DFBE8F821E9528370036CCC6 /* LaunchScreen.storyboard in Resources */,
			);
			runOnlyForDeploymentPostprocessing = 0;
		};
		A260C62F1E6AB30400782103 /* Resources */ = {
			isa = PBXResourcesBuildPhase;
			buildActionMask = 2147483647;
			files = (
				DFE111501E98BE3000F8860E /* test.mp3 in Resources */,
			);
			runOnlyForDeploymentPostprocessing = 0;
		};
/* End PBXResourcesBuildPhase section */

/* Begin PBXShellScriptBuildPhase section */
		154757E62370A1C8EAF1512D /* [CP] Copy Pods Resources */ = {
			isa = PBXShellScriptBuildPhase;
			buildActionMask = 2147483647;
			files = (
			);
			inputPaths = (
			);
			name = "[CP] Copy Pods Resources";
			outputPaths = (
			);
			runOnlyForDeploymentPostprocessing = 0;
			shellPath = /bin/sh;
			shellScript = "\"${SRCROOT}/Pods/Target Support Files/Pods-Jasmine/Pods-Jasmine-resources.sh\"\n";
			showEnvVarsInLog = 0;
		};
		3243BD3D7E2F5F45E4E56D47 /* [CP] Embed Pods Frameworks */ = {
			isa = PBXShellScriptBuildPhase;
			buildActionMask = 2147483647;
			files = (
			);
			inputPaths = (
			);
			name = "[CP] Embed Pods Frameworks";
			outputPaths = (
			);
			runOnlyForDeploymentPostprocessing = 0;
			shellPath = /bin/sh;
			shellScript = "\"${SRCROOT}/Pods/Target Support Files/Pods-Jasmine/Pods-Jasmine-frameworks.sh\"\n";
			showEnvVarsInLog = 0;
		};
		49F1BFDCEEE16B5EAC19DF6E /* [CP] Check Pods Manifest.lock */ = {
			isa = PBXShellScriptBuildPhase;
			buildActionMask = 2147483647;
			files = (
			);
			inputPaths = (
			);
			name = "[CP] Check Pods Manifest.lock";
			outputPaths = (
			);
			runOnlyForDeploymentPostprocessing = 0;
			shellPath = /bin/sh;
			shellScript = "diff \"${PODS_ROOT}/../Podfile.lock\" \"${PODS_ROOT}/Manifest.lock\" > /dev/null\nif [ $? != 0 ] ; then\n    # print error to STDERR\n    echo \"error: The sandbox is not in sync with the Podfile.lock. Run 'pod install' or update your CocoaPods installation.\" >&2\n    exit 1\nfi\n";
			showEnvVarsInLog = 0;
		};
		6C30C7D33289147D19E045E9 /* [CP] Copy Pods Resources */ = {
			isa = PBXShellScriptBuildPhase;
			buildActionMask = 2147483647;
			files = (
			);
			inputPaths = (
			);
			name = "[CP] Copy Pods Resources";
			outputPaths = (
			);
			runOnlyForDeploymentPostprocessing = 0;
			shellPath = /bin/sh;
			shellScript = "\"${SRCROOT}/Pods/Target Support Files/Pods-JasmineTests/Pods-JasmineTests-resources.sh\"\n";
			showEnvVarsInLog = 0;
		};
		7E0A70CF6F2BAA3DCED4965E /* [CP] Check Pods Manifest.lock */ = {
			isa = PBXShellScriptBuildPhase;
			buildActionMask = 2147483647;
			files = (
			);
			inputPaths = (
			);
			name = "[CP] Check Pods Manifest.lock";
			outputPaths = (
			);
			runOnlyForDeploymentPostprocessing = 0;
			shellPath = /bin/sh;
			shellScript = "diff \"${PODS_ROOT}/../Podfile.lock\" \"${PODS_ROOT}/Manifest.lock\" > /dev/null\nif [ $? != 0 ] ; then\n    # print error to STDERR\n    echo \"error: The sandbox is not in sync with the Podfile.lock. Run 'pod install' or update your CocoaPods installation.\" >&2\n    exit 1\nfi\n";
			showEnvVarsInLog = 0;
		};
		9ED476CC4CBB26CACB5925AC /* [CP] Embed Pods Frameworks */ = {
			isa = PBXShellScriptBuildPhase;
			buildActionMask = 2147483647;
			files = (
			);
			inputPaths = (
			);
			name = "[CP] Embed Pods Frameworks";
			outputPaths = (
			);
			runOnlyForDeploymentPostprocessing = 0;
			shellPath = /bin/sh;
			shellScript = "\"${SRCROOT}/Pods/Target Support Files/Pods-JasmineTests/Pods-JasmineTests-frameworks.sh\"\n";
			showEnvVarsInLog = 0;
		};
		A260C64E1E6AB3DC00782103 /* Swiftlint Autocorrect */ = {
			isa = PBXShellScriptBuildPhase;
			buildActionMask = 2147483647;
			files = (
			);
			inputPaths = (
			);
			name = "Swiftlint Autocorrect";
			outputPaths = (
			);
			runOnlyForDeploymentPostprocessing = 0;
			shellPath = /bin/sh;
			shellScript = "\"$SRCROOT/scripts/swiftlint.sh\"";
		};
/* End PBXShellScriptBuildPhase section */

/* Begin PBXSourcesBuildPhase section */
		A260C6191E6AB30400782103 /* Sources */ = {
			isa = PBXSourcesBuildPhase;
			buildActionMask = 2147483647;
			files = (
				DFBE8F791E9527F70036CCC6 /* BaseViewModelProtocol.swift in Sources */,
				DF8593831E9B6B4C005B3647 /* GameLevelViewCell.swift in Sources */,
				A2FF83961E9A536F00677FA2 /* Level.swift in Sources */,
				DFBE8F3A1E9526BE0036CCC6 /* DiscreteFallableSquareGridViewController.swift in Sources */,
				DF2321561E961A6900417ED2 /* GameOverViewController.swift in Sources */,
				DFBE8F1F1E951FC00036CCC6 /* HomeScreenViewController.swift in Sources */,
				DFBE8F401E95272B0036CCC6 /* SquareGridViewController.swift in Sources */,
				502669031E7D6C6A00112291 /* FlappyViewModelProtocol.swift in Sources */,
				50B0C06F1E99FF7A00D3D420 /* LevelSelectorViewModelProtocol.swift in Sources */,
				DFE1113A1E98BD3300F8860E /* AVAudioPlayer+Extensions.swift in Sources */,
				DF7CF7721E7E9E3500C6979A /* IndexPath+Coordinate.swift in Sources */,
				50AE3A761E8B93D3005EC944 /* TextGrid.swift in Sources */,
				50989DDD1E6D8B16009A86C8 /* GameData.swift in Sources */,
				DF409FDB1E84145800389976 /* UIApplication+isFirstLaunch.swift in Sources */,
				DF7CF7801E7E9EED00C6979A /* SquareTileViewCell.swift in Sources */,
				DFBE8F731E9527F70036CCC6 /* GameStatusUpdateDelegate.swift in Sources */,
				DFE7B2DE1E78EBB200FA27B7 /* GameStatus.swift in Sources */,
				DF9918D51E92B6A3004E599B /* ChengYuSwappingViewModel.swift in Sources */,
				A2187E721E751C930033FC5B /* Sequence+Extensions.swift in Sources */,
				DF2052C81E8BDD5A00D66B0B /* UIImageView+Animation.swift in Sources */,
				DF8593781E9B6056005B3647 /* LevelSelectionViewController.swift in Sources */,
				502A296E1E926DCA0024336A /* ChengYuSlidingViewModel.swift in Sources */,
				DFBE8F7A1E9527F70036CCC6 /* GridViewModel.swift in Sources */,
				502A29651E925A190024336A /* Array+Equatable.swift in Sources */,
				507AC1951E90AAB00033B4E6 /* TetrisGameViewModel.swift in Sources */,
				DFBE8F781E9527F70036CCC6 /* GameStatisticsViewController.swift in Sources */,
				DF40F9E21E9676C1001EAAA8 /* LevelResult.swift in Sources */,
				DF9918D61E92B6A3004E599B /* CiHuiSwappingViewModel.swift in Sources */,
				DF9918DC1E92B6D6004E599B /* SlidingGameViewController.swift in Sources */,
				50B0C0711E9A02C800D3D420 /* GameInfo.swift in Sources */,
				DFBE8F3B1E9526BE0036CCC6 /* DraggableSquareGridViewController.swift in Sources */,
				DF2155211E8E237F005A0927 /* SlidingViewModelProtocol.swift in Sources */,
				DFBE8F7C1E9527F70036CCC6 /* GameDescriptorProtocol.swift in Sources */,
				509036E01E937CB9006548DE /* SwappingGameViewController.swift in Sources */,
				A2FF83971E9A536F00677FA2 /* Levels.swift in Sources */,
				DFBE8F751E9527F70036CCC6 /* ScoreUpdateDelegate.swift in Sources */,
				DF2321541E961A4100417ED2 /* SelectableSquareGridViewController.swift in Sources */,
				DFE111541E99133F00F8860E /* FallingFlowersViewController.swift in Sources */,
				DF9918D41E92B6A3004E599B /* BaseSwappingViewModel.swift in Sources */,
				A2FF83951E9A536F00677FA2 /* GameManager.swift in Sources */,
				DFF45A7A1E99E41000DFD3D9 /* PhrasesExplorerViewController.swift in Sources */,
				DF9918D71E92B6A3004E599B /* SwappingViewModelProtocol.swift in Sources */,
				DFBE8F7B1E9527F70036CCC6 /* GridViewModelProtocol.swift in Sources */,
				DFF45A7C1E99E41700DFD3D9 /* PhrasesTableViewController.swift in Sources */,
				DFF45A7E1E99E42E00DFD3D9 /* PhrasesExplorerViewModel.swift in Sources */,
				50989DDF1E6D8B16009A86C8 /* Phrase.swift in Sources */,
				DFBE8F761E9527F70036CCC6 /* TimeUpdateDelegate.swift in Sources */,
				DFE111481E98BDA900F8860E /* PhraseViewModel.swift in Sources */,
				DF9918C61E92B65F004E599B /* CGPoint+Arithmetic.swift in Sources */,
				50989DDC1E6D8B16009A86C8 /* SoundService.swift in Sources */,
				DFE1114A1E98BDC500F8860E /* GameConstants.swift in Sources */,
				DF2155271E8E4331005A0927 /* UISwipeGestureRecognizerDirection+Direction.swift in Sources */,
				50989DDB1E6D8B16009A86C8 /* Constants.swift in Sources */,
				509894A31E6E6CAE00FC9CF3 /* GameType.swift in Sources */,
				DFE1114C1E98BDDC00F8860E /* ProfileViewController.swift in Sources */,
				502A296F1E926DCA0024336A /* CiHuiSlidingViewModel.swift in Sources */,
				DF2155251E8E3F25005A0927 /* Direction.swift in Sources */,
				DF409FE51E8414B000389976 /* Player.swift in Sources */,
				A2187E6C1E7510B60033FC5B /* Random.swift in Sources */,
				DF21551A1E8E234D005A0927 /* Phrases.swift in Sources */,
				DF409FE01E84147400389976 /* Prebundler.swift in Sources */,
				50989DE71E6D8BBD009A86C8 /* AppDelegate.swift in Sources */,
				507194F11E8E1512002A6BC0 /* TetrisGameViewModelProtocol.swift in Sources */,
				507AC1931E90AA830033B4E6 /* SquareTileView.swift in Sources */,
				DFA8B69B1E9899A4002D81CF /* SimpleStartGameViewController.swift in Sources */,
				DFE1113C1E98BD4300F8860E /* GameMode.swift in Sources */,
				50A5F5B11E9B7A4D00E94C91 /* LevelSelectorViewControllerDelegate.swift in Sources */,
				DFBE8F7E1E9527F70036CCC6 /* TimeDescriptorProtocol.swift in Sources */,
				DF409FFB1E84225200389976 /* TetrisGameViewController.swift in Sources */,
				DFBE8F741E9527F70036CCC6 /* HighlightedUpdateDelegate.swift in Sources */,
				509036E21E937E68006548DE /* MutableCollection+Extensions.swift in Sources */,
				DF409FE11E84147400389976 /* TimerStatus.swift in Sources */,
				50989DE41E6D8B16009A86C8 /* FlappyViewModel.swift in Sources */,
				DFBE8F7D1E9527F70036CCC6 /* ScoreDescriptorProtocol.swift in Sources */,
				DF7CF7711E7E9E3500C6979A /* CGRect+Arithmetic.swift in Sources */,
				DF8593821E9B6B4C005B3647 /* GameLevelListViewDelegate.swift in Sources */,
				DF944C2D1E84EF250037437C /* UIView+Shadows.swift in Sources */,
				DFB342711E77EB6700D2FE09 /* Coordinate.swift in Sources */,
				502A296D1E926DCA0024336A /* BaseSlidingViewModel.swift in Sources */,
				DF8593811E9B6B4C005B3647 /* GameLevelListViewController.swift in Sources */,
				005D4DDE1E9418F500E8DD0B /* Matrix+Equatable.swift in Sources */,
				DF409FDF1E84147400389976 /* CountDownTimer.swift in Sources */,
				DFE111451E98BD7E00F8860E /* PhraseViewController.swift in Sources */,
				DFE1114E1E98BDEC00F8860E /* SettingsViewController.swift in Sources */,
			);
			runOnlyForDeploymentPostprocessing = 0;
		};
		A260C62D1E6AB30400782103 /* Sources */ = {
			isa = PBXSourcesBuildPhase;
			buildActionMask = 2147483647;
			files = (
				5007FD121E94D3C4003F0A24 /* HighlightedUpdateDelegateMock.swift in Sources */,
				DF409FEF1E8415E000389976 /* UIApplicationTests.swift in Sources */,
				502A29761E927B790024336A /* ChengYuSlidingViewModelTests.swift in Sources */,
				A2FF839A1E9A538800677FA2 /* GameManagerTests.swift in Sources */,
				509036DE1E937C4C006548DE /* CiHuiSwappingViewModelTests.swift in Sources */,
				DFF45A811E99E46000DFD3D9 /* PhrasesExplorerViewModelTests.swift in Sources */,
				509036D71E937BFB006548DE /* TimeUpdateDelegateMock.swift in Sources */,
				A27B6E541E90B33400825AF3 /* RealmIntegrationTests.swift in Sources */,
				DF409FF21E8415F400389976 /* CountDownTimerTest.swift in Sources */,
				509036D61E937BFB006548DE /* ScoreUpdateDelegateMock.swift in Sources */,
				50717AC31E7BD9D5005A2FE5 /* Sequence+ExtensionsTests.swift in Sources */,
				50AE3A781E8BE020005EC944 /* TextGridTests.swift in Sources */,
				502A29711E9275770024336A /* Array+EquatableTests.swift in Sources */,
				502A29771E927B790024336A /* CiHuiSlidingViewModelTests.swift in Sources */,
				502A29751E927B790024336A /* BaseSlidingViewModelTests.swift in Sources */,
				50B7A8B51E9393530052E9E2 /* BaseSwappingViewModelTests.swift in Sources */,
				DFF45A821E99E46000DFD3D9 /* PhraseViewModelTests.swift in Sources */,
				509036DD1E937C4C006548DE /* ChengYuSwappingViewModelTests.swift in Sources */,
				509036D51E937BFB006548DE /* GameStatusUpdateDelegateMock.swift in Sources */,
				5047D0A11E932C7600DD96BA /* TetrisGameViewModelTests.swift in Sources */,
				DF9918E31E92B730004E599B /* DirectionTests.swift in Sources */,
				50717AC11E7BD944005A2FE5 /* RandomTests.swift in Sources */,
				DF2155181E8E2335005A0927 /* PhrasesTests.swift in Sources */,
				50717AC01E7BD944005A2FE5 /* MutableCollection+ExtensionsTests.swift in Sources */,
				DF40F9E41E967708001EAAA8 /* PhraseTests.swift in Sources */,
				DFE111521E98BE4000F8860E /* AVAudioPlayer+ExtensionsTest.swift in Sources */,
				DF9918E11E92B71A004E599B /* CGPoint+ArithmeticTests.swift in Sources */,
				50F191BF1E7AE04500EE9A75 /* CoordinateTests.swift in Sources */,
				DF2155291E8E4401005A0927 /* UISwipeGestureRecognizerDirection+DirectionTests.swift in Sources */,
				502A297D1E927D580024336A /* GridViewModelTests.swift in Sources */,
				509036D81E937BFB006548DE /* RealmTestCase.swift in Sources */,
				A2FF839B1E9A538800677FA2 /* LevelsTests.swift in Sources */,
				DF7CF78B1E7E9FD700C6979A /* IndexPath+CoordinateTests.swift in Sources */,
				DF7CF78A1E7E9FD700C6979A /* CGRect+ArithmeticTests.swift in Sources */,
			);
			runOnlyForDeploymentPostprocessing = 0;
		};
/* End PBXSourcesBuildPhase section */

/* Begin PBXTargetDependency section */
		A260C6331E6AB30400782103 /* PBXTargetDependency */ = {
			isa = PBXTargetDependency;
			target = A260C61C1E6AB30400782103 /* Jasmine */;
			targetProxy = A260C6321E6AB30400782103 /* PBXContainerItemProxy */;
		};
/* End PBXTargetDependency section */

/* Begin XCBuildConfiguration section */
		A260C6431E6AB30400782103 /* Debug */ = {
			isa = XCBuildConfiguration;
			buildSettings = {
				ALWAYS_SEARCH_USER_PATHS = NO;
				CLANG_ANALYZER_NONNULL = YES;
				CLANG_CXX_LANGUAGE_STANDARD = "gnu++0x";
				CLANG_CXX_LIBRARY = "libc++";
				CLANG_ENABLE_MODULES = YES;
				CLANG_ENABLE_OBJC_ARC = YES;
				CLANG_WARN_BOOL_CONVERSION = YES;
				CLANG_WARN_CONSTANT_CONVERSION = YES;
				CLANG_WARN_DIRECT_OBJC_ISA_USAGE = YES_ERROR;
				CLANG_WARN_DOCUMENTATION_COMMENTS = YES;
				CLANG_WARN_EMPTY_BODY = YES;
				CLANG_WARN_ENUM_CONVERSION = YES;
				CLANG_WARN_INFINITE_RECURSION = YES;
				CLANG_WARN_INT_CONVERSION = YES;
				CLANG_WARN_OBJC_ROOT_CLASS = YES_ERROR;
				CLANG_WARN_SUSPICIOUS_MOVE = YES;
				CLANG_WARN_UNREACHABLE_CODE = YES;
				CLANG_WARN__DUPLICATE_METHOD_MATCH = YES;
				"CODE_SIGN_IDENTITY[sdk=iphoneos*]" = "iPhone Developer";
				COPY_PHASE_STRIP = NO;
				DEBUG_INFORMATION_FORMAT = dwarf;
				ENABLE_STRICT_OBJC_MSGSEND = YES;
				ENABLE_TESTABILITY = YES;
				GCC_C_LANGUAGE_STANDARD = gnu99;
				GCC_DYNAMIC_NO_PIC = NO;
				GCC_NO_COMMON_BLOCKS = YES;
				GCC_OPTIMIZATION_LEVEL = 0;
				GCC_PREPROCESSOR_DEFINITIONS = (
					"DEBUG=1",
					"$(inherited)",
				);
				GCC_WARN_64_TO_32_BIT_CONVERSION = YES;
				GCC_WARN_ABOUT_RETURN_TYPE = YES_ERROR;
				GCC_WARN_UNDECLARED_SELECTOR = YES;
				GCC_WARN_UNINITIALIZED_AUTOS = YES_AGGRESSIVE;
				GCC_WARN_UNUSED_FUNCTION = YES;
				GCC_WARN_UNUSED_VARIABLE = YES;
				IPHONEOS_DEPLOYMENT_TARGET = 10.2;
				MTL_ENABLE_DEBUG_INFO = YES;
				ONLY_ACTIVE_ARCH = YES;
				SDKROOT = iphoneos;
				SWIFT_ACTIVE_COMPILATION_CONDITIONS = DEBUG;
				SWIFT_OPTIMIZATION_LEVEL = "-Onone";
				TARGETED_DEVICE_FAMILY = "1,2";
			};
			name = Debug;
		};
		A260C6441E6AB30400782103 /* Release */ = {
			isa = XCBuildConfiguration;
			buildSettings = {
				ALWAYS_SEARCH_USER_PATHS = NO;
				CLANG_ANALYZER_NONNULL = YES;
				CLANG_CXX_LANGUAGE_STANDARD = "gnu++0x";
				CLANG_CXX_LIBRARY = "libc++";
				CLANG_ENABLE_MODULES = YES;
				CLANG_ENABLE_OBJC_ARC = YES;
				CLANG_WARN_BOOL_CONVERSION = YES;
				CLANG_WARN_CONSTANT_CONVERSION = YES;
				CLANG_WARN_DIRECT_OBJC_ISA_USAGE = YES_ERROR;
				CLANG_WARN_DOCUMENTATION_COMMENTS = YES;
				CLANG_WARN_EMPTY_BODY = YES;
				CLANG_WARN_ENUM_CONVERSION = YES;
				CLANG_WARN_INFINITE_RECURSION = YES;
				CLANG_WARN_INT_CONVERSION = YES;
				CLANG_WARN_OBJC_ROOT_CLASS = YES_ERROR;
				CLANG_WARN_SUSPICIOUS_MOVE = YES;
				CLANG_WARN_UNREACHABLE_CODE = YES;
				CLANG_WARN__DUPLICATE_METHOD_MATCH = YES;
				"CODE_SIGN_IDENTITY[sdk=iphoneos*]" = "iPhone Developer";
				COPY_PHASE_STRIP = NO;
				DEBUG_INFORMATION_FORMAT = "dwarf-with-dsym";
				ENABLE_NS_ASSERTIONS = NO;
				ENABLE_STRICT_OBJC_MSGSEND = YES;
				GCC_C_LANGUAGE_STANDARD = gnu99;
				GCC_NO_COMMON_BLOCKS = YES;
				GCC_WARN_64_TO_32_BIT_CONVERSION = YES;
				GCC_WARN_ABOUT_RETURN_TYPE = YES_ERROR;
				GCC_WARN_UNDECLARED_SELECTOR = YES;
				GCC_WARN_UNINITIALIZED_AUTOS = YES_AGGRESSIVE;
				GCC_WARN_UNUSED_FUNCTION = YES;
				GCC_WARN_UNUSED_VARIABLE = YES;
				IPHONEOS_DEPLOYMENT_TARGET = 10.2;
				MTL_ENABLE_DEBUG_INFO = NO;
				SDKROOT = iphoneos;
				SWIFT_OPTIMIZATION_LEVEL = "-Owholemodule";
				TARGETED_DEVICE_FAMILY = "1,2";
				VALIDATE_PRODUCT = YES;
			};
			name = Release;
		};
		A260C6461E6AB30400782103 /* Debug */ = {
			isa = XCBuildConfiguration;
			baseConfigurationReference = 35434779D1F24DD64383DF65 /* Pods-Jasmine.debug.xcconfig */;
			buildSettings = {
				ALWAYS_EMBED_SWIFT_STANDARD_LIBRARIES = YES;
				ASSETCATALOG_COMPILER_APPICON_NAME = AppIcon;
				DEVELOPMENT_TEAM = QX6E2SX99X;
				INFOPLIST_FILE = "$(SRCROOT)/Jasmine/Common/Info.plist";
				LD_RUNPATH_SEARCH_PATHS = "$(inherited) @executable_path/Frameworks";
				PRODUCT_BUNDLE_IDENTIFIER = nus.cs3217.Jasmine;
				PRODUCT_NAME = "$(TARGET_NAME)";
				SWIFT_VERSION = 3.0;
			};
			name = Debug;
		};
		A260C6471E6AB30400782103 /* Release */ = {
			isa = XCBuildConfiguration;
			baseConfigurationReference = FC0AD02B711C61B2492AE255 /* Pods-Jasmine.release.xcconfig */;
			buildSettings = {
				ALWAYS_EMBED_SWIFT_STANDARD_LIBRARIES = YES;
				ASSETCATALOG_COMPILER_APPICON_NAME = AppIcon;
				DEVELOPMENT_TEAM = QX6E2SX99X;
				INFOPLIST_FILE = "$(SRCROOT)/Jasmine/Common/Info.plist";
				LD_RUNPATH_SEARCH_PATHS = "$(inherited) @executable_path/Frameworks";
				PRODUCT_BUNDLE_IDENTIFIER = nus.cs3217.Jasmine;
				PRODUCT_NAME = "$(TARGET_NAME)";
				SWIFT_VERSION = 3.0;
			};
			name = Release;
		};
		A260C6491E6AB30400782103 /* Debug */ = {
			isa = XCBuildConfiguration;
			baseConfigurationReference = CDF6F46CAE49685937742BCB /* Pods-JasmineTests.debug.xcconfig */;
			buildSettings = {
				ALWAYS_EMBED_SWIFT_STANDARD_LIBRARIES = YES;
				BUNDLE_LOADER = "$(TEST_HOST)";
				CLANG_ENABLE_MODULES = YES;
				INFOPLIST_FILE = JasmineTests/Info.plist;
				LD_RUNPATH_SEARCH_PATHS = "$(inherited) @executable_path/Frameworks @loader_path/Frameworks";
				PRODUCT_BUNDLE_IDENTIFIER = nus.cs3217.JasmineTests;
				PRODUCT_NAME = "$(TARGET_NAME)";
				SWIFT_OPTIMIZATION_LEVEL = "-Onone";
				SWIFT_VERSION = 3.0;
				TEST_HOST = "$(BUILT_PRODUCTS_DIR)/Jasmine.app/Jasmine";
			};
			name = Debug;
		};
		A260C64A1E6AB30400782103 /* Release */ = {
			isa = XCBuildConfiguration;
			baseConfigurationReference = FF297B9535BBD99F827421B6 /* Pods-JasmineTests.release.xcconfig */;
			buildSettings = {
				ALWAYS_EMBED_SWIFT_STANDARD_LIBRARIES = YES;
				BUNDLE_LOADER = "$(TEST_HOST)";
				CLANG_ENABLE_MODULES = YES;
				INFOPLIST_FILE = JasmineTests/Info.plist;
				LD_RUNPATH_SEARCH_PATHS = "$(inherited) @executable_path/Frameworks @loader_path/Frameworks";
				PRODUCT_BUNDLE_IDENTIFIER = nus.cs3217.JasmineTests;
				PRODUCT_NAME = "$(TARGET_NAME)";
				SWIFT_VERSION = 3.0;
				TEST_HOST = "$(BUILT_PRODUCTS_DIR)/Jasmine.app/Jasmine";
			};
			name = Release;
		};
/* End XCBuildConfiguration section */

/* Begin XCConfigurationList section */
		A260C6181E6AB30400782103 /* Build configuration list for PBXProject "Jasmine" */ = {
			isa = XCConfigurationList;
			buildConfigurations = (
				A260C6431E6AB30400782103 /* Debug */,
				A260C6441E6AB30400782103 /* Release */,
			);
			defaultConfigurationIsVisible = 0;
			defaultConfigurationName = Release;
		};
		A260C6451E6AB30400782103 /* Build configuration list for PBXNativeTarget "Jasmine" */ = {
			isa = XCConfigurationList;
			buildConfigurations = (
				A260C6461E6AB30400782103 /* Debug */,
				A260C6471E6AB30400782103 /* Release */,
			);
			defaultConfigurationIsVisible = 0;
			defaultConfigurationName = Release;
		};
		A260C6481E6AB30400782103 /* Build configuration list for PBXNativeTarget "JasmineTests" */ = {
			isa = XCConfigurationList;
			buildConfigurations = (
				A260C6491E6AB30400782103 /* Debug */,
				A260C64A1E6AB30400782103 /* Release */,
			);
			defaultConfigurationIsVisible = 0;
			defaultConfigurationName = Release;
		};
/* End XCConfigurationList section */
	};
	rootObject = A260C6151E6AB30400782103 /* Project object */;
}
