// !$*UTF8*$!
{
	archiveVersion = 1;
	classes = {
	};
	objectVersion = 46;
	objects = {

/* Begin PBXBuildFile section */
		0CF9D2BB3EBC822ACB7FF766 /* Pods_Jasmine.framework in Frameworks */ = {isa = PBXBuildFile; fileRef = 3488CBDFD470562B328D58A2 /* Pods_Jasmine.framework */; };
		4EA886212AABEB7ED888C04C /* Pods_JasmineTests.framework in Frameworks */ = {isa = PBXBuildFile; fileRef = B1302F74452DAF05FDF7A169 /* Pods_JasmineTests.framework */; };
		50989DD51E6D8B16009A86C8 /* TetrisGameData.swift in Sources */ = {isa = PBXBuildFile; fileRef = 50989DB41E6D8B16009A86C8 /* TetrisGameData.swift */; };
		50989DD71E6D8B16009A86C8 /* TetrisViewModel.swift in Sources */ = {isa = PBXBuildFile; fileRef = 50989DB81E6D8B16009A86C8 /* TetrisViewModel.swift */; };
		50989DD81E6D8B16009A86C8 /* GridGameData.swift in Sources */ = {isa = PBXBuildFile; fileRef = 50989DBB1E6D8B16009A86C8 /* GridGameData.swift */; };
		50989DDA1E6D8B16009A86C8 /* GridViewModel.swift in Sources */ = {isa = PBXBuildFile; fileRef = 50989DBF1E6D8B16009A86C8 /* GridViewModel.swift */; };
		50989DDB1E6D8B16009A86C8 /* Constants.swift in Sources */ = {isa = PBXBuildFile; fileRef = 50989DC21E6D8B16009A86C8 /* Constants.swift */; };
		50989DDC1E6D8B16009A86C8 /* SoundService.swift in Sources */ = {isa = PBXBuildFile; fileRef = 50989DC31E6D8B16009A86C8 /* SoundService.swift */; };
		50989DDD1E6D8B16009A86C8 /* GameData.swift in Sources */ = {isa = PBXBuildFile; fileRef = 50989DC51E6D8B16009A86C8 /* GameData.swift */; };
		50989DDE1E6D8B16009A86C8 /* GameDataProtocol.swift in Sources */ = {isa = PBXBuildFile; fileRef = 50989DC61E6D8B16009A86C8 /* GameDataProtocol.swift */; };
		50989DDF1E6D8B16009A86C8 /* Phrase.swift in Sources */ = {isa = PBXBuildFile; fileRef = 50989DC71E6D8B16009A86C8 /* Phrase.swift */; };
		50989DE01E6D8B16009A86C8 /* HomeScreenViewController.swift in Sources */ = {isa = PBXBuildFile; fileRef = 50989DC91E6D8B16009A86C8 /* HomeScreenViewController.swift */; };
		50989DE11E6D8B16009A86C8 /* GameViewModel.swift in Sources */ = {isa = PBXBuildFile; fileRef = 50989DCB1E6D8B16009A86C8 /* GameViewModel.swift */; };
		50989DE21E6D8B16009A86C8 /* FlappyGameData.swift in Sources */ = {isa = PBXBuildFile; fileRef = 50989DCE1E6D8B16009A86C8 /* FlappyGameData.swift */; };
		50989DE41E6D8B16009A86C8 /* FlappyViewModel.swift in Sources */ = {isa = PBXBuildFile; fileRef = 50989DD21E6D8B16009A86C8 /* FlappyViewModel.swift */; };
		50989DE71E6D8BBD009A86C8 /* AppDelegate.swift in Sources */ = {isa = PBXBuildFile; fileRef = 50989DE51E6D8BBD009A86C8 /* AppDelegate.swift */; };
		50F191BF1E7AE04500EE9A75 /* CoordinateTests.swift in Sources */ = {isa = PBXBuildFile; fileRef = 50F191BE1E7AE04500EE9A75 /* CoordinateTests.swift */; };
		A260C6261E6AB30400782103 /* Main.storyboard in Resources */ = {isa = PBXBuildFile; fileRef = A260C6241E6AB30400782103 /* Main.storyboard */; };
		A260C6281E6AB30400782103 /* Assets.xcassets in Resources */ = {isa = PBXBuildFile; fileRef = A260C6271E6AB30400782103 /* Assets.xcassets */; };
		A260C62B1E6AB30400782103 /* LaunchScreen.storyboard in Resources */ = {isa = PBXBuildFile; fileRef = A260C6291E6AB30400782103 /* LaunchScreen.storyboard */; };
		A260C6411E6AB30400782103 /* JasmineUITests.swift in Sources */ = {isa = PBXBuildFile; fileRef = A260C6401E6AB30400782103 /* JasmineUITests.swift */; };
		BD025B06A527CD03DA811285 /* Pods_JasmineUITests.framework in Frameworks */ = {isa = PBXBuildFile; fileRef = 5DD6CEB80211B4DBEFC5D5D3 /* Pods_JasmineUITests.framework */; };
		DF2D21EA1E743BC500094381 /* GridStoryboard.storyboard in Resources */ = {isa = PBXBuildFile; fileRef = DF2D21E91E743BC500094381 /* GridStoryboard.storyboard */; };
		DF2D21EC1E743C8700094381 /* GridGameViewController.swift in Sources */ = {isa = PBXBuildFile; fileRef = DF2D21EB1E743C8700094381 /* GridGameViewController.swift */; };
		DF6149321E7BD6300017B6DD /* GeometryUtilsTest.swift in Sources */ = {isa = PBXBuildFile; fileRef = DF6149311E7BD6300017B6DD /* GeometryUtilsTest.swift */; };
		DF6320081E7424A500AA9B50 /* TetrisStoryboard.storyboard in Resources */ = {isa = PBXBuildFile; fileRef = DF6320071E7424A500AA9B50 /* TetrisStoryboard.storyboard */; };
		DFB3426D1E77E6AA00D2FE09 /* GridGameEngineProtocol.swift in Sources */ = {isa = PBXBuildFile; fileRef = DFB3426C1E77E6AA00D2FE09 /* GridGameEngineProtocol.swift */; };
		DFB3426F1E77E77900D2FE09 /* BaseGameEngineProtocol.swift in Sources */ = {isa = PBXBuildFile; fileRef = DFB3426E1E77E77900D2FE09 /* BaseGameEngineProtocol.swift */; };
		DFB342711E77EB6700D2FE09 /* Coordinate.swift in Sources */ = {isa = PBXBuildFile; fileRef = DFB342701E77EB6700D2FE09 /* Coordinate.swift */; };
		DFB342751E77F06400D2FE09 /* BaseGameViewControllerDelegate.swift in Sources */ = {isa = PBXBuildFile; fileRef = DFB342741E77F06400D2FE09 /* BaseGameViewControllerDelegate.swift */; };
		DFB342771E77F5F200D2FE09 /* FlappyGameEngineProtocol.swift in Sources */ = {isa = PBXBuildFile; fileRef = DFB342761E77F5F200D2FE09 /* FlappyGameEngineProtocol.swift */; };
		DFB95A061E785D2E005EE2A4 /* TetrisGameEngineProtocol.swift in Sources */ = {isa = PBXBuildFile; fileRef = DFB95A051E785D2E005EE2A4 /* TetrisGameEngineProtocol.swift */; };
		DFB95A081E785ED9005EE2A4 /* GridGameViewControllerDelegate.swift in Sources */ = {isa = PBXBuildFile; fileRef = DFB95A071E785ED9005EE2A4 /* GridGameViewControllerDelegate.swift */; };
		DFB95A0A1E785FA4005EE2A4 /* FlappyGameViewControllerDelegate.swift in Sources */ = {isa = PBXBuildFile; fileRef = DFB95A091E785FA4005EE2A4 /* FlappyGameViewControllerDelegate.swift */; };
		DFB95A0C1E786044005EE2A4 /* TetrisGameViewControllerDelegate.swift in Sources */ = {isa = PBXBuildFile; fileRef = DFB95A0B1E786044005EE2A4 /* TetrisGameViewControllerDelegate.swift */; };
		DFCA8C1A1E753E0100A9C9B5 /* GeometryUtils.swift in Sources */ = {isa = PBXBuildFile; fileRef = DFCA8C191E753E0100A9C9B5 /* GeometryUtils.swift */; };
		DFE427BF1E744D3D00A837BD /* SquareTextViewCell.swift in Sources */ = {isa = PBXBuildFile; fileRef = DFE427BE1E744D3D00A837BD /* SquareTextViewCell.swift */; };
		DFE427C11E74F78600A837BD /* SquareTextView.swift in Sources */ = {isa = PBXBuildFile; fileRef = DFE427C01E74F78600A837BD /* SquareTextView.swift */; };
		DFE7B2DE1E78EBB200FA27B7 /* GameStatus.swift in Sources */ = {isa = PBXBuildFile; fileRef = DFE7B2DD1E78EBB200FA27B7 /* GameStatus.swift */; };
/* End PBXBuildFile section */

/* Begin PBXContainerItemProxy section */
		A260C6321E6AB30400782103 /* PBXContainerItemProxy */ = {
			isa = PBXContainerItemProxy;
			containerPortal = A260C6151E6AB30400782103 /* Project object */;
			proxyType = 1;
			remoteGlobalIDString = A260C61C1E6AB30400782103;
			remoteInfo = Jasmine;
		};
		A260C63D1E6AB30400782103 /* PBXContainerItemProxy */ = {
			isa = PBXContainerItemProxy;
			containerPortal = A260C6151E6AB30400782103 /* Project object */;
			proxyType = 1;
			remoteGlobalIDString = A260C61C1E6AB30400782103;
			remoteInfo = Jasmine;
		};
/* End PBXContainerItemProxy section */

/* Begin PBXFileReference section */
		3488CBDFD470562B328D58A2 /* Pods_Jasmine.framework */ = {isa = PBXFileReference; explicitFileType = wrapper.framework; includeInIndex = 0; path = Pods_Jasmine.framework; sourceTree = BUILT_PRODUCTS_DIR; };
		35434779D1F24DD64383DF65 /* Pods-Jasmine.debug.xcconfig */ = {isa = PBXFileReference; includeInIndex = 1; lastKnownFileType = text.xcconfig; name = "Pods-Jasmine.debug.xcconfig"; path = "Pods/Target Support Files/Pods-Jasmine/Pods-Jasmine.debug.xcconfig"; sourceTree = "<group>"; };
		379F12059637B53A50B97F3B /* Pods-JasmineUITests.debug.xcconfig */ = {isa = PBXFileReference; includeInIndex = 1; lastKnownFileType = text.xcconfig; name = "Pods-JasmineUITests.debug.xcconfig"; path = "Pods/Target Support Files/Pods-JasmineUITests/Pods-JasmineUITests.debug.xcconfig"; sourceTree = "<group>"; };
		50989DB41E6D8B16009A86C8 /* TetrisGameData.swift */ = {isa = PBXFileReference; fileEncoding = 4; lastKnownFileType = sourcecode.swift; path = TetrisGameData.swift; sourceTree = "<group>"; };
		50989DB81E6D8B16009A86C8 /* TetrisViewModel.swift */ = {isa = PBXFileReference; fileEncoding = 4; lastKnownFileType = sourcecode.swift; path = TetrisViewModel.swift; sourceTree = "<group>"; };
		50989DBB1E6D8B16009A86C8 /* GridGameData.swift */ = {isa = PBXFileReference; fileEncoding = 4; lastKnownFileType = sourcecode.swift; path = GridGameData.swift; sourceTree = "<group>"; };
		50989DBF1E6D8B16009A86C8 /* GridViewModel.swift */ = {isa = PBXFileReference; fileEncoding = 4; lastKnownFileType = sourcecode.swift; path = GridViewModel.swift; sourceTree = "<group>"; };
		50989DC21E6D8B16009A86C8 /* Constants.swift */ = {isa = PBXFileReference; fileEncoding = 4; lastKnownFileType = sourcecode.swift; path = Constants.swift; sourceTree = "<group>"; };
		50989DC31E6D8B16009A86C8 /* SoundService.swift */ = {isa = PBXFileReference; fileEncoding = 4; lastKnownFileType = sourcecode.swift; path = SoundService.swift; sourceTree = "<group>"; };
		50989DC51E6D8B16009A86C8 /* GameData.swift */ = {isa = PBXFileReference; fileEncoding = 4; lastKnownFileType = sourcecode.swift; path = GameData.swift; sourceTree = "<group>"; };
		50989DC61E6D8B16009A86C8 /* GameDataProtocol.swift */ = {isa = PBXFileReference; fileEncoding = 4; lastKnownFileType = sourcecode.swift; path = GameDataProtocol.swift; sourceTree = "<group>"; };
		50989DC71E6D8B16009A86C8 /* Phrase.swift */ = {isa = PBXFileReference; fileEncoding = 4; lastKnownFileType = sourcecode.swift; path = Phrase.swift; sourceTree = "<group>"; };
		50989DC91E6D8B16009A86C8 /* HomeScreenViewController.swift */ = {isa = PBXFileReference; fileEncoding = 4; lastKnownFileType = sourcecode.swift; path = HomeScreenViewController.swift; sourceTree = "<group>"; };
		50989DCB1E6D8B16009A86C8 /* GameViewModel.swift */ = {isa = PBXFileReference; fileEncoding = 4; lastKnownFileType = sourcecode.swift; path = GameViewModel.swift; sourceTree = "<group>"; };
		50989DCE1E6D8B16009A86C8 /* FlappyGameData.swift */ = {isa = PBXFileReference; fileEncoding = 4; lastKnownFileType = sourcecode.swift; path = FlappyGameData.swift; sourceTree = "<group>"; };
		50989DD21E6D8B16009A86C8 /* FlappyViewModel.swift */ = {isa = PBXFileReference; fileEncoding = 4; lastKnownFileType = sourcecode.swift; path = FlappyViewModel.swift; sourceTree = "<group>"; };
		50989DE51E6D8BBD009A86C8 /* AppDelegate.swift */ = {isa = PBXFileReference; fileEncoding = 4; lastKnownFileType = sourcecode.swift; path = AppDelegate.swift; sourceTree = "<group>"; };
		50989DE61E6D8BBD009A86C8 /* Info.plist */ = {isa = PBXFileReference; fileEncoding = 4; lastKnownFileType = text.plist.xml; path = Info.plist; sourceTree = "<group>"; };
		50F191BE1E7AE04500EE9A75 /* CoordinateTests.swift */ = {isa = PBXFileReference; fileEncoding = 4; lastKnownFileType = sourcecode.swift; path = CoordinateTests.swift; sourceTree = "<group>"; };
		5DD6CEB80211B4DBEFC5D5D3 /* Pods_JasmineUITests.framework */ = {isa = PBXFileReference; explicitFileType = wrapper.framework; includeInIndex = 0; path = Pods_JasmineUITests.framework; sourceTree = BUILT_PRODUCTS_DIR; };
		A260C61D1E6AB30400782103 /* Jasmine.app */ = {isa = PBXFileReference; explicitFileType = wrapper.application; includeInIndex = 0; path = Jasmine.app; sourceTree = BUILT_PRODUCTS_DIR; };
		A260C6251E6AB30400782103 /* Base */ = {isa = PBXFileReference; lastKnownFileType = file.storyboard; name = Base; path = Base.lproj/Main.storyboard; sourceTree = "<group>"; };
		A260C6271E6AB30400782103 /* Assets.xcassets */ = {isa = PBXFileReference; lastKnownFileType = folder.assetcatalog; path = Assets.xcassets; sourceTree = "<group>"; };
		A260C62A1E6AB30400782103 /* Base */ = {isa = PBXFileReference; lastKnownFileType = file.storyboard; name = Base; path = Base.lproj/LaunchScreen.storyboard; sourceTree = "<group>"; };
		A260C6311E6AB30400782103 /* JasmineTests.xctest */ = {isa = PBXFileReference; explicitFileType = wrapper.cfbundle; includeInIndex = 0; path = JasmineTests.xctest; sourceTree = BUILT_PRODUCTS_DIR; };
		A260C6371E6AB30400782103 /* Info.plist */ = {isa = PBXFileReference; lastKnownFileType = text.plist.xml; path = Info.plist; sourceTree = "<group>"; };
		A260C63C1E6AB30400782103 /* JasmineUITests.xctest */ = {isa = PBXFileReference; explicitFileType = wrapper.cfbundle; includeInIndex = 0; path = JasmineUITests.xctest; sourceTree = BUILT_PRODUCTS_DIR; };
		A260C6401E6AB30400782103 /* JasmineUITests.swift */ = {isa = PBXFileReference; lastKnownFileType = sourcecode.swift; path = JasmineUITests.swift; sourceTree = "<group>"; };
		A260C6421E6AB30400782103 /* Info.plist */ = {isa = PBXFileReference; lastKnownFileType = text.plist.xml; path = Info.plist; sourceTree = "<group>"; };
		B0F92A417FF0A33A2C39DC68 /* Pods-JasmineUITests.release.xcconfig */ = {isa = PBXFileReference; includeInIndex = 1; lastKnownFileType = text.xcconfig; name = "Pods-JasmineUITests.release.xcconfig"; path = "Pods/Target Support Files/Pods-JasmineUITests/Pods-JasmineUITests.release.xcconfig"; sourceTree = "<group>"; };
		B1302F74452DAF05FDF7A169 /* Pods_JasmineTests.framework */ = {isa = PBXFileReference; explicitFileType = wrapper.framework; includeInIndex = 0; path = Pods_JasmineTests.framework; sourceTree = BUILT_PRODUCTS_DIR; };
		CDF6F46CAE49685937742BCB /* Pods-JasmineTests.debug.xcconfig */ = {isa = PBXFileReference; includeInIndex = 1; lastKnownFileType = text.xcconfig; name = "Pods-JasmineTests.debug.xcconfig"; path = "Pods/Target Support Files/Pods-JasmineTests/Pods-JasmineTests.debug.xcconfig"; sourceTree = "<group>"; };
		DF2D21E91E743BC500094381 /* GridStoryboard.storyboard */ = {isa = PBXFileReference; fileEncoding = 4; lastKnownFileType = file.storyboard; path = GridStoryboard.storyboard; sourceTree = "<group>"; };
		DF2D21EB1E743C8700094381 /* GridGameViewController.swift */ = {isa = PBXFileReference; fileEncoding = 4; lastKnownFileType = sourcecode.swift; path = GridGameViewController.swift; sourceTree = "<group>"; };
		DF6149311E7BD6300017B6DD /* GeometryUtilsTest.swift */ = {isa = PBXFileReference; fileEncoding = 4; lastKnownFileType = sourcecode.swift; name = GeometryUtilsTest.swift; path = Common/Helpers/GeometryUtilsTest.swift; sourceTree = "<group>"; };
		DF6320071E7424A500AA9B50 /* TetrisStoryboard.storyboard */ = {isa = PBXFileReference; fileEncoding = 4; lastKnownFileType = file.storyboard; path = TetrisStoryboard.storyboard; sourceTree = "<group>"; };
		DFB3426C1E77E6AA00D2FE09 /* GridGameEngineProtocol.swift */ = {isa = PBXFileReference; fileEncoding = 4; lastKnownFileType = sourcecode.swift; path = GridGameEngineProtocol.swift; sourceTree = "<group>"; };
		DFB3426E1E77E77900D2FE09 /* BaseGameEngineProtocol.swift */ = {isa = PBXFileReference; fileEncoding = 4; lastKnownFileType = sourcecode.swift; path = BaseGameEngineProtocol.swift; sourceTree = "<group>"; };
		DFB342701E77EB6700D2FE09 /* Coordinate.swift */ = {isa = PBXFileReference; fileEncoding = 4; lastKnownFileType = sourcecode.swift; path = Coordinate.swift; sourceTree = "<group>"; };
		DFB342741E77F06400D2FE09 /* BaseGameViewControllerDelegate.swift */ = {isa = PBXFileReference; fileEncoding = 4; lastKnownFileType = sourcecode.swift; path = BaseGameViewControllerDelegate.swift; sourceTree = "<group>"; };
		DFB342761E77F5F200D2FE09 /* FlappyGameEngineProtocol.swift */ = {isa = PBXFileReference; fileEncoding = 4; lastKnownFileType = sourcecode.swift; path = FlappyGameEngineProtocol.swift; sourceTree = "<group>"; };
		DFB95A051E785D2E005EE2A4 /* TetrisGameEngineProtocol.swift */ = {isa = PBXFileReference; fileEncoding = 4; lastKnownFileType = sourcecode.swift; path = TetrisGameEngineProtocol.swift; sourceTree = "<group>"; };
		DFCA8C191E753E0100A9C9B5 /* GeometryUtils.swift */ = {isa = PBXFileReference; fileEncoding = 4; lastKnownFileType = sourcecode.swift; path = GeometryUtils.swift; sourceTree = "<group>"; };
		DFE427BE1E744D3D00A837BD /* SquareTextViewCell.swift */ = {isa = PBXFileReference; fileEncoding = 4; lastKnownFileType = sourcecode.swift; path = SquareTextViewCell.swift; sourceTree = "<group>"; };
		DFE427C01E74F78600A837BD /* SquareTextView.swift */ = {isa = PBXFileReference; fileEncoding = 4; lastKnownFileType = sourcecode.swift; path = SquareTextView.swift; sourceTree = "<group>"; };
		DFB95A071E785ED9005EE2A4 /* GridGameViewControllerDelegate.swift */ = {isa = PBXFileReference; fileEncoding = 4; lastKnownFileType = sourcecode.swift; path = GridGameViewControllerDelegate.swift; sourceTree = "<group>"; };
		DFB95A091E785FA4005EE2A4 /* FlappyGameViewControllerDelegate.swift */ = {isa = PBXFileReference; fileEncoding = 4; lastKnownFileType = sourcecode.swift; path = FlappyGameViewControllerDelegate.swift; sourceTree = "<group>"; };
		DFB95A0B1E786044005EE2A4 /* TetrisGameViewControllerDelegate.swift */ = {isa = PBXFileReference; fileEncoding = 4; lastKnownFileType = sourcecode.swift; path = TetrisGameViewControllerDelegate.swift; sourceTree = "<group>"; };
		DFE7B2DD1E78EBB200FA27B7 /* GameStatus.swift */ = {isa = PBXFileReference; fileEncoding = 4; lastKnownFileType = sourcecode.swift; path = GameStatus.swift; sourceTree = "<group>"; };
		FC0AD02B711C61B2492AE255 /* Pods-Jasmine.release.xcconfig */ = {isa = PBXFileReference; includeInIndex = 1; lastKnownFileType = text.xcconfig; name = "Pods-Jasmine.release.xcconfig"; path = "Pods/Target Support Files/Pods-Jasmine/Pods-Jasmine.release.xcconfig"; sourceTree = "<group>"; };
		FF297B9535BBD99F827421B6 /* Pods-JasmineTests.release.xcconfig */ = {isa = PBXFileReference; includeInIndex = 1; lastKnownFileType = text.xcconfig; name = "Pods-JasmineTests.release.xcconfig"; path = "Pods/Target Support Files/Pods-JasmineTests/Pods-JasmineTests.release.xcconfig"; sourceTree = "<group>"; };
/* End PBXFileReference section */

/* Begin PBXFrameworksBuildPhase section */
		A260C61A1E6AB30400782103 /* Frameworks */ = {
			isa = PBXFrameworksBuildPhase;
			buildActionMask = 2147483647;
			files = (
				0CF9D2BB3EBC822ACB7FF766 /* Pods_Jasmine.framework in Frameworks */,
			);
			runOnlyForDeploymentPostprocessing = 0;
		};
		A260C62E1E6AB30400782103 /* Frameworks */ = {
			isa = PBXFrameworksBuildPhase;
			buildActionMask = 2147483647;
			files = (
				4EA886212AABEB7ED888C04C /* Pods_JasmineTests.framework in Frameworks */,
			);
			runOnlyForDeploymentPostprocessing = 0;
		};
		A260C6391E6AB30400782103 /* Frameworks */ = {
			isa = PBXFrameworksBuildPhase;
			buildActionMask = 2147483647;
			files = (
				BD025B06A527CD03DA811285 /* Pods_JasmineUITests.framework in Frameworks */,
			);
			runOnlyForDeploymentPostprocessing = 0;
		};
/* End PBXFrameworksBuildPhase section */

/* Begin PBXGroup section */
		4F925529F1FCEF5E5A4CE750 /* Frameworks */ = {
			isa = PBXGroup;
			children = (
				3488CBDFD470562B328D58A2 /* Pods_Jasmine.framework */,
				B1302F74452DAF05FDF7A169 /* Pods_JasmineTests.framework */,
				5DD6CEB80211B4DBEFC5D5D3 /* Pods_JasmineUITests.framework */,
			);
			name = Frameworks;
			sourceTree = "<group>";
		};
		50989DB51E6D8B16009A86C8 /* Models */ = {
			isa = PBXGroup;
			children = (
				50989DB41E6D8B16009A86C8 /* TetrisGameData.swift */,
			);
			path = Models;
			sourceTree = "<group>";
		};
		50989DB71E6D8B16009A86C8 /* ViewControllers */ = {
			isa = PBXGroup;
			children = (
				DF6320071E7424A500AA9B50 /* TetrisStoryboard.storyboard */,
				DFB95A0B1E786044005EE2A4 /* TetrisGameViewControllerDelegate.swift */,
			);
			path = ViewControllers;
			sourceTree = "<group>";
		};
		50989DB91E6D8B16009A86C8 /* ViewModels */ = {
			isa = PBXGroup;
			children = (
				DFB95A051E785D2E005EE2A4 /* TetrisGameEngineProtocol.swift */,
				50989DB81E6D8B16009A86C8 /* TetrisViewModel.swift */,
			);
			path = ViewModels;
			sourceTree = "<group>";
		};
		50989DBA1E6D8B16009A86C8 /* Tetris */ = {
			isa = PBXGroup;
			children = (
				50989DB51E6D8B16009A86C8 /* Models */,
				50989DB71E6D8B16009A86C8 /* ViewControllers */,
				50989DB91E6D8B16009A86C8 /* ViewModels */,
			);
			path = Tetris;
			sourceTree = "<group>";
		};
		50989DBC1E6D8B16009A86C8 /* Models */ = {
			isa = PBXGroup;
			children = (
				50989DBB1E6D8B16009A86C8 /* GridGameData.swift */,
			);
			path = Models;
			sourceTree = "<group>";
		};
		50989DBE1E6D8B16009A86C8 /* ViewControllers */ = {
			isa = PBXGroup;
			children = (
				DF2D21E91E743BC500094381 /* GridStoryboard.storyboard */,
				DF2D21EB1E743C8700094381 /* GridGameViewController.swift */,
				DFB95A071E785ED9005EE2A4 /* GridGameViewControllerDelegate.swift */,
			);
			path = ViewControllers;
			sourceTree = "<group>";
		};
		50989DC01E6D8B16009A86C8 /* ViewModels */ = {
			isa = PBXGroup;
			children = (
				DFB3426C1E77E6AA00D2FE09 /* GridGameEngineProtocol.swift */,
				50989DBF1E6D8B16009A86C8 /* GridViewModel.swift */,
			);
			path = ViewModels;
			sourceTree = "<group>";
		};
		50989DC11E6D8B16009A86C8 /* Grid */ = {
			isa = PBXGroup;
			children = (
				DFE427BD1E744CFE00A837BD /* Views */,
				50989DBC1E6D8B16009A86C8 /* Models */,
				50989DBE1E6D8B16009A86C8 /* ViewControllers */,
				50989DC01E6D8B16009A86C8 /* ViewModels */,
			);
			path = Grid;
			sourceTree = "<group>";
		};
		50989DC41E6D8B16009A86C8 /* Helpers */ = {
			isa = PBXGroup;
			children = (
				50989DC31E6D8B16009A86C8 /* SoundService.swift */,
				DFCA8C191E753E0100A9C9B5 /* GeometryUtils.swift */,
			);
			path = Helpers;
			sourceTree = "<group>";
		};
		50989DC81E6D8B16009A86C8 /* Models */ = {
			isa = PBXGroup;
			children = (
				DFB342701E77EB6700D2FE09 /* Coordinate.swift */,
				50989DC51E6D8B16009A86C8 /* GameData.swift */,
				50989DC61E6D8B16009A86C8 /* GameDataProtocol.swift */,
				DFE7B2DD1E78EBB200FA27B7 /* GameStatus.swift */,
				50989DC71E6D8B16009A86C8 /* Phrase.swift */,
			);
			path = Models;
			sourceTree = "<group>";
		};
		50989DCA1E6D8B16009A86C8 /* ViewControllers */ = {
			isa = PBXGroup;
			children = (
				50989DC91E6D8B16009A86C8 /* HomeScreenViewController.swift */,
				DFB342741E77F06400D2FE09 /* BaseGameViewControllerDelegate.swift */,
			);
			path = ViewControllers;
			sourceTree = "<group>";
		};
		50989DCC1E6D8B16009A86C8 /* ViewModels */ = {
			isa = PBXGroup;
			children = (
				DFB3426E1E77E77900D2FE09 /* BaseGameEngineProtocol.swift */,
				50989DCB1E6D8B16009A86C8 /* GameViewModel.swift */,
			);
			path = ViewModels;
			sourceTree = "<group>";
		};
		50989DCD1E6D8B16009A86C8 /* Common */ = {
			isa = PBXGroup;
			children = (
				50989DC41E6D8B16009A86C8 /* Helpers */,
				50989DC81E6D8B16009A86C8 /* Models */,
				50989DCA1E6D8B16009A86C8 /* ViewControllers */,
				50989DCC1E6D8B16009A86C8 /* ViewModels */,
				50989DE51E6D8BBD009A86C8 /* AppDelegate.swift */,
				A260C6271E6AB30400782103 /* Assets.xcassets */,
				50989DC21E6D8B16009A86C8 /* Constants.swift */,
				50989DE61E6D8BBD009A86C8 /* Info.plist */,
				A260C6291E6AB30400782103 /* LaunchScreen.storyboard */,
				A260C6241E6AB30400782103 /* Main.storyboard */,
			);
			path = Common;
			sourceTree = "<group>";
		};
		50989DCF1E6D8B16009A86C8 /* Models */ = {
			isa = PBXGroup;
			children = (
				50989DCE1E6D8B16009A86C8 /* FlappyGameData.swift */,
			);
			path = Models;
			sourceTree = "<group>";
		};
		50989DD11E6D8B16009A86C8 /* ViewControllers */ = {
			isa = PBXGroup;
			children = (
				DFB95A091E785FA4005EE2A4 /* FlappyGameViewControllerDelegate.swift */,
			);
			path = ViewControllers;
			sourceTree = "<group>";
		};
		50989DD31E6D8B16009A86C8 /* ViewModels */ = {
			isa = PBXGroup;
			children = (
				DFB342761E77F5F200D2FE09 /* FlappyGameEngineProtocol.swift */,
				50989DD21E6D8B16009A86C8 /* FlappyViewModel.swift */,
			);
			path = ViewModels;
			sourceTree = "<group>";
		};
		50989DD41E6D8B16009A86C8 /* Flappy */ = {
			isa = PBXGroup;
			children = (
				50989DCF1E6D8B16009A86C8 /* Models */,
				50989DD11E6D8B16009A86C8 /* ViewControllers */,
				50989DD31E6D8B16009A86C8 /* ViewModels */,
			);
			path = Flappy;
			sourceTree = "<group>";
		};
		50BB58D66BC620D2B41E2E2D /* Pods */ = {
			isa = PBXGroup;
			children = (
				35434779D1F24DD64383DF65 /* Pods-Jasmine.debug.xcconfig */,
				FC0AD02B711C61B2492AE255 /* Pods-Jasmine.release.xcconfig */,
				CDF6F46CAE49685937742BCB /* Pods-JasmineTests.debug.xcconfig */,
				FF297B9535BBD99F827421B6 /* Pods-JasmineTests.release.xcconfig */,
				379F12059637B53A50B97F3B /* Pods-JasmineUITests.debug.xcconfig */,
				B0F92A417FF0A33A2C39DC68 /* Pods-JasmineUITests.release.xcconfig */,
			);
			name = Pods;
			sourceTree = "<group>";
		};
		50F191A61E7ADC3D00EE9A75 /* Common */ = {
			isa = PBXGroup;
			children = (
				50F191A71E7ADC4500EE9A75 /* Helpers */,
				50F191A81E7ADC4800EE9A75 /* Models */,
				50F191A91E7ADC4C00EE9A75 /* ViewControllers */,
				50F191AA1E7ADC5000EE9A75 /* ViewModels */,
			);
			path = Common;
			sourceTree = "<group>";
		};
		50F191A71E7ADC4500EE9A75 /* Helpers */ = {
			isa = PBXGroup;
			children = (
				DF6149311E7BD6300017B6DD /* GeometryUtilsTest.swift */,
			);
			path = Helpers;
			sourceTree = "<group>";
		};
		50F191A81E7ADC4800EE9A75 /* Models */ = {
			isa = PBXGroup;
			children = (
				50F191BE1E7AE04500EE9A75 /* CoordinateTests.swift */,
			);
			path = Models;
			sourceTree = "<group>";
		};
		50F191A91E7ADC4C00EE9A75 /* ViewControllers */ = {
			isa = PBXGroup;
			children = (
			);
			path = ViewControllers;
			sourceTree = "<group>";
		};
		50F191AA1E7ADC5000EE9A75 /* ViewModels */ = {
			isa = PBXGroup;
			children = (
			);
			path = ViewModels;
			sourceTree = "<group>";
		};
		50F191AB1E7ADC6D00EE9A75 /* Tetris */ = {
			isa = PBXGroup;
			children = (
				50F191AE1E7ADC8600EE9A75 /* Models */,
				50F191AD1E7ADC8000EE9A75 /* ViewControllers */,
				50F191AC1E7ADC7A00EE9A75 /* ViewModels */,
			);
			path = Tetris;
			sourceTree = "<group>";
		};
		50F191AC1E7ADC7A00EE9A75 /* ViewModels */ = {
			isa = PBXGroup;
			children = (
			);
			path = ViewModels;
			sourceTree = "<group>";
		};
		50F191AD1E7ADC8000EE9A75 /* ViewControllers */ = {
			isa = PBXGroup;
			children = (
			);
			path = ViewControllers;
			sourceTree = "<group>";
		};
		50F191AE1E7ADC8600EE9A75 /* Models */ = {
			isa = PBXGroup;
			children = (
			);
			path = Models;
			sourceTree = "<group>";
		};
		50F191B01E7ADCA200EE9A75 /* Grid */ = {
			isa = PBXGroup;
			children = (
				50F191B41E7ADCB700EE9A75 /* Models */,
				50F191B31E7ADCB200EE9A75 /* ViewControllers */,
				50F191B21E7ADCAE00EE9A75 /* ViewModels */,
			);
			path = Grid;
			sourceTree = "<group>";
		};
		50F191B11E7ADCA600EE9A75 /* Flappy */ = {
			isa = PBXGroup;
			children = (
				50F191B71E7ADCC800EE9A75 /* Models */,
				50F191B61E7ADCC200EE9A75 /* ViewControllers */,
				50F191B51E7ADCBE00EE9A75 /* ViewModels */,
			);
			path = Flappy;
			sourceTree = "<group>";
		};
		50F191B21E7ADCAE00EE9A75 /* ViewModels */ = {
			isa = PBXGroup;
			children = (
			);
			path = ViewModels;
			sourceTree = "<group>";
		};
		50F191B31E7ADCB200EE9A75 /* ViewControllers */ = {
			isa = PBXGroup;
			children = (
			);
			path = ViewControllers;
			sourceTree = "<group>";
		};
		50F191B41E7ADCB700EE9A75 /* Models */ = {
			isa = PBXGroup;
			children = (
			);
			path = Models;
			sourceTree = "<group>";
		};
		50F191B51E7ADCBE00EE9A75 /* ViewModels */ = {
			isa = PBXGroup;
			children = (
			);
			path = ViewModels;
			sourceTree = "<group>";
		};
		50F191B61E7ADCC200EE9A75 /* ViewControllers */ = {
			isa = PBXGroup;
			children = (
			);
			path = ViewControllers;
			sourceTree = "<group>";
		};
		50F191B71E7ADCC800EE9A75 /* Models */ = {
			isa = PBXGroup;
			children = (
			);
			path = Models;
			sourceTree = "<group>";
		};
		A260C6141E6AB30400782103 = {
			isa = PBXGroup;
			children = (
				4F925529F1FCEF5E5A4CE750 /* Frameworks */,
				A260C61F1E6AB30400782103 /* Jasmine */,
				A260C6341E6AB30400782103 /* JasmineTests */,
				A260C63F1E6AB30400782103 /* JasmineUITests */,
				50BB58D66BC620D2B41E2E2D /* Pods */,
				A260C61E1E6AB30400782103 /* Products */,
			);
			sourceTree = "<group>";
		};
		A260C61E1E6AB30400782103 /* Products */ = {
			isa = PBXGroup;
			children = (
				A260C61D1E6AB30400782103 /* Jasmine.app */,
				A260C6311E6AB30400782103 /* JasmineTests.xctest */,
				A260C63C1E6AB30400782103 /* JasmineUITests.xctest */,
			);
			name = Products;
			sourceTree = "<group>";
		};
		A260C61F1E6AB30400782103 /* Jasmine */ = {
			isa = PBXGroup;
			children = (
				50989DCD1E6D8B16009A86C8 /* Common */,
				50989DD41E6D8B16009A86C8 /* Flappy */,
				50989DC11E6D8B16009A86C8 /* Grid */,
				50989DBA1E6D8B16009A86C8 /* Tetris */,
			);
			path = Jasmine;
			sourceTree = "<group>";
		};
		A260C6341E6AB30400782103 /* JasmineTests */ = {
			isa = PBXGroup;
			children = (
				50F191A61E7ADC3D00EE9A75 /* Common */,
				50F191B11E7ADCA600EE9A75 /* Flappy */,
				50F191B01E7ADCA200EE9A75 /* Grid */,
				50F191AB1E7ADC6D00EE9A75 /* Tetris */,
				A260C6371E6AB30400782103 /* Info.plist */,
			);
			path = JasmineTests;
			sourceTree = "<group>";
		};
		A260C63F1E6AB30400782103 /* JasmineUITests */ = {
			isa = PBXGroup;
			children = (
				A260C6421E6AB30400782103 /* Info.plist */,
				A260C6401E6AB30400782103 /* JasmineUITests.swift */,
			);
			path = JasmineUITests;
			sourceTree = "<group>";
		};
		DFE427BA1E744B6800A837BD /* Extensions */ = {
			isa = PBXGroup;
			children = (
			);
			name = Extensions;
			sourceTree = "<group>";
		};
		DFE427BD1E744CFE00A837BD /* Views */ = {
			isa = PBXGroup;
			children = (
				DFE427BE1E744D3D00A837BD /* SquareTextViewCell.swift */,
				DFE427C01E74F78600A837BD /* SquareTextView.swift */,
			);
			name = Views;
			sourceTree = "<group>";
		};
/* End PBXGroup section */

/* Begin PBXNativeTarget section */
		A260C61C1E6AB30400782103 /* Jasmine */ = {
			isa = PBXNativeTarget;
			buildConfigurationList = A260C6451E6AB30400782103 /* Build configuration list for PBXNativeTarget "Jasmine" */;
			buildPhases = (
				7E0A70CF6F2BAA3DCED4965E /* [CP] Check Pods Manifest.lock */,
				505E073D1E7BE7CE00CEE8BF /* Synx */,
				A260C64E1E6AB3DC00782103 /* Swiftlint Autocorrect */,
				A260C6191E6AB30400782103 /* Sources */,
				A260C61A1E6AB30400782103 /* Frameworks */,
				A260C61B1E6AB30400782103 /* Resources */,
				3243BD3D7E2F5F45E4E56D47 /* [CP] Embed Pods Frameworks */,
				154757E62370A1C8EAF1512D /* [CP] Copy Pods Resources */,
			);
			buildRules = (
			);
			dependencies = (
			);
			name = Jasmine;
			productName = Jasmine;
			productReference = A260C61D1E6AB30400782103 /* Jasmine.app */;
			productType = "com.apple.product-type.application";
		};
		A260C6301E6AB30400782103 /* JasmineTests */ = {
			isa = PBXNativeTarget;
			buildConfigurationList = A260C6481E6AB30400782103 /* Build configuration list for PBXNativeTarget "JasmineTests" */;
			buildPhases = (
				49F1BFDCEEE16B5EAC19DF6E /* [CP] Check Pods Manifest.lock */,
				A260C62D1E6AB30400782103 /* Sources */,
				A260C62E1E6AB30400782103 /* Frameworks */,
				A260C62F1E6AB30400782103 /* Resources */,
				9ED476CC4CBB26CACB5925AC /* [CP] Embed Pods Frameworks */,
				6C30C7D33289147D19E045E9 /* [CP] Copy Pods Resources */,
			);
			buildRules = (
			);
			dependencies = (
				A260C6331E6AB30400782103 /* PBXTargetDependency */,
			);
			name = JasmineTests;
			productName = JasmineTests;
			productReference = A260C6311E6AB30400782103 /* JasmineTests.xctest */;
			productType = "com.apple.product-type.bundle.unit-test";
		};
		A260C63B1E6AB30400782103 /* JasmineUITests */ = {
			isa = PBXNativeTarget;
			buildConfigurationList = A260C64B1E6AB30400782103 /* Build configuration list for PBXNativeTarget "JasmineUITests" */;
			buildPhases = (
				EBA48037FE7DCCE36E9E204E /* [CP] Check Pods Manifest.lock */,
				A260C6381E6AB30400782103 /* Sources */,
				A260C6391E6AB30400782103 /* Frameworks */,
				A260C63A1E6AB30400782103 /* Resources */,
				B0EC76671E171577C9FDD233 /* [CP] Embed Pods Frameworks */,
				A813EBADD2106F05186F6114 /* [CP] Copy Pods Resources */,
			);
			buildRules = (
			);
			dependencies = (
				A260C63E1E6AB30400782103 /* PBXTargetDependency */,
			);
			name = JasmineUITests;
			productName = JasmineUITests;
			productReference = A260C63C1E6AB30400782103 /* JasmineUITests.xctest */;
			productType = "com.apple.product-type.bundle.ui-testing";
		};
/* End PBXNativeTarget section */

/* Begin PBXProject section */
		A260C6151E6AB30400782103 /* Project object */ = {
			isa = PBXProject;
			attributes = {
				LastSwiftUpdateCheck = 0820;
				LastUpgradeCheck = 0820;
				ORGANIZATIONNAME = nus.cs3217;
				TargetAttributes = {
					A260C61C1E6AB30400782103 = {
						CreatedOnToolsVersion = 8.2.1;
						DevelopmentTeam = W76H98A34A;
						ProvisioningStyle = Automatic;
					};
					A260C6301E6AB30400782103 = {
						CreatedOnToolsVersion = 8.2.1;
						LastSwiftMigration = 0820;
						ProvisioningStyle = Automatic;
						TestTargetID = A260C61C1E6AB30400782103;
					};
					A260C63B1E6AB30400782103 = {
						CreatedOnToolsVersion = 8.2.1;
						ProvisioningStyle = Automatic;
						TestTargetID = A260C61C1E6AB30400782103;
					};
				};
			};
			buildConfigurationList = A260C6181E6AB30400782103 /* Build configuration list for PBXProject "Jasmine" */;
			compatibilityVersion = "Xcode 3.2";
			developmentRegion = English;
			hasScannedForEncodings = 0;
			knownRegions = (
				en,
				Base,
			);
			mainGroup = A260C6141E6AB30400782103;
			productRefGroup = A260C61E1E6AB30400782103 /* Products */;
			projectDirPath = "";
			projectRoot = "";
			targets = (
				A260C61C1E6AB30400782103 /* Jasmine */,
				A260C6301E6AB30400782103 /* JasmineTests */,
				A260C63B1E6AB30400782103 /* JasmineUITests */,
			);
		};
/* End PBXProject section */

/* Begin PBXResourcesBuildPhase section */
		A260C61B1E6AB30400782103 /* Resources */ = {
			isa = PBXResourcesBuildPhase;
			buildActionMask = 2147483647;
			files = (
				A260C62B1E6AB30400782103 /* LaunchScreen.storyboard in Resources */,
				DF2D21EA1E743BC500094381 /* GridStoryboard.storyboard in Resources */,
				A260C6281E6AB30400782103 /* Assets.xcassets in Resources */,
				DF6320081E7424A500AA9B50 /* TetrisStoryboard.storyboard in Resources */,
				A260C6261E6AB30400782103 /* Main.storyboard in Resources */,
			);
			runOnlyForDeploymentPostprocessing = 0;
		};
		A260C62F1E6AB30400782103 /* Resources */ = {
			isa = PBXResourcesBuildPhase;
			buildActionMask = 2147483647;
			files = (
			);
			runOnlyForDeploymentPostprocessing = 0;
		};
		A260C63A1E6AB30400782103 /* Resources */ = {
			isa = PBXResourcesBuildPhase;
			buildActionMask = 2147483647;
			files = (
			);
			runOnlyForDeploymentPostprocessing = 0;
		};
/* End PBXResourcesBuildPhase section */

/* Begin PBXShellScriptBuildPhase section */
		154757E62370A1C8EAF1512D /* [CP] Copy Pods Resources */ = {
			isa = PBXShellScriptBuildPhase;
			buildActionMask = 2147483647;
			files = (
			);
			inputPaths = (
			);
			name = "[CP] Copy Pods Resources";
			outputPaths = (
			);
			runOnlyForDeploymentPostprocessing = 0;
			shellPath = /bin/sh;
			shellScript = "\"${SRCROOT}/Pods/Target Support Files/Pods-Jasmine/Pods-Jasmine-resources.sh\"\n";
			showEnvVarsInLog = 0;
		};
		3243BD3D7E2F5F45E4E56D47 /* [CP] Embed Pods Frameworks */ = {
			isa = PBXShellScriptBuildPhase;
			buildActionMask = 2147483647;
			files = (
			);
			inputPaths = (
			);
			name = "[CP] Embed Pods Frameworks";
			outputPaths = (
			);
			runOnlyForDeploymentPostprocessing = 0;
			shellPath = /bin/sh;
			shellScript = "\"${SRCROOT}/Pods/Target Support Files/Pods-Jasmine/Pods-Jasmine-frameworks.sh\"\n";
			showEnvVarsInLog = 0;
		};
		49F1BFDCEEE16B5EAC19DF6E /* [CP] Check Pods Manifest.lock */ = {
			isa = PBXShellScriptBuildPhase;
			buildActionMask = 2147483647;
			files = (
			);
			inputPaths = (
			);
			name = "[CP] Check Pods Manifest.lock";
			outputPaths = (
			);
			runOnlyForDeploymentPostprocessing = 0;
			shellPath = /bin/sh;
			shellScript = "diff \"${PODS_ROOT}/../Podfile.lock\" \"${PODS_ROOT}/Manifest.lock\" > /dev/null\nif [ $? != 0 ] ; then\n    # print error to STDERR\n    echo \"error: The sandbox is not in sync with the Podfile.lock. Run 'pod install' or update your CocoaPods installation.\" >&2\n    exit 1\nfi\n";
			showEnvVarsInLog = 0;
		};
		505E073D1E7BE7CE00CEE8BF /* Synx */ = {
			isa = PBXShellScriptBuildPhase;
			buildActionMask = 2147483647;
			files = (
			);
			inputPaths = (
			);
			name = Synx;
			outputPaths = (
			);
			runOnlyForDeploymentPostprocessing = 0;
			shellPath = /bin/sh;
			shellScript = "if which synx > /dev/null; then\n    synx \"$PROJECT_FILE_PATH\"\nelse\n    echo \"Synx is not installed!\"\nfi";
		};
		6C30C7D33289147D19E045E9 /* [CP] Copy Pods Resources */ = {
			isa = PBXShellScriptBuildPhase;
			buildActionMask = 2147483647;
			files = (
			);
			inputPaths = (
			);
			name = "[CP] Copy Pods Resources";
			outputPaths = (
			);
			runOnlyForDeploymentPostprocessing = 0;
			shellPath = /bin/sh;
			shellScript = "\"${SRCROOT}/Pods/Target Support Files/Pods-JasmineTests/Pods-JasmineTests-resources.sh\"\n";
			showEnvVarsInLog = 0;
		};
		7E0A70CF6F2BAA3DCED4965E /* [CP] Check Pods Manifest.lock */ = {
			isa = PBXShellScriptBuildPhase;
			buildActionMask = 2147483647;
			files = (
			);
			inputPaths = (
			);
			name = "[CP] Check Pods Manifest.lock";
			outputPaths = (
			);
			runOnlyForDeploymentPostprocessing = 0;
			shellPath = /bin/sh;
			shellScript = "diff \"${PODS_ROOT}/../Podfile.lock\" \"${PODS_ROOT}/Manifest.lock\" > /dev/null\nif [ $? != 0 ] ; then\n    # print error to STDERR\n    echo \"error: The sandbox is not in sync with the Podfile.lock. Run 'pod install' or update your CocoaPods installation.\" >&2\n    exit 1\nfi\n";
			showEnvVarsInLog = 0;
		};
		9ED476CC4CBB26CACB5925AC /* [CP] Embed Pods Frameworks */ = {
			isa = PBXShellScriptBuildPhase;
			buildActionMask = 2147483647;
			files = (
			);
			inputPaths = (
			);
			name = "[CP] Embed Pods Frameworks";
			outputPaths = (
			);
			runOnlyForDeploymentPostprocessing = 0;
			shellPath = /bin/sh;
			shellScript = "\"${SRCROOT}/Pods/Target Support Files/Pods-JasmineTests/Pods-JasmineTests-frameworks.sh\"\n";
			showEnvVarsInLog = 0;
		};
		A260C64E1E6AB3DC00782103 /* Swiftlint Autocorrect */ = {
			isa = PBXShellScriptBuildPhase;
			buildActionMask = 2147483647;
			files = (
			);
			inputPaths = (
			);
			name = "Swiftlint Autocorrect";
			outputPaths = (
			);
			runOnlyForDeploymentPostprocessing = 0;
			shellPath = /bin/sh;
			shellScript = "\"$SRCROOT/scripts/swiftlint.sh\"";
		};
		A813EBADD2106F05186F6114 /* [CP] Copy Pods Resources */ = {
			isa = PBXShellScriptBuildPhase;
			buildActionMask = 2147483647;
			files = (
			);
			inputPaths = (
			);
			name = "[CP] Copy Pods Resources";
			outputPaths = (
			);
			runOnlyForDeploymentPostprocessing = 0;
			shellPath = /bin/sh;
			shellScript = "\"${SRCROOT}/Pods/Target Support Files/Pods-JasmineUITests/Pods-JasmineUITests-resources.sh\"\n";
			showEnvVarsInLog = 0;
		};
		B0EC76671E171577C9FDD233 /* [CP] Embed Pods Frameworks */ = {
			isa = PBXShellScriptBuildPhase;
			buildActionMask = 2147483647;
			files = (
			);
			inputPaths = (
			);
			name = "[CP] Embed Pods Frameworks";
			outputPaths = (
			);
			runOnlyForDeploymentPostprocessing = 0;
			shellPath = /bin/sh;
			shellScript = "\"${SRCROOT}/Pods/Target Support Files/Pods-JasmineUITests/Pods-JasmineUITests-frameworks.sh\"\n";
			showEnvVarsInLog = 0;
		};
		EBA48037FE7DCCE36E9E204E /* [CP] Check Pods Manifest.lock */ = {
			isa = PBXShellScriptBuildPhase;
			buildActionMask = 2147483647;
			files = (
			);
			inputPaths = (
			);
			name = "[CP] Check Pods Manifest.lock";
			outputPaths = (
			);
			runOnlyForDeploymentPostprocessing = 0;
			shellPath = /bin/sh;
			shellScript = "diff \"${PODS_ROOT}/../Podfile.lock\" \"${PODS_ROOT}/Manifest.lock\" > /dev/null\nif [ $? != 0 ] ; then\n    # print error to STDERR\n    echo \"error: The sandbox is not in sync with the Podfile.lock. Run 'pod install' or update your CocoaPods installation.\" >&2\n    exit 1\nfi\n";
			showEnvVarsInLog = 0;
		};
/* End PBXShellScriptBuildPhase section */

/* Begin PBXSourcesBuildPhase section */
		A260C6191E6AB30400782103 /* Sources */ = {
			isa = PBXSourcesBuildPhase;
			buildActionMask = 2147483647;
			files = (
				DFB95A0A1E785FA4005EE2A4 /* FlappyGameViewControllerDelegate.swift in Sources */,
				50989DDD1E6D8B16009A86C8 /* GameData.swift in Sources */,
				50989DE01E6D8B16009A86C8 /* HomeScreenViewController.swift in Sources */,
				50989DD51E6D8B16009A86C8 /* TetrisGameData.swift in Sources */,
				DFE7B2DE1E78EBB200FA27B7 /* GameStatus.swift in Sources */,
				50989DDA1E6D8B16009A86C8 /* GridViewModel.swift in Sources */,
				DFE427C11E74F78600A837BD /* SquareTextView.swift in Sources */,
				DFB95A0C1E786044005EE2A4 /* TetrisGameViewControllerDelegate.swift in Sources */,
				50989DDE1E6D8B16009A86C8 /* GameDataProtocol.swift in Sources */,
				50989DE11E6D8B16009A86C8 /* GameViewModel.swift in Sources */,
				50989DE21E6D8B16009A86C8 /* FlappyGameData.swift in Sources */,
				DF2D21EC1E743C8700094381 /* GridGameViewController.swift in Sources */,
				DFB3426F1E77E77900D2FE09 /* BaseGameEngineProtocol.swift in Sources */,
				DFB342771E77F5F200D2FE09 /* FlappyGameEngineProtocol.swift in Sources */,
				50989DDF1E6D8B16009A86C8 /* Phrase.swift in Sources */,
				DFE427BF1E744D3D00A837BD /* SquareTextViewCell.swift in Sources */,
				DFB95A081E785ED9005EE2A4 /* GridGameViewControllerDelegate.swift in Sources */,
				50989DD81E6D8B16009A86C8 /* GridGameData.swift in Sources */,
				DFB95A061E785D2E005EE2A4 /* TetrisGameEngineProtocol.swift in Sources */,
				50989DD71E6D8B16009A86C8 /* TetrisViewModel.swift in Sources */,
				DFB342751E77F06400D2FE09 /* BaseGameViewControllerDelegate.swift in Sources */,
				50989DDC1E6D8B16009A86C8 /* SoundService.swift in Sources */,
				50989DDB1E6D8B16009A86C8 /* Constants.swift in Sources */,
				DFCA8C1A1E753E0100A9C9B5 /* GeometryUtils.swift in Sources */,
				50989DE71E6D8BBD009A86C8 /* AppDelegate.swift in Sources */,
				50989DE41E6D8B16009A86C8 /* FlappyViewModel.swift in Sources */,
				DFB342711E77EB6700D2FE09 /* Coordinate.swift in Sources */,
				DFB3426D1E77E6AA00D2FE09 /* GridGameEngineProtocol.swift in Sources */,
			);
			runOnlyForDeploymentPostprocessing = 0;
		};
		A260C62D1E6AB30400782103 /* Sources */ = {
			isa = PBXSourcesBuildPhase;
			buildActionMask = 2147483647;
			files = (
				DF6149321E7BD6300017B6DD /* GeometryUtilsTest.swift in Sources */,
				50F191BF1E7AE04500EE9A75 /* CoordinateTests.swift in Sources */,
			);
			runOnlyForDeploymentPostprocessing = 0;
		};
		A260C6381E6AB30400782103 /* Sources */ = {
			isa = PBXSourcesBuildPhase;
			buildActionMask = 2147483647;
			files = (
				A260C6411E6AB30400782103 /* JasmineUITests.swift in Sources */,
			);
			runOnlyForDeploymentPostprocessing = 0;
		};
/* End PBXSourcesBuildPhase section */

/* Begin PBXTargetDependency section */
		A260C6331E6AB30400782103 /* PBXTargetDependency */ = {
			isa = PBXTargetDependency;
			target = A260C61C1E6AB30400782103 /* Jasmine */;
			targetProxy = A260C6321E6AB30400782103 /* PBXContainerItemProxy */;
		};
		A260C63E1E6AB30400782103 /* PBXTargetDependency */ = {
			isa = PBXTargetDependency;
			target = A260C61C1E6AB30400782103 /* Jasmine */;
			targetProxy = A260C63D1E6AB30400782103 /* PBXContainerItemProxy */;
		};
/* End PBXTargetDependency section */

/* Begin PBXVariantGroup section */
		A260C6241E6AB30400782103 /* Main.storyboard */ = {
			isa = PBXVariantGroup;
			children = (
				A260C6251E6AB30400782103 /* Base */,
			);
			name = Main.storyboard;
			path = .;
			sourceTree = "<group>";
		};
		A260C6291E6AB30400782103 /* LaunchScreen.storyboard */ = {
			isa = PBXVariantGroup;
			children = (
				A260C62A1E6AB30400782103 /* Base */,
			);
			name = LaunchScreen.storyboard;
			path = .;
			sourceTree = "<group>";
		};
/* End PBXVariantGroup section */

/* Begin XCBuildConfiguration section */
		A260C6431E6AB30400782103 /* Debug */ = {
			isa = XCBuildConfiguration;
			buildSettings = {
				ALWAYS_SEARCH_USER_PATHS = NO;
				CLANG_ANALYZER_NONNULL = YES;
				CLANG_CXX_LANGUAGE_STANDARD = "gnu++0x";
				CLANG_CXX_LIBRARY = "libc++";
				CLANG_ENABLE_MODULES = YES;
				CLANG_ENABLE_OBJC_ARC = YES;
				CLANG_WARN_BOOL_CONVERSION = YES;
				CLANG_WARN_CONSTANT_CONVERSION = YES;
				CLANG_WARN_DIRECT_OBJC_ISA_USAGE = YES_ERROR;
				CLANG_WARN_DOCUMENTATION_COMMENTS = YES;
				CLANG_WARN_EMPTY_BODY = YES;
				CLANG_WARN_ENUM_CONVERSION = YES;
				CLANG_WARN_INFINITE_RECURSION = YES;
				CLANG_WARN_INT_CONVERSION = YES;
				CLANG_WARN_OBJC_ROOT_CLASS = YES_ERROR;
				CLANG_WARN_SUSPICIOUS_MOVE = YES;
				CLANG_WARN_UNREACHABLE_CODE = YES;
				CLANG_WARN__DUPLICATE_METHOD_MATCH = YES;
				"CODE_SIGN_IDENTITY[sdk=iphoneos*]" = "iPhone Developer";
				COPY_PHASE_STRIP = NO;
				DEBUG_INFORMATION_FORMAT = dwarf;
				ENABLE_STRICT_OBJC_MSGSEND = YES;
				ENABLE_TESTABILITY = YES;
				GCC_C_LANGUAGE_STANDARD = gnu99;
				GCC_DYNAMIC_NO_PIC = NO;
				GCC_NO_COMMON_BLOCKS = YES;
				GCC_OPTIMIZATION_LEVEL = 0;
				GCC_PREPROCESSOR_DEFINITIONS = (
					"DEBUG=1",
					"$(inherited)",
				);
				GCC_WARN_64_TO_32_BIT_CONVERSION = YES;
				GCC_WARN_ABOUT_RETURN_TYPE = YES_ERROR;
				GCC_WARN_UNDECLARED_SELECTOR = YES;
				GCC_WARN_UNINITIALIZED_AUTOS = YES_AGGRESSIVE;
				GCC_WARN_UNUSED_FUNCTION = YES;
				GCC_WARN_UNUSED_VARIABLE = YES;
				IPHONEOS_DEPLOYMENT_TARGET = 10.2;
				MTL_ENABLE_DEBUG_INFO = YES;
				ONLY_ACTIVE_ARCH = YES;
				SDKROOT = iphoneos;
				SWIFT_ACTIVE_COMPILATION_CONDITIONS = DEBUG;
				SWIFT_OPTIMIZATION_LEVEL = "-Onone";
				TARGETED_DEVICE_FAMILY = "1,2";
			};
			name = Debug;
		};
		A260C6441E6AB30400782103 /* Release */ = {
			isa = XCBuildConfiguration;
			buildSettings = {
				ALWAYS_SEARCH_USER_PATHS = NO;
				CLANG_ANALYZER_NONNULL = YES;
				CLANG_CXX_LANGUAGE_STANDARD = "gnu++0x";
				CLANG_CXX_LIBRARY = "libc++";
				CLANG_ENABLE_MODULES = YES;
				CLANG_ENABLE_OBJC_ARC = YES;
				CLANG_WARN_BOOL_CONVERSION = YES;
				CLANG_WARN_CONSTANT_CONVERSION = YES;
				CLANG_WARN_DIRECT_OBJC_ISA_USAGE = YES_ERROR;
				CLANG_WARN_DOCUMENTATION_COMMENTS = YES;
				CLANG_WARN_EMPTY_BODY = YES;
				CLANG_WARN_ENUM_CONVERSION = YES;
				CLANG_WARN_INFINITE_RECURSION = YES;
				CLANG_WARN_INT_CONVERSION = YES;
				CLANG_WARN_OBJC_ROOT_CLASS = YES_ERROR;
				CLANG_WARN_SUSPICIOUS_MOVE = YES;
				CLANG_WARN_UNREACHABLE_CODE = YES;
				CLANG_WARN__DUPLICATE_METHOD_MATCH = YES;
				"CODE_SIGN_IDENTITY[sdk=iphoneos*]" = "iPhone Developer";
				COPY_PHASE_STRIP = NO;
				DEBUG_INFORMATION_FORMAT = "dwarf-with-dsym";
				ENABLE_NS_ASSERTIONS = NO;
				ENABLE_STRICT_OBJC_MSGSEND = YES;
				GCC_C_LANGUAGE_STANDARD = gnu99;
				GCC_NO_COMMON_BLOCKS = YES;
				GCC_WARN_64_TO_32_BIT_CONVERSION = YES;
				GCC_WARN_ABOUT_RETURN_TYPE = YES_ERROR;
				GCC_WARN_UNDECLARED_SELECTOR = YES;
				GCC_WARN_UNINITIALIZED_AUTOS = YES_AGGRESSIVE;
				GCC_WARN_UNUSED_FUNCTION = YES;
				GCC_WARN_UNUSED_VARIABLE = YES;
				IPHONEOS_DEPLOYMENT_TARGET = 10.2;
				MTL_ENABLE_DEBUG_INFO = NO;
				SDKROOT = iphoneos;
				SWIFT_OPTIMIZATION_LEVEL = "-Owholemodule";
				TARGETED_DEVICE_FAMILY = "1,2";
				VALIDATE_PRODUCT = YES;
			};
			name = Release;
		};
		A260C6461E6AB30400782103 /* Debug */ = {
			isa = XCBuildConfiguration;
			baseConfigurationReference = 35434779D1F24DD64383DF65 /* Pods-Jasmine.debug.xcconfig */;
			buildSettings = {
				ASSETCATALOG_COMPILER_APPICON_NAME = AppIcon;
				DEVELOPMENT_TEAM = W76H98A34A;
				INFOPLIST_FILE = "$(SRCROOT)/Jasmine/Common/Info.plist";
				LD_RUNPATH_SEARCH_PATHS = "$(inherited) @executable_path/Frameworks";
				PRODUCT_BUNDLE_IDENTIFIER = nus.cs3217.Jasmine;
				PRODUCT_NAME = "$(TARGET_NAME)";
				SWIFT_VERSION = 3.0;
			};
			name = Debug;
		};
		A260C6471E6AB30400782103 /* Release */ = {
			isa = XCBuildConfiguration;
			baseConfigurationReference = FC0AD02B711C61B2492AE255 /* Pods-Jasmine.release.xcconfig */;
			buildSettings = {
				ASSETCATALOG_COMPILER_APPICON_NAME = AppIcon;
				DEVELOPMENT_TEAM = W76H98A34A;
				INFOPLIST_FILE = "$(SRCROOT)/Jasmine/Common/Info.plist";
				LD_RUNPATH_SEARCH_PATHS = "$(inherited) @executable_path/Frameworks";
				PRODUCT_BUNDLE_IDENTIFIER = nus.cs3217.Jasmine;
				PRODUCT_NAME = "$(TARGET_NAME)";
				SWIFT_VERSION = 3.0;
			};
			name = Release;
		};
		A260C6491E6AB30400782103 /* Debug */ = {
			isa = XCBuildConfiguration;
			baseConfigurationReference = CDF6F46CAE49685937742BCB /* Pods-JasmineTests.debug.xcconfig */;
			buildSettings = {
				ALWAYS_EMBED_SWIFT_STANDARD_LIBRARIES = YES;
				BUNDLE_LOADER = "$(TEST_HOST)";
				CLANG_ENABLE_MODULES = YES;
				INFOPLIST_FILE = JasmineTests/Info.plist;
				LD_RUNPATH_SEARCH_PATHS = "$(inherited) @executable_path/Frameworks @loader_path/Frameworks";
				PRODUCT_BUNDLE_IDENTIFIER = nus.cs3217.JasmineTests;
				PRODUCT_NAME = "$(TARGET_NAME)";
				SWIFT_OPTIMIZATION_LEVEL = "-Onone";
				SWIFT_VERSION = 3.0;
				TEST_HOST = "$(BUILT_PRODUCTS_DIR)/Jasmine.app/Jasmine";
			};
			name = Debug;
		};
		A260C64A1E6AB30400782103 /* Release */ = {
			isa = XCBuildConfiguration;
			baseConfigurationReference = FF297B9535BBD99F827421B6 /* Pods-JasmineTests.release.xcconfig */;
			buildSettings = {
				ALWAYS_EMBED_SWIFT_STANDARD_LIBRARIES = YES;
				BUNDLE_LOADER = "$(TEST_HOST)";
				CLANG_ENABLE_MODULES = YES;
				INFOPLIST_FILE = JasmineTests/Info.plist;
				LD_RUNPATH_SEARCH_PATHS = "$(inherited) @executable_path/Frameworks @loader_path/Frameworks";
				PRODUCT_BUNDLE_IDENTIFIER = nus.cs3217.JasmineTests;
				PRODUCT_NAME = "$(TARGET_NAME)";
				SWIFT_VERSION = 3.0;
				TEST_HOST = "$(BUILT_PRODUCTS_DIR)/Jasmine.app/Jasmine";
			};
			name = Release;
		};
		A260C64C1E6AB30400782103 /* Debug */ = {
			isa = XCBuildConfiguration;
			baseConfigurationReference = 379F12059637B53A50B97F3B /* Pods-JasmineUITests.debug.xcconfig */;
			buildSettings = {
				ALWAYS_EMBED_SWIFT_STANDARD_LIBRARIES = YES;
				INFOPLIST_FILE = JasmineUITests/Info.plist;
				LD_RUNPATH_SEARCH_PATHS = "$(inherited) @executable_path/Frameworks @loader_path/Frameworks";
				PRODUCT_BUNDLE_IDENTIFIER = nus.cs3217.JasmineUITests;
				PRODUCT_NAME = "$(TARGET_NAME)";
				SWIFT_VERSION = 3.0;
				TEST_TARGET_NAME = Jasmine;
			};
			name = Debug;
		};
		A260C64D1E6AB30400782103 /* Release */ = {
			isa = XCBuildConfiguration;
			baseConfigurationReference = B0F92A417FF0A33A2C39DC68 /* Pods-JasmineUITests.release.xcconfig */;
			buildSettings = {
				ALWAYS_EMBED_SWIFT_STANDARD_LIBRARIES = YES;
				INFOPLIST_FILE = JasmineUITests/Info.plist;
				LD_RUNPATH_SEARCH_PATHS = "$(inherited) @executable_path/Frameworks @loader_path/Frameworks";
				PRODUCT_BUNDLE_IDENTIFIER = nus.cs3217.JasmineUITests;
				PRODUCT_NAME = "$(TARGET_NAME)";
				SWIFT_VERSION = 3.0;
				TEST_TARGET_NAME = Jasmine;
			};
			name = Release;
		};
/* End XCBuildConfiguration section */

/* Begin XCConfigurationList section */
		A260C6181E6AB30400782103 /* Build configuration list for PBXProject "Jasmine" */ = {
			isa = XCConfigurationList;
			buildConfigurations = (
				A260C6431E6AB30400782103 /* Debug */,
				A260C6441E6AB30400782103 /* Release */,
			);
			defaultConfigurationIsVisible = 0;
			defaultConfigurationName = Release;
		};
		A260C6451E6AB30400782103 /* Build configuration list for PBXNativeTarget "Jasmine" */ = {
			isa = XCConfigurationList;
			buildConfigurations = (
				A260C6461E6AB30400782103 /* Debug */,
				A260C6471E6AB30400782103 /* Release */,
			);
			defaultConfigurationIsVisible = 0;
			defaultConfigurationName = Release;
		};
		A260C6481E6AB30400782103 /* Build configuration list for PBXNativeTarget "JasmineTests" */ = {
			isa = XCConfigurationList;
			buildConfigurations = (
				A260C6491E6AB30400782103 /* Debug */,
				A260C64A1E6AB30400782103 /* Release */,
			);
			defaultConfigurationIsVisible = 0;
			defaultConfigurationName = Release;
		};
		A260C64B1E6AB30400782103 /* Build configuration list for PBXNativeTarget "JasmineUITests" */ = {
			isa = XCConfigurationList;
			buildConfigurations = (
				A260C64C1E6AB30400782103 /* Debug */,
				A260C64D1E6AB30400782103 /* Release */,
			);
			defaultConfigurationIsVisible = 0;
			defaultConfigurationName = Release;
		};
/* End XCConfigurationList section */
	};
	rootObject = A260C6151E6AB30400782103 /* Project object */;
}
