// !$*UTF8*$!
{
	archiveVersion = 1;
	classes = {
	};
	objectVersion = 46;
	objects = {

/* Begin PBXBuildFile section */
		0CF9D2BB3EBC822ACB7FF766 /* Pods_Jasmine.framework in Frameworks */ = {isa = PBXBuildFile; fileRef = 3488CBDFD470562B328D58A2 /* Pods_Jasmine.framework */; };
		4EA886212AABEB7ED888C04C /* Pods_JasmineTests.framework in Frameworks */ = {isa = PBXBuildFile; fileRef = B1302F74452DAF05FDF7A169 /* Pods_JasmineTests.framework */; };
		5011E2711E7FD03A000D0564 /* TetrisViewModelProtocol.swift in Sources */ = {isa = PBXBuildFile; fileRef = DFB95A051E785D2E005EE2A4 /* TetrisViewModelProtocol.swift */; };
		5011E2731E7FD065000D0564 /* TetrisGameViewModel.swift in Sources */ = {isa = PBXBuildFile; fileRef = 5011E2721E7FD065000D0564 /* TetrisGameViewModel.swift */; };
		502669021E7D6C6A00112291 /* BaseViewModelProtocol.swift in Sources */ = {isa = PBXBuildFile; fileRef = DFB3426E1E77E77900D2FE09 /* BaseViewModelProtocol.swift */; };
		502669031E7D6C6A00112291 /* FlappyViewModelProtocol.swift in Sources */ = {isa = PBXBuildFile; fileRef = DFB342761E77F5F200D2FE09 /* FlappyViewModelProtocol.swift */; };
		505E07381E7BE58900CEE8BF /* TetrisGameViewControllerDelegate.swift in Sources */ = {isa = PBXBuildFile; fileRef = 505E07371E7BE58900CEE8BF /* TetrisGameViewControllerDelegate.swift */; };
		505E073A1E7BE58E00CEE8BF /* GridGameViewControllerDelegate.swift in Sources */ = {isa = PBXBuildFile; fileRef = 505E07391E7BE58E00CEE8BF /* GridGameViewControllerDelegate.swift */; };
		505E073C1E7BE59300CEE8BF /* FlappyViewControllerDelegate.swift in Sources */ = {isa = PBXBuildFile; fileRef = 505E073B1E7BE59300CEE8BF /* FlappyViewControllerDelegate.swift */; };
		50717AC01E7BD944005A2FE5 /* MutableCollection+ExtensionsTests.swift in Sources */ = {isa = PBXBuildFile; fileRef = 50717ABE1E7BD944005A2FE5 /* MutableCollection+ExtensionsTests.swift */; };
		50717AC11E7BD944005A2FE5 /* RandomTests.swift in Sources */ = {isa = PBXBuildFile; fileRef = 50717ABF1E7BD944005A2FE5 /* RandomTests.swift */; };
		50717AC31E7BD9D5005A2FE5 /* Sequence+ExtensionsTests.swift in Sources */ = {isa = PBXBuildFile; fileRef = 50717AC21E7BD9D5005A2FE5 /* Sequence+ExtensionsTests.swift */; };
		509894A31E6E6CAE00FC9CF3 /* GameType.swift in Sources */ = {isa = PBXBuildFile; fileRef = 509894A21E6E6CAE00FC9CF3 /* GameType.swift */; };
		50989DD51E6D8B16009A86C8 /* TetrisGameData.swift in Sources */ = {isa = PBXBuildFile; fileRef = 50989DB41E6D8B16009A86C8 /* TetrisGameData.swift */; };
		50989DD81E6D8B16009A86C8 /* GridGameData.swift in Sources */ = {isa = PBXBuildFile; fileRef = 50989DBB1E6D8B16009A86C8 /* GridGameData.swift */; };
		50989DDA1E6D8B16009A86C8 /* GridViewModel.swift in Sources */ = {isa = PBXBuildFile; fileRef = 50989DBF1E6D8B16009A86C8 /* GridViewModel.swift */; };
		50989DDB1E6D8B16009A86C8 /* Constants.swift in Sources */ = {isa = PBXBuildFile; fileRef = 50989DC21E6D8B16009A86C8 /* Constants.swift */; };
		50989DDC1E6D8B16009A86C8 /* SoundService.swift in Sources */ = {isa = PBXBuildFile; fileRef = 50989DC31E6D8B16009A86C8 /* SoundService.swift */; };
		50989DDD1E6D8B16009A86C8 /* GameData.swift in Sources */ = {isa = PBXBuildFile; fileRef = 50989DC51E6D8B16009A86C8 /* GameData.swift */; };
		50989DDF1E6D8B16009A86C8 /* Phrase.swift in Sources */ = {isa = PBXBuildFile; fileRef = 50989DC71E6D8B16009A86C8 /* Phrase.swift */; };
		50989DE01E6D8B16009A86C8 /* HomeScreenViewController.swift in Sources */ = {isa = PBXBuildFile; fileRef = 50989DC91E6D8B16009A86C8 /* HomeScreenViewController.swift */; };
		50989DE21E6D8B16009A86C8 /* FlappyGameData.swift in Sources */ = {isa = PBXBuildFile; fileRef = 50989DCE1E6D8B16009A86C8 /* FlappyGameData.swift */; };
		50989DE41E6D8B16009A86C8 /* FlappyViewModel.swift in Sources */ = {isa = PBXBuildFile; fileRef = 50989DD21E6D8B16009A86C8 /* FlappyViewModel.swift */; };
		50989DE71E6D8BBD009A86C8 /* AppDelegate.swift in Sources */ = {isa = PBXBuildFile; fileRef = 50989DE51E6D8BBD009A86C8 /* AppDelegate.swift */; };
		50F191BF1E7AE04500EE9A75 /* CoordinateTests.swift in Sources */ = {isa = PBXBuildFile; fileRef = 50F191BE1E7AE04500EE9A75 /* CoordinateTests.swift */; };
		A2187E6C1E7510B60033FC5B /* Random.swift in Sources */ = {isa = PBXBuildFile; fileRef = A2187E6B1E7510B60033FC5B /* Random.swift */; };
		A2187E6E1E7511470033FC5B /* MutableCollection+Extensions.swift in Sources */ = {isa = PBXBuildFile; fileRef = A2187E6D1E7511470033FC5B /* MutableCollection+Extensions.swift */; };
		A2187E721E751C930033FC5B /* Sequence+Extensions.swift in Sources */ = {isa = PBXBuildFile; fileRef = A2187E711E751C930033FC5B /* Sequence+Extensions.swift */; };
		A260C6281E6AB30400782103 /* Assets.xcassets in Resources */ = {isa = PBXBuildFile; fileRef = A260C6271E6AB30400782103 /* Assets.xcassets */; };
		A260C6411E6AB30400782103 /* JasmineUITests.swift in Sources */ = {isa = PBXBuildFile; fileRef = A260C6401E6AB30400782103 /* JasmineUITests.swift */; };
		A2E1FD5E1E811FC6003EC053 /* UIApplication+isFirstLaunch.swift in Sources */ = {isa = PBXBuildFile; fileRef = A2E1FD5C1E811FC6003EC053 /* UIApplication+isFirstLaunch.swift */; };
		A2E1FD601E811FCF003EC053 /* Prebundler.swift in Sources */ = {isa = PBXBuildFile; fileRef = A2E1FD5F1E811FCF003EC053 /* Prebundler.swift */; };
		A2E1FD631E811FD6003EC053 /* GameDataFactory.swift in Sources */ = {isa = PBXBuildFile; fileRef = A2E1FD611E811FD6003EC053 /* GameDataFactory.swift */; };
		A2E1FD641E811FD6003EC053 /* Player.swift in Sources */ = {isa = PBXBuildFile; fileRef = A2E1FD621E811FD6003EC053 /* Player.swift */; };
		A2E1FD681E811FE3003EC053 /* phrases.txt in Resources */ = {isa = PBXBuildFile; fileRef = A2E1FD651E811FE3003EC053 /* phrases.txt */; };
		A2E1FD691E811FE3003EC053 /* prebundled.realm in Resources */ = {isa = PBXBuildFile; fileRef = A2E1FD661E811FE3003EC053 /* prebundled.realm */; };
		A2E1FD6A1E811FE3003EC053 /* Secrets.swift in Sources */ = {isa = PBXBuildFile; fileRef = A2E1FD671E811FE3003EC053 /* Secrets.swift */; };
		A2E1FD6E1E81206D003EC053 /* GameDataFactoryTests.swift in Sources */ = {isa = PBXBuildFile; fileRef = A2E1FD6B1E81206D003EC053 /* GameDataFactoryTests.swift */; };
		A2E1FD6F1E81206D003EC053 /* GameDataTests.swift in Sources */ = {isa = PBXBuildFile; fileRef = A2E1FD6C1E81206D003EC053 /* GameDataTests.swift */; };
		A2E1FD701E81206D003EC053 /* PlayerTests.swift in Sources */ = {isa = PBXBuildFile; fileRef = A2E1FD6D1E81206D003EC053 /* PlayerTests.swift */; };
		A2E1FD721E812072003EC053 /* RealmTestCase.swift in Sources */ = {isa = PBXBuildFile; fileRef = A2E1FD711E812072003EC053 /* RealmTestCase.swift */; };
		A2E1FD741E812078003EC053 /* UIApplicationTests.swift in Sources */ = {isa = PBXBuildFile; fileRef = A2E1FD731E812078003EC053 /* UIApplicationTests.swift */; };
		BD025B06A527CD03DA811285 /* Pods_JasmineUITests.framework in Frameworks */ = {isa = PBXBuildFile; fileRef = 5DD6CEB80211B4DBEFC5D5D3 /* Pods_JasmineUITests.framework */; };
		DF2D21EA1E743BC500094381 /* GridStoryboard.storyboard in Resources */ = {isa = PBXBuildFile; fileRef = DF2D21E91E743BC500094381 /* GridStoryboard.storyboard */; };
		DF2D21EC1E743C8700094381 /* GridGameViewController.swift in Sources */ = {isa = PBXBuildFile; fileRef = DF2D21EB1E743C8700094381 /* GridGameViewController.swift */; };
		DF6156941E7FA93500443E65 /* CountDownTimer.swift in Sources */ = {isa = PBXBuildFile; fileRef = DF6156931E7FA93500443E65 /* CountDownTimer.swift */; };
		DF6156961E7FA96200443E65 /* CountDownTimerTest.swift in Sources */ = {isa = PBXBuildFile; fileRef = DF6156951E7FA96200443E65 /* CountDownTimerTest.swift */; };
		DF6320081E7424A500AA9B50 /* TetrisStoryboard.storyboard in Resources */ = {isa = PBXBuildFile; fileRef = DF6320071E7424A500AA9B50 /* TetrisStoryboard.storyboard */; };
		DF7CF7711E7E9E3500C6979A /* CGRect+Arithmetic.swift in Sources */ = {isa = PBXBuildFile; fileRef = DF7CF76F1E7E9E3500C6979A /* CGRect+Arithmetic.swift */; };
		DF7CF7721E7E9E3500C6979A /* IndexPath+Coordinate.swift in Sources */ = {isa = PBXBuildFile; fileRef = DF7CF7701E7E9E3500C6979A /* IndexPath+Coordinate.swift */; };
		DF7CF7781E7E9ECE00C6979A /* BaseGameViewControllerDelegate.swift in Sources */ = {isa = PBXBuildFile; fileRef = DF7CF7741E7E9ECE00C6979A /* BaseGameViewControllerDelegate.swift */; };
		DF7CF7791E7E9ECE00C6979A /* GameElements.storyboard in Resources */ = {isa = PBXBuildFile; fileRef = DF7CF7751E7E9ECE00C6979A /* GameElements.storyboard */; };
		DF7CF77A1E7E9ECE00C6979A /* GameStatisticsViewController.swift in Sources */ = {isa = PBXBuildFile; fileRef = DF7CF7761E7E9ECE00C6979A /* GameStatisticsViewController.swift */; };
		DF7CF77B1E7E9ECE00C6979A /* SquareGridViewController.swift in Sources */ = {isa = PBXBuildFile; fileRef = DF7CF7771E7E9ECE00C6979A /* SquareGridViewController.swift */; };
		DF7CF77F1E7E9EED00C6979A /* SquareTextView.swift in Sources */ = {isa = PBXBuildFile; fileRef = DF7CF77D1E7E9EED00C6979A /* SquareTextView.swift */; };
		DF7CF7801E7E9EED00C6979A /* SquareTextViewCell.swift in Sources */ = {isa = PBXBuildFile; fileRef = DF7CF77E1E7E9EED00C6979A /* SquareTextViewCell.swift */; };
		DF7CF7831E7E9F3700C6979A /* LaunchScreen.storyboard in Resources */ = {isa = PBXBuildFile; fileRef = DF7CF7811E7E9F3700C6979A /* LaunchScreen.storyboard */; };
		DF7CF7841E7E9F3700C6979A /* Main.storyboard in Resources */ = {isa = PBXBuildFile; fileRef = DF7CF7821E7E9F3700C6979A /* Main.storyboard */; };
		DF7CF78A1E7E9FD700C6979A /* CGRect+ArithmeticTests.swift in Sources */ = {isa = PBXBuildFile; fileRef = DF7CF7881E7E9FD700C6979A /* CGRect+ArithmeticTests.swift */; };
		DF7CF78B1E7E9FD700C6979A /* IndexPath+CoordinateTests.swift in Sources */ = {isa = PBXBuildFile; fileRef = DF7CF7891E7E9FD700C6979A /* IndexPath+CoordinateTests.swift */; };
		DF7CF78D1E7EA25400C6979A /* MockGridViewModel.swift in Sources */ = {isa = PBXBuildFile; fileRef = DF7CF78C1E7EA25400C6979A /* MockGridViewModel.swift */; };
		DFB3426D1E77E6AA00D2FE09 /* GridViewModelProtocol.swift in Sources */ = {isa = PBXBuildFile; fileRef = DFB3426C1E77E6AA00D2FE09 /* GridViewModelProtocol.swift */; };
		DFB342711E77EB6700D2FE09 /* Coordinate.swift in Sources */ = {isa = PBXBuildFile; fileRef = DFB342701E77EB6700D2FE09 /* Coordinate.swift */; };
		DFE7B2DE1E78EBB200FA27B7 /* GameStatus.swift in Sources */ = {isa = PBXBuildFile; fileRef = DFE7B2DD1E78EBB200FA27B7 /* GameStatus.swift */; };
/* End PBXBuildFile section */

/* Begin PBXContainerItemProxy section */
		A260C6321E6AB30400782103 /* PBXContainerItemProxy */ = {
			isa = PBXContainerItemProxy;
			containerPortal = A260C6151E6AB30400782103 /* Project object */;
			proxyType = 1;
			remoteGlobalIDString = A260C61C1E6AB30400782103;
			remoteInfo = Jasmine;
		};
		A260C63D1E6AB30400782103 /* PBXContainerItemProxy */ = {
			isa = PBXContainerItemProxy;
			containerPortal = A260C6151E6AB30400782103 /* Project object */;
			proxyType = 1;
			remoteGlobalIDString = A260C61C1E6AB30400782103;
			remoteInfo = Jasmine;
		};
/* End PBXContainerItemProxy section */

/* Begin PBXFileReference section */
		3488CBDFD470562B328D58A2 /* Pods_Jasmine.framework */ = {isa = PBXFileReference; explicitFileType = wrapper.framework; includeInIndex = 0; path = Pods_Jasmine.framework; sourceTree = BUILT_PRODUCTS_DIR; };
		35434779D1F24DD64383DF65 /* Pods-Jasmine.debug.xcconfig */ = {isa = PBXFileReference; includeInIndex = 1; lastKnownFileType = text.xcconfig; name = "Pods-Jasmine.debug.xcconfig"; path = "Pods/Target Support Files/Pods-Jasmine/Pods-Jasmine.debug.xcconfig"; sourceTree = "<group>"; };
		379F12059637B53A50B97F3B /* Pods-JasmineUITests.debug.xcconfig */ = {isa = PBXFileReference; includeInIndex = 1; lastKnownFileType = text.xcconfig; name = "Pods-JasmineUITests.debug.xcconfig"; path = "Pods/Target Support Files/Pods-JasmineUITests/Pods-JasmineUITests.debug.xcconfig"; sourceTree = "<group>"; };
		5011E2721E7FD065000D0564 /* TetrisGameViewModel.swift */ = {isa = PBXFileReference; fileEncoding = 4; lastKnownFileType = sourcecode.swift; path = TetrisGameViewModel.swift; sourceTree = "<group>"; };
		505E07371E7BE58900CEE8BF /* TetrisGameViewControllerDelegate.swift */ = {isa = PBXFileReference; fileEncoding = 4; lastKnownFileType = sourcecode.swift; path = TetrisGameViewControllerDelegate.swift; sourceTree = "<group>"; };
		505E07391E7BE58E00CEE8BF /* GridGameViewControllerDelegate.swift */ = {isa = PBXFileReference; fileEncoding = 4; lastKnownFileType = sourcecode.swift; path = GridGameViewControllerDelegate.swift; sourceTree = "<group>"; };
		505E073B1E7BE59300CEE8BF /* FlappyViewControllerDelegate.swift */ = {isa = PBXFileReference; fileEncoding = 4; lastKnownFileType = sourcecode.swift; path = FlappyViewControllerDelegate.swift; sourceTree = "<group>"; };
		50717ABE1E7BD944005A2FE5 /* MutableCollection+ExtensionsTests.swift */ = {isa = PBXFileReference; fileEncoding = 4; lastKnownFileType = sourcecode.swift; path = "MutableCollection+ExtensionsTests.swift"; sourceTree = "<group>"; };
		50717ABF1E7BD944005A2FE5 /* RandomTests.swift */ = {isa = PBXFileReference; fileEncoding = 4; lastKnownFileType = sourcecode.swift; path = RandomTests.swift; sourceTree = "<group>"; };
		50717AC21E7BD9D5005A2FE5 /* Sequence+ExtensionsTests.swift */ = {isa = PBXFileReference; fileEncoding = 4; lastKnownFileType = sourcecode.swift; path = "Sequence+ExtensionsTests.swift"; sourceTree = "<group>"; };
		509894A21E6E6CAE00FC9CF3 /* GameType.swift */ = {isa = PBXFileReference; fileEncoding = 4; lastKnownFileType = sourcecode.swift; path = GameType.swift; sourceTree = "<group>"; };
		50989DB41E6D8B16009A86C8 /* TetrisGameData.swift */ = {isa = PBXFileReference; fileEncoding = 4; lastKnownFileType = sourcecode.swift; path = TetrisGameData.swift; sourceTree = "<group>"; };
		50989DBB1E6D8B16009A86C8 /* GridGameData.swift */ = {isa = PBXFileReference; fileEncoding = 4; lastKnownFileType = sourcecode.swift; path = GridGameData.swift; sourceTree = "<group>"; };
		50989DBF1E6D8B16009A86C8 /* GridViewModel.swift */ = {isa = PBXFileReference; fileEncoding = 4; lastKnownFileType = sourcecode.swift; path = GridViewModel.swift; sourceTree = "<group>"; };
		50989DC21E6D8B16009A86C8 /* Constants.swift */ = {isa = PBXFileReference; fileEncoding = 4; lastKnownFileType = sourcecode.swift; path = Constants.swift; sourceTree = "<group>"; };
		50989DC31E6D8B16009A86C8 /* SoundService.swift */ = {isa = PBXFileReference; fileEncoding = 4; lastKnownFileType = sourcecode.swift; path = SoundService.swift; sourceTree = "<group>"; };
		50989DC51E6D8B16009A86C8 /* GameData.swift */ = {isa = PBXFileReference; fileEncoding = 4; lastKnownFileType = sourcecode.swift; path = GameData.swift; sourceTree = "<group>"; };
		50989DC71E6D8B16009A86C8 /* Phrase.swift */ = {isa = PBXFileReference; fileEncoding = 4; lastKnownFileType = sourcecode.swift; path = Phrase.swift; sourceTree = "<group>"; };
		50989DC91E6D8B16009A86C8 /* HomeScreenViewController.swift */ = {isa = PBXFileReference; fileEncoding = 4; lastKnownFileType = sourcecode.swift; path = HomeScreenViewController.swift; sourceTree = "<group>"; };
		50989DCE1E6D8B16009A86C8 /* FlappyGameData.swift */ = {isa = PBXFileReference; fileEncoding = 4; lastKnownFileType = sourcecode.swift; path = FlappyGameData.swift; sourceTree = "<group>"; };
		50989DD21E6D8B16009A86C8 /* FlappyViewModel.swift */ = {isa = PBXFileReference; fileEncoding = 4; lastKnownFileType = sourcecode.swift; path = FlappyViewModel.swift; sourceTree = "<group>"; };
		50989DE51E6D8BBD009A86C8 /* AppDelegate.swift */ = {isa = PBXFileReference; fileEncoding = 4; lastKnownFileType = sourcecode.swift; path = AppDelegate.swift; sourceTree = "<group>"; };
		50989DE61E6D8BBD009A86C8 /* Info.plist */ = {isa = PBXFileReference; fileEncoding = 4; lastKnownFileType = text.plist.xml; path = Info.plist; sourceTree = "<group>"; };
		50F191BE1E7AE04500EE9A75 /* CoordinateTests.swift */ = {isa = PBXFileReference; fileEncoding = 4; lastKnownFileType = sourcecode.swift; path = CoordinateTests.swift; sourceTree = "<group>"; };
		5DD6CEB80211B4DBEFC5D5D3 /* Pods_JasmineUITests.framework */ = {isa = PBXFileReference; explicitFileType = wrapper.framework; includeInIndex = 0; path = Pods_JasmineUITests.framework; sourceTree = BUILT_PRODUCTS_DIR; };
		A2187E6B1E7510B60033FC5B /* Random.swift */ = {isa = PBXFileReference; fileEncoding = 4; lastKnownFileType = sourcecode.swift; path = Random.swift; sourceTree = "<group>"; };
		A2187E6D1E7511470033FC5B /* MutableCollection+Extensions.swift */ = {isa = PBXFileReference; fileEncoding = 4; lastKnownFileType = sourcecode.swift; path = "MutableCollection+Extensions.swift"; sourceTree = "<group>"; };
		A2187E711E751C930033FC5B /* Sequence+Extensions.swift */ = {isa = PBXFileReference; fileEncoding = 4; lastKnownFileType = sourcecode.swift; path = "Sequence+Extensions.swift"; sourceTree = "<group>"; };
		A260C61D1E6AB30400782103 /* Jasmine.app */ = {isa = PBXFileReference; explicitFileType = wrapper.application; includeInIndex = 0; path = Jasmine.app; sourceTree = BUILT_PRODUCTS_DIR; };
		A260C6271E6AB30400782103 /* Assets.xcassets */ = {isa = PBXFileReference; lastKnownFileType = folder.assetcatalog; path = Assets.xcassets; sourceTree = "<group>"; };
		A260C6311E6AB30400782103 /* JasmineTests.xctest */ = {isa = PBXFileReference; explicitFileType = wrapper.cfbundle; includeInIndex = 0; path = JasmineTests.xctest; sourceTree = BUILT_PRODUCTS_DIR; };
		A260C6371E6AB30400782103 /* Info.plist */ = {isa = PBXFileReference; lastKnownFileType = text.plist.xml; path = Info.plist; sourceTree = "<group>"; };
		A260C63C1E6AB30400782103 /* JasmineUITests.xctest */ = {isa = PBXFileReference; explicitFileType = wrapper.cfbundle; includeInIndex = 0; path = JasmineUITests.xctest; sourceTree = BUILT_PRODUCTS_DIR; };
		A260C6401E6AB30400782103 /* JasmineUITests.swift */ = {isa = PBXFileReference; lastKnownFileType = sourcecode.swift; path = JasmineUITests.swift; sourceTree = "<group>"; };
		A260C6421E6AB30400782103 /* Info.plist */ = {isa = PBXFileReference; lastKnownFileType = text.plist.xml; path = Info.plist; sourceTree = "<group>"; };
		A2E1FD5C1E811FC6003EC053 /* UIApplication+isFirstLaunch.swift */ = {isa = PBXFileReference; fileEncoding = 4; lastKnownFileType = sourcecode.swift; path = "UIApplication+isFirstLaunch.swift"; sourceTree = "<group>"; };
		A2E1FD5F1E811FCF003EC053 /* Prebundler.swift */ = {isa = PBXFileReference; fileEncoding = 4; lastKnownFileType = sourcecode.swift; path = Prebundler.swift; sourceTree = "<group>"; };
		A2E1FD611E811FD6003EC053 /* GameDataFactory.swift */ = {isa = PBXFileReference; fileEncoding = 4; lastKnownFileType = sourcecode.swift; path = GameDataFactory.swift; sourceTree = "<group>"; };
		A2E1FD621E811FD6003EC053 /* Player.swift */ = {isa = PBXFileReference; fileEncoding = 4; lastKnownFileType = sourcecode.swift; path = Player.swift; sourceTree = "<group>"; };
		A2E1FD651E811FE3003EC053 /* phrases.txt */ = {isa = PBXFileReference; fileEncoding = 4; lastKnownFileType = text; path = phrases.txt; sourceTree = "<group>"; };
		A2E1FD661E811FE3003EC053 /* prebundled.realm */ = {isa = PBXFileReference; lastKnownFileType = file; path = prebundled.realm; sourceTree = "<group>"; };
		A2E1FD671E811FE3003EC053 /* Secrets.swift */ = {isa = PBXFileReference; fileEncoding = 4; lastKnownFileType = sourcecode.swift; path = Secrets.swift; sourceTree = "<group>"; };
		A2E1FD6B1E81206D003EC053 /* GameDataFactoryTests.swift */ = {isa = PBXFileReference; fileEncoding = 4; lastKnownFileType = sourcecode.swift; path = GameDataFactoryTests.swift; sourceTree = "<group>"; };
		A2E1FD6C1E81206D003EC053 /* GameDataTests.swift */ = {isa = PBXFileReference; fileEncoding = 4; lastKnownFileType = sourcecode.swift; path = GameDataTests.swift; sourceTree = "<group>"; };
		A2E1FD6D1E81206D003EC053 /* PlayerTests.swift */ = {isa = PBXFileReference; fileEncoding = 4; lastKnownFileType = sourcecode.swift; path = PlayerTests.swift; sourceTree = "<group>"; };
		A2E1FD711E812072003EC053 /* RealmTestCase.swift */ = {isa = PBXFileReference; fileEncoding = 4; lastKnownFileType = sourcecode.swift; path = RealmTestCase.swift; sourceTree = "<group>"; };
		A2E1FD731E812078003EC053 /* UIApplicationTests.swift */ = {isa = PBXFileReference; fileEncoding = 4; lastKnownFileType = sourcecode.swift; path = UIApplicationTests.swift; sourceTree = "<group>"; };
		B0F92A417FF0A33A2C39DC68 /* Pods-JasmineUITests.release.xcconfig */ = {isa = PBXFileReference; includeInIndex = 1; lastKnownFileType = text.xcconfig; name = "Pods-JasmineUITests.release.xcconfig"; path = "Pods/Target Support Files/Pods-JasmineUITests/Pods-JasmineUITests.release.xcconfig"; sourceTree = "<group>"; };
		B1302F74452DAF05FDF7A169 /* Pods_JasmineTests.framework */ = {isa = PBXFileReference; explicitFileType = wrapper.framework; includeInIndex = 0; path = Pods_JasmineTests.framework; sourceTree = BUILT_PRODUCTS_DIR; };
		CDF6F46CAE49685937742BCB /* Pods-JasmineTests.debug.xcconfig */ = {isa = PBXFileReference; includeInIndex = 1; lastKnownFileType = text.xcconfig; name = "Pods-JasmineTests.debug.xcconfig"; path = "Pods/Target Support Files/Pods-JasmineTests/Pods-JasmineTests.debug.xcconfig"; sourceTree = "<group>"; };
		DF2D21E91E743BC500094381 /* GridStoryboard.storyboard */ = {isa = PBXFileReference; fileEncoding = 4; lastKnownFileType = file.storyboard; path = GridStoryboard.storyboard; sourceTree = "<group>"; };
		DF2D21EB1E743C8700094381 /* GridGameViewController.swift */ = {isa = PBXFileReference; fileEncoding = 4; lastKnownFileType = sourcecode.swift; path = GridGameViewController.swift; sourceTree = "<group>"; };
		DF6156931E7FA93500443E65 /* CountDownTimer.swift */ = {isa = PBXFileReference; fileEncoding = 4; lastKnownFileType = sourcecode.swift; path = CountDownTimer.swift; sourceTree = "<group>"; };
		DF6156951E7FA96200443E65 /* CountDownTimerTest.swift */ = {isa = PBXFileReference; fileEncoding = 4; lastKnownFileType = sourcecode.swift; path = CountDownTimerTest.swift; sourceTree = "<group>"; };
		DF6320071E7424A500AA9B50 /* TetrisStoryboard.storyboard */ = {isa = PBXFileReference; fileEncoding = 4; lastKnownFileType = file.storyboard; path = TetrisStoryboard.storyboard; sourceTree = "<group>"; };
		DF7CF76F1E7E9E3500C6979A /* CGRect+Arithmetic.swift */ = {isa = PBXFileReference; fileEncoding = 4; lastKnownFileType = sourcecode.swift; path = "CGRect+Arithmetic.swift"; sourceTree = "<group>"; };
		DF7CF7701E7E9E3500C6979A /* IndexPath+Coordinate.swift */ = {isa = PBXFileReference; fileEncoding = 4; lastKnownFileType = sourcecode.swift; path = "IndexPath+Coordinate.swift"; sourceTree = "<group>"; };
		DF7CF7741E7E9ECE00C6979A /* BaseGameViewControllerDelegate.swift */ = {isa = PBXFileReference; fileEncoding = 4; lastKnownFileType = sourcecode.swift; path = BaseGameViewControllerDelegate.swift; sourceTree = "<group>"; };
		DF7CF7751E7E9ECE00C6979A /* GameElements.storyboard */ = {isa = PBXFileReference; fileEncoding = 4; lastKnownFileType = file.storyboard; path = GameElements.storyboard; sourceTree = "<group>"; };
		DF7CF7761E7E9ECE00C6979A /* GameStatisticsViewController.swift */ = {isa = PBXFileReference; fileEncoding = 4; lastKnownFileType = sourcecode.swift; path = GameStatisticsViewController.swift; sourceTree = "<group>"; };
		DF7CF7771E7E9ECE00C6979A /* SquareGridViewController.swift */ = {isa = PBXFileReference; fileEncoding = 4; lastKnownFileType = sourcecode.swift; path = SquareGridViewController.swift; sourceTree = "<group>"; };
		DF7CF77D1E7E9EED00C6979A /* SquareTextView.swift */ = {isa = PBXFileReference; fileEncoding = 4; lastKnownFileType = sourcecode.swift; path = SquareTextView.swift; sourceTree = "<group>"; };
		DF7CF77E1E7E9EED00C6979A /* SquareTextViewCell.swift */ = {isa = PBXFileReference; fileEncoding = 4; lastKnownFileType = sourcecode.swift; path = SquareTextViewCell.swift; sourceTree = "<group>"; };
		DF7CF7811E7E9F3700C6979A /* LaunchScreen.storyboard */ = {isa = PBXFileReference; fileEncoding = 4; lastKnownFileType = file.storyboard; path = LaunchScreen.storyboard; sourceTree = "<group>"; };
		DF7CF7821E7E9F3700C6979A /* Main.storyboard */ = {isa = PBXFileReference; fileEncoding = 4; lastKnownFileType = file.storyboard; path = Main.storyboard; sourceTree = "<group>"; };
		DF7CF7881E7E9FD700C6979A /* CGRect+ArithmeticTests.swift */ = {isa = PBXFileReference; fileEncoding = 4; lastKnownFileType = sourcecode.swift; path = "CGRect+ArithmeticTests.swift"; sourceTree = "<group>"; };
		DF7CF7891E7E9FD700C6979A /* IndexPath+CoordinateTests.swift */ = {isa = PBXFileReference; fileEncoding = 4; lastKnownFileType = sourcecode.swift; path = "IndexPath+CoordinateTests.swift"; sourceTree = "<group>"; };
		DF7CF78C1E7EA25400C6979A /* MockGridViewModel.swift */ = {isa = PBXFileReference; fileEncoding = 4; lastKnownFileType = sourcecode.swift; path = MockGridViewModel.swift; sourceTree = "<group>"; };
		DFB3426C1E77E6AA00D2FE09 /* GridViewModelProtocol.swift */ = {isa = PBXFileReference; fileEncoding = 4; lastKnownFileType = sourcecode.swift; path = GridViewModelProtocol.swift; sourceTree = "<group>"; };
		DFB3426E1E77E77900D2FE09 /* BaseViewModelProtocol.swift */ = {isa = PBXFileReference; fileEncoding = 4; lastKnownFileType = sourcecode.swift; path = BaseViewModelProtocol.swift; sourceTree = "<group>"; };
		DFB342701E77EB6700D2FE09 /* Coordinate.swift */ = {isa = PBXFileReference; fileEncoding = 4; lastKnownFileType = sourcecode.swift; path = Coordinate.swift; sourceTree = "<group>"; };
		DFB342761E77F5F200D2FE09 /* FlappyViewModelProtocol.swift */ = {isa = PBXFileReference; fileEncoding = 4; lastKnownFileType = sourcecode.swift; path = FlappyViewModelProtocol.swift; sourceTree = "<group>"; };
		DFB95A051E785D2E005EE2A4 /* TetrisViewModelProtocol.swift */ = {isa = PBXFileReference; fileEncoding = 4; lastKnownFileType = sourcecode.swift; path = TetrisViewModelProtocol.swift; sourceTree = "<group>"; };
		DFE7B2DD1E78EBB200FA27B7 /* GameStatus.swift */ = {isa = PBXFileReference; fileEncoding = 4; lastKnownFileType = sourcecode.swift; path = GameStatus.swift; sourceTree = "<group>"; };
		FC0AD02B711C61B2492AE255 /* Pods-Jasmine.release.xcconfig */ = {isa = PBXFileReference; includeInIndex = 1; lastKnownFileType = text.xcconfig; name = "Pods-Jasmine.release.xcconfig"; path = "Pods/Target Support Files/Pods-Jasmine/Pods-Jasmine.release.xcconfig"; sourceTree = "<group>"; };
		FF297B9535BBD99F827421B6 /* Pods-JasmineTests.release.xcconfig */ = {isa = PBXFileReference; includeInIndex = 1; lastKnownFileType = text.xcconfig; name = "Pods-JasmineTests.release.xcconfig"; path = "Pods/Target Support Files/Pods-JasmineTests/Pods-JasmineTests.release.xcconfig"; sourceTree = "<group>"; };
/* End PBXFileReference section */

/* Begin PBXFrameworksBuildPhase section */
		A260C61A1E6AB30400782103 /* Frameworks */ = {
			isa = PBXFrameworksBuildPhase;
			buildActionMask = 2147483647;
			files = (
				0CF9D2BB3EBC822ACB7FF766 /* Pods_Jasmine.framework in Frameworks */,
			);
			runOnlyForDeploymentPostprocessing = 0;
		};
		A260C62E1E6AB30400782103 /* Frameworks */ = {
			isa = PBXFrameworksBuildPhase;
			buildActionMask = 2147483647;
			files = (
				4EA886212AABEB7ED888C04C /* Pods_JasmineTests.framework in Frameworks */,
			);
			runOnlyForDeploymentPostprocessing = 0;
		};
		A260C6391E6AB30400782103 /* Frameworks */ = {
			isa = PBXFrameworksBuildPhase;
			buildActionMask = 2147483647;
			files = (
				BD025B06A527CD03DA811285 /* Pods_JasmineUITests.framework in Frameworks */,
			);
			runOnlyForDeploymentPostprocessing = 0;
		};
/* End PBXFrameworksBuildPhase section */

/* Begin PBXGroup section */
		4F925529F1FCEF5E5A4CE750 /* Frameworks */ = {
			isa = PBXGroup;
			children = (
				3488CBDFD470562B328D58A2 /* Pods_Jasmine.framework */,
				B1302F74452DAF05FDF7A169 /* Pods_JasmineTests.framework */,
				5DD6CEB80211B4DBEFC5D5D3 /* Pods_JasmineUITests.framework */,
			);
			name = Frameworks;
			sourceTree = "<group>";
		};
		50989DB51E6D8B16009A86C8 /* Models */ = {
			isa = PBXGroup;
			children = (
				50989DB41E6D8B16009A86C8 /* TetrisGameData.swift */,
			);
			path = Models;
			sourceTree = "<group>";
		};
		50989DB71E6D8B16009A86C8 /* ViewControllers */ = {
			isa = PBXGroup;
			children = (
				505E07371E7BE58900CEE8BF /* TetrisGameViewControllerDelegate.swift */,
				DF6320071E7424A500AA9B50 /* TetrisStoryboard.storyboard */,
			);
			path = ViewControllers;
			sourceTree = "<group>";
		};
		50989DB91E6D8B16009A86C8 /* ViewModels */ = {
			isa = PBXGroup;
			children = (
				5011E2721E7FD065000D0564 /* TetrisGameViewModel.swift */,
				DFB95A051E785D2E005EE2A4 /* TetrisViewModelProtocol.swift */,
			);
			path = ViewModels;
			sourceTree = "<group>";
		};
		50989DBA1E6D8B16009A86C8 /* Tetris */ = {
			isa = PBXGroup;
			children = (
				50989DB51E6D8B16009A86C8 /* Models */,
				50989DB71E6D8B16009A86C8 /* ViewControllers */,
				50989DB91E6D8B16009A86C8 /* ViewModels */,
			);
			path = Tetris;
			sourceTree = "<group>";
		};
		50989DBC1E6D8B16009A86C8 /* Models */ = {
			isa = PBXGroup;
			children = (
				50989DBB1E6D8B16009A86C8 /* GridGameData.swift */,
			);
			path = Models;
			sourceTree = "<group>";
		};
		50989DBE1E6D8B16009A86C8 /* ViewControllers */ = {
			isa = PBXGroup;
			children = (
				DF2D21EB1E743C8700094381 /* GridGameViewController.swift */,
				505E07391E7BE58E00CEE8BF /* GridGameViewControllerDelegate.swift */,
				DF2D21E91E743BC500094381 /* GridStoryboard.storyboard */,
			);
			path = ViewControllers;
			sourceTree = "<group>";
		};
		50989DC01E6D8B16009A86C8 /* ViewModels */ = {
			isa = PBXGroup;
			children = (
				50989DBF1E6D8B16009A86C8 /* GridViewModel.swift */,
				DFB3426C1E77E6AA00D2FE09 /* GridViewModelProtocol.swift */,
				DF7CF78C1E7EA25400C6979A /* MockGridViewModel.swift */,
			);
			path = ViewModels;
			sourceTree = "<group>";
		};
		50989DC11E6D8B16009A86C8 /* Grid */ = {
			isa = PBXGroup;
			children = (
				50989DBC1E6D8B16009A86C8 /* Models */,
				50989DBE1E6D8B16009A86C8 /* ViewControllers */,
				50989DC01E6D8B16009A86C8 /* ViewModels */,
			);
			path = Grid;
			sourceTree = "<group>";
		};
		50989DC41E6D8B16009A86C8 /* Helpers */ = {
			isa = PBXGroup;
			children = (
				A2E1FD5F1E811FCF003EC053 /* Prebundler.swift */,
				A2187E6B1E7510B60033FC5B /* Random.swift */,
				50989DC31E6D8B16009A86C8 /* SoundService.swift */,
			);
			path = Helpers;
			sourceTree = "<group>";
		};
		50989DC81E6D8B16009A86C8 /* Models */ = {
			isa = PBXGroup;
			children = (
				A2E1FD611E811FD6003EC053 /* GameDataFactory.swift */,
				A2E1FD621E811FD6003EC053 /* Player.swift */,
				DFB342701E77EB6700D2FE09 /* Coordinate.swift */,
				50989DC51E6D8B16009A86C8 /* GameData.swift */,
				DFE7B2DD1E78EBB200FA27B7 /* GameStatus.swift */,
				509894A21E6E6CAE00FC9CF3 /* GameType.swift */,
				50989DC71E6D8B16009A86C8 /* Phrase.swift */,
			);
			path = Models;
			sourceTree = "<group>";
		};
		50989DCA1E6D8B16009A86C8 /* ViewControllers */ = {
			isa = PBXGroup;
			children = (
				DF7CF7731E7E9ECE00C6979A /* GameElements */,
				50989DC91E6D8B16009A86C8 /* HomeScreenViewController.swift */,
				DF7CF7811E7E9F3700C6979A /* LaunchScreen.storyboard */,
				DF7CF7821E7E9F3700C6979A /* Main.storyboard */,
			);
			path = ViewControllers;
			sourceTree = "<group>";
		};
		50989DCC1E6D8B16009A86C8 /* ViewModels */ = {
			isa = PBXGroup;
			children = (
				DFB3426E1E77E77900D2FE09 /* BaseViewModelProtocol.swift */,
				DF6156931E7FA93500443E65 /* CountDownTimer.swift */,
			);
			path = ViewModels;
			sourceTree = "<group>";
		};
		50989DCD1E6D8B16009A86C8 /* Common */ = {
			isa = PBXGroup;
			children = (
				DF7CF76E1E7E9E2B00C6979A /* Extensions */,
				50989DC41E6D8B16009A86C8 /* Helpers */,
				50989DC81E6D8B16009A86C8 /* Models */,
				50989DCA1E6D8B16009A86C8 /* ViewControllers */,
				50989DCC1E6D8B16009A86C8 /* ViewModels */,
				DF7CF77C1E7E9EED00C6979A /* Views */,
				50989DE51E6D8BBD009A86C8 /* AppDelegate.swift */,
				A260C6271E6AB30400782103 /* Assets.xcassets */,
				A2E1FD651E811FE3003EC053 /* phrases.txt */,
				A2E1FD661E811FE3003EC053 /* prebundled.realm */,
				A2E1FD671E811FE3003EC053 /* Secrets.swift */,
				50989DC21E6D8B16009A86C8 /* Constants.swift */,
				50989DE61E6D8BBD009A86C8 /* Info.plist */,
			);
			path = Common;
			sourceTree = "<group>";
		};
		50989DCF1E6D8B16009A86C8 /* Models */ = {
			isa = PBXGroup;
			children = (
				50989DCE1E6D8B16009A86C8 /* FlappyGameData.swift */,
			);
			path = Models;
			sourceTree = "<group>";
		};
		50989DD11E6D8B16009A86C8 /* ViewControllers */ = {
			isa = PBXGroup;
			children = (
				505E073B1E7BE59300CEE8BF /* FlappyViewControllerDelegate.swift */,
			);
			path = ViewControllers;
			sourceTree = "<group>";
		};
		50989DD31E6D8B16009A86C8 /* ViewModels */ = {
			isa = PBXGroup;
			children = (
				50989DD21E6D8B16009A86C8 /* FlappyViewModel.swift */,
				DFB342761E77F5F200D2FE09 /* FlappyViewModelProtocol.swift */,
			);
			path = ViewModels;
			sourceTree = "<group>";
		};
		50989DD41E6D8B16009A86C8 /* Flappy */ = {
			isa = PBXGroup;
			children = (
				50989DCF1E6D8B16009A86C8 /* Models */,
				50989DD11E6D8B16009A86C8 /* ViewControllers */,
				50989DD31E6D8B16009A86C8 /* ViewModels */,
			);
			path = Flappy;
			sourceTree = "<group>";
		};
		50BB58D66BC620D2B41E2E2D /* Pods */ = {
			isa = PBXGroup;
			children = (
				35434779D1F24DD64383DF65 /* Pods-Jasmine.debug.xcconfig */,
				FC0AD02B711C61B2492AE255 /* Pods-Jasmine.release.xcconfig */,
				CDF6F46CAE49685937742BCB /* Pods-JasmineTests.debug.xcconfig */,
				FF297B9535BBD99F827421B6 /* Pods-JasmineTests.release.xcconfig */,
				379F12059637B53A50B97F3B /* Pods-JasmineUITests.debug.xcconfig */,
				B0F92A417FF0A33A2C39DC68 /* Pods-JasmineUITests.release.xcconfig */,
			);
			name = Pods;
			sourceTree = "<group>";
		};
		50F191A61E7ADC3D00EE9A75 /* Common */ = {
			isa = PBXGroup;
			children = (
				DF7CF7871E7E9FD700C6979A /* Extensions */,
				50F191A71E7ADC4500EE9A75 /* Helpers */,
				50F191A81E7ADC4800EE9A75 /* Models */,
				50F191A91E7ADC4C00EE9A75 /* ViewControllers */,
				50F191AA1E7ADC5000EE9A75 /* ViewModels */,
			);
			path = Common;
			sourceTree = "<group>";
		};
		50F191A71E7ADC4500EE9A75 /* Helpers */ = {
			isa = PBXGroup;
			children = (
				A2E1FD711E812072003EC053 /* RealmTestCase.swift */,
				50717ABF1E7BD944005A2FE5 /* RandomTests.swift */,
			);
			path = Helpers;
			sourceTree = "<group>";
		};
		50F191A81E7ADC4800EE9A75 /* Models */ = {
			isa = PBXGroup;
			children = (
				A2E1FD6B1E81206D003EC053 /* GameDataFactoryTests.swift */,
				A2E1FD6C1E81206D003EC053 /* GameDataTests.swift */,
				A2E1FD6D1E81206D003EC053 /* PlayerTests.swift */,
				50F191BE1E7AE04500EE9A75 /* CoordinateTests.swift */,
			);
			path = Models;
			sourceTree = "<group>";
		};
		50F191A91E7ADC4C00EE9A75 /* ViewControllers */ = {
			isa = PBXGroup;
			children = (
			);
			path = ViewControllers;
			sourceTree = "<group>";
		};
		50F191AA1E7ADC5000EE9A75 /* ViewModels */ = {
			isa = PBXGroup;
			children = (
				DF6156951E7FA96200443E65 /* CountDownTimerTest.swift */,
			);
			path = ViewModels;
			sourceTree = "<group>";
		};
		50F191AB1E7ADC6D00EE9A75 /* Tetris */ = {
			isa = PBXGroup;
			children = (
				50F191AE1E7ADC8600EE9A75 /* Models */,
				50F191AD1E7ADC8000EE9A75 /* ViewControllers */,
				50F191AC1E7ADC7A00EE9A75 /* ViewModels */,
			);
			path = Tetris;
			sourceTree = "<group>";
		};
		50F191AC1E7ADC7A00EE9A75 /* ViewModels */ = {
			isa = PBXGroup;
			children = (
			);
			path = ViewModels;
			sourceTree = "<group>";
		};
		50F191AD1E7ADC8000EE9A75 /* ViewControllers */ = {
			isa = PBXGroup;
			children = (
			);
			path = ViewControllers;
			sourceTree = "<group>";
		};
		50F191AE1E7ADC8600EE9A75 /* Models */ = {
			isa = PBXGroup;
			children = (
			);
			path = Models;
			sourceTree = "<group>";
		};
		50F191B01E7ADCA200EE9A75 /* Grid */ = {
			isa = PBXGroup;
			children = (
				50F191B41E7ADCB700EE9A75 /* Models */,
				50F191B31E7ADCB200EE9A75 /* ViewControllers */,
				50F191B21E7ADCAE00EE9A75 /* ViewModels */,
			);
			path = Grid;
			sourceTree = "<group>";
		};
		50F191B11E7ADCA600EE9A75 /* Flappy */ = {
			isa = PBXGroup;
			children = (
				50F191B71E7ADCC800EE9A75 /* Models */,
				50F191B61E7ADCC200EE9A75 /* ViewControllers */,
				50F191B51E7ADCBE00EE9A75 /* ViewModels */,
			);
			path = Flappy;
			sourceTree = "<group>";
		};
		50F191B21E7ADCAE00EE9A75 /* ViewModels */ = {
			isa = PBXGroup;
			children = (
			);
			path = ViewModels;
			sourceTree = "<group>";
		};
		50F191B31E7ADCB200EE9A75 /* ViewControllers */ = {
			isa = PBXGroup;
			children = (
			);
			path = ViewControllers;
			sourceTree = "<group>";
		};
		50F191B41E7ADCB700EE9A75 /* Models */ = {
			isa = PBXGroup;
			children = (
			);
			path = Models;
			sourceTree = "<group>";
		};
		50F191B51E7ADCBE00EE9A75 /* ViewModels */ = {
			isa = PBXGroup;
			children = (
			);
			path = ViewModels;
			sourceTree = "<group>";
		};
		50F191B61E7ADCC200EE9A75 /* ViewControllers */ = {
			isa = PBXGroup;
			children = (
			);
			path = ViewControllers;
			sourceTree = "<group>";
		};
		50F191B71E7ADCC800EE9A75 /* Models */ = {
			isa = PBXGroup;
			children = (
			);
			path = Models;
			sourceTree = "<group>";
		};
		A260C6141E6AB30400782103 = {
			isa = PBXGroup;
			children = (
				4F925529F1FCEF5E5A4CE750 /* Frameworks */,
				A260C61F1E6AB30400782103 /* Jasmine */,
				A260C6341E6AB30400782103 /* JasmineTests */,
				A260C63F1E6AB30400782103 /* JasmineUITests */,
				50BB58D66BC620D2B41E2E2D /* Pods */,
				A260C61E1E6AB30400782103 /* Products */,
			);
			sourceTree = "<group>";
		};
		A260C61E1E6AB30400782103 /* Products */ = {
			isa = PBXGroup;
			children = (
				A260C61D1E6AB30400782103 /* Jasmine.app */,
				A260C6311E6AB30400782103 /* JasmineTests.xctest */,
				A260C63C1E6AB30400782103 /* JasmineUITests.xctest */,
			);
			name = Products;
			sourceTree = "<group>";
		};
		A260C61F1E6AB30400782103 /* Jasmine */ = {
			isa = PBXGroup;
			children = (
				50989DCD1E6D8B16009A86C8 /* Common */,
				50989DD41E6D8B16009A86C8 /* Flappy */,
				50989DC11E6D8B16009A86C8 /* Grid */,
				50989DBA1E6D8B16009A86C8 /* Tetris */,
			);
			path = Jasmine;
			sourceTree = "<group>";
		};
		A260C6341E6AB30400782103 /* JasmineTests */ = {
			isa = PBXGroup;
			children = (
				50F191A61E7ADC3D00EE9A75 /* Common */,
				50F191B11E7ADCA600EE9A75 /* Flappy */,
				50F191B01E7ADCA200EE9A75 /* Grid */,
				50F191AB1E7ADC6D00EE9A75 /* Tetris */,
				A260C6371E6AB30400782103 /* Info.plist */,
			);
			path = JasmineTests;
			sourceTree = "<group>";
		};
		A260C63F1E6AB30400782103 /* JasmineUITests */ = {
			isa = PBXGroup;
			children = (
				A260C6421E6AB30400782103 /* Info.plist */,
				A260C6401E6AB30400782103 /* JasmineUITests.swift */,
			);
			path = JasmineUITests;
			sourceTree = "<group>";
		};
		DF7CF76E1E7E9E2B00C6979A /* Extensions */ = {
			isa = PBXGroup;
			children = (
				A2E1FD5C1E811FC6003EC053 /* UIApplication+isFirstLaunch.swift */,
				DF7CF76F1E7E9E3500C6979A /* CGRect+Arithmetic.swift */,
				DF7CF7701E7E9E3500C6979A /* IndexPath+Coordinate.swift */,
				A2187E6D1E7511470033FC5B /* MutableCollection+Extensions.swift */,
				A2187E711E751C930033FC5B /* Sequence+Extensions.swift */,
			);
			path = Extensions;
			sourceTree = "<group>";
		};
		DF7CF7731E7E9ECE00C6979A /* GameElements */ = {
			isa = PBXGroup;
			children = (
				DF7CF7741E7E9ECE00C6979A /* BaseGameViewControllerDelegate.swift */,
				DF7CF7751E7E9ECE00C6979A /* GameElements.storyboard */,
				DF7CF7761E7E9ECE00C6979A /* GameStatisticsViewController.swift */,
				DF7CF7771E7E9ECE00C6979A /* SquareGridViewController.swift */,
			);
			path = GameElements;
			sourceTree = "<group>";
		};
		DF7CF77C1E7E9EED00C6979A /* Views */ = {
			isa = PBXGroup;
			children = (
				DF7CF77D1E7E9EED00C6979A /* SquareTextView.swift */,
				DF7CF77E1E7E9EED00C6979A /* SquareTextViewCell.swift */,
			);
			path = Views;
			sourceTree = "<group>";
		};
		DF7CF7871E7E9FD700C6979A /* Extensions */ = {
			isa = PBXGroup;
			children = (
				A2E1FD731E812078003EC053 /* UIApplicationTests.swift */,
				DF7CF7881E7E9FD700C6979A /* CGRect+ArithmeticTests.swift */,
				DF7CF7891E7E9FD700C6979A /* IndexPath+CoordinateTests.swift */,
				50717ABE1E7BD944005A2FE5 /* MutableCollection+ExtensionsTests.swift */,
				50717AC21E7BD9D5005A2FE5 /* Sequence+ExtensionsTests.swift */,
			);
			path = Extensions;
			sourceTree = "<group>";
		};
/* End PBXGroup section */

/* Begin PBXNativeTarget section */
		A260C61C1E6AB30400782103 /* Jasmine */ = {
			isa = PBXNativeTarget;
			buildConfigurationList = A260C6451E6AB30400782103 /* Build configuration list for PBXNativeTarget "Jasmine" */;
			buildPhases = (
				7E0A70CF6F2BAA3DCED4965E /* [CP] Check Pods Manifest.lock */,
				A260C64E1E6AB3DC00782103 /* Swiftlint Autocorrect */,
				A260C6191E6AB30400782103 /* Sources */,
				A260C61A1E6AB30400782103 /* Frameworks */,
				A260C61B1E6AB30400782103 /* Resources */,
				3243BD3D7E2F5F45E4E56D47 /* [CP] Embed Pods Frameworks */,
				154757E62370A1C8EAF1512D /* [CP] Copy Pods Resources */,
			);
			buildRules = (
			);
			dependencies = (
			);
			name = Jasmine;
			productName = Jasmine;
			productReference = A260C61D1E6AB30400782103 /* Jasmine.app */;
			productType = "com.apple.product-type.application";
		};
		A260C6301E6AB30400782103 /* JasmineTests */ = {
			isa = PBXNativeTarget;
			buildConfigurationList = A260C6481E6AB30400782103 /* Build configuration list for PBXNativeTarget "JasmineTests" */;
			buildPhases = (
				49F1BFDCEEE16B5EAC19DF6E /* [CP] Check Pods Manifest.lock */,
				A260C62D1E6AB30400782103 /* Sources */,
				A260C62E1E6AB30400782103 /* Frameworks */,
				A260C62F1E6AB30400782103 /* Resources */,
				9ED476CC4CBB26CACB5925AC /* [CP] Embed Pods Frameworks */,
				6C30C7D33289147D19E045E9 /* [CP] Copy Pods Resources */,
			);
			buildRules = (
			);
			dependencies = (
				A260C6331E6AB30400782103 /* PBXTargetDependency */,
			);
			name = JasmineTests;
			productName = JasmineTests;
			productReference = A260C6311E6AB30400782103 /* JasmineTests.xctest */;
			productType = "com.apple.product-type.bundle.unit-test";
		};
		A260C63B1E6AB30400782103 /* JasmineUITests */ = {
			isa = PBXNativeTarget;
			buildConfigurationList = A260C64B1E6AB30400782103 /* Build configuration list for PBXNativeTarget "JasmineUITests" */;
			buildPhases = (
				EBA48037FE7DCCE36E9E204E /* [CP] Check Pods Manifest.lock */,
				A260C6381E6AB30400782103 /* Sources */,
				A260C6391E6AB30400782103 /* Frameworks */,
				A260C63A1E6AB30400782103 /* Resources */,
				B0EC76671E171577C9FDD233 /* [CP] Embed Pods Frameworks */,
				A813EBADD2106F05186F6114 /* [CP] Copy Pods Resources */,
			);
			buildRules = (
			);
			dependencies = (
				A260C63E1E6AB30400782103 /* PBXTargetDependency */,
			);
			name = JasmineUITests;
			productName = JasmineUITests;
			productReference = A260C63C1E6AB30400782103 /* JasmineUITests.xctest */;
			productType = "com.apple.product-type.bundle.ui-testing";
		};
/* End PBXNativeTarget section */

/* Begin PBXProject section */
		A260C6151E6AB30400782103 /* Project object */ = {
			isa = PBXProject;
			attributes = {
				LastSwiftUpdateCheck = 0820;
				LastUpgradeCheck = 0820;
				ORGANIZATIONNAME = nus.cs3217;
				TargetAttributes = {
					A260C61C1E6AB30400782103 = {
						CreatedOnToolsVersion = 8.2.1;
						DevelopmentTeam = W76H98A34A;
						ProvisioningStyle = Automatic;
					};
					A260C6301E6AB30400782103 = {
						CreatedOnToolsVersion = 8.2.1;
						LastSwiftMigration = 0820;
						ProvisioningStyle = Automatic;
						TestTargetID = A260C61C1E6AB30400782103;
					};
					A260C63B1E6AB30400782103 = {
						CreatedOnToolsVersion = 8.2.1;
						ProvisioningStyle = Automatic;
						TestTargetID = A260C61C1E6AB30400782103;
					};
				};
			};
			buildConfigurationList = A260C6181E6AB30400782103 /* Build configuration list for PBXProject "Jasmine" */;
			compatibilityVersion = "Xcode 3.2";
			developmentRegion = English;
			hasScannedForEncodings = 0;
			knownRegions = (
				en,
				Base,
			);
			mainGroup = A260C6141E6AB30400782103;
			productRefGroup = A260C61E1E6AB30400782103 /* Products */;
			projectDirPath = "";
			projectRoot = "";
			targets = (
				A260C61C1E6AB30400782103 /* Jasmine */,
				A260C6301E6AB30400782103 /* JasmineTests */,
				A260C63B1E6AB30400782103 /* JasmineUITests */,
			);
		};
/* End PBXProject section */

/* Begin PBXResourcesBuildPhase section */
		A260C61B1E6AB30400782103 /* Resources */ = {
			isa = PBXResourcesBuildPhase;
			buildActionMask = 2147483647;
			files = (
				DF7CF7791E7E9ECE00C6979A /* GameElements.storyboard in Resources */,
				A2E1FD681E811FE3003EC053 /* phrases.txt in Resources */,
				DF2D21EA1E743BC500094381 /* GridStoryboard.storyboard in Resources */,
				DF7CF7841E7E9F3700C6979A /* Main.storyboard in Resources */,
				A2E1FD691E811FE3003EC053 /* prebundled.realm in Resources */,
				A260C6281E6AB30400782103 /* Assets.xcassets in Resources */,
				DF7CF7831E7E9F3700C6979A /* LaunchScreen.storyboard in Resources */,
				DF6320081E7424A500AA9B50 /* TetrisStoryboard.storyboard in Resources */,
			);
			runOnlyForDeploymentPostprocessing = 0;
		};
		A260C62F1E6AB30400782103 /* Resources */ = {
			isa = PBXResourcesBuildPhase;
			buildActionMask = 2147483647;
			files = (
			);
			runOnlyForDeploymentPostprocessing = 0;
		};
		A260C63A1E6AB30400782103 /* Resources */ = {
			isa = PBXResourcesBuildPhase;
			buildActionMask = 2147483647;
			files = (
			);
			runOnlyForDeploymentPostprocessing = 0;
		};
/* End PBXResourcesBuildPhase section */

/* Begin PBXShellScriptBuildPhase section */
		154757E62370A1C8EAF1512D /* [CP] Copy Pods Resources */ = {
			isa = PBXShellScriptBuildPhase;
			buildActionMask = 2147483647;
			files = (
			);
			inputPaths = (
			);
			name = "[CP] Copy Pods Resources";
			outputPaths = (
			);
			runOnlyForDeploymentPostprocessing = 0;
			shellPath = /bin/sh;
			shellScript = "\"${SRCROOT}/Pods/Target Support Files/Pods-Jasmine/Pods-Jasmine-resources.sh\"\n";
			showEnvVarsInLog = 0;
		};
		3243BD3D7E2F5F45E4E56D47 /* [CP] Embed Pods Frameworks */ = {
			isa = PBXShellScriptBuildPhase;
			buildActionMask = 2147483647;
			files = (
			);
			inputPaths = (
			);
			name = "[CP] Embed Pods Frameworks";
			outputPaths = (
			);
			runOnlyForDeploymentPostprocessing = 0;
			shellPath = /bin/sh;
			shellScript = "\"${SRCROOT}/Pods/Target Support Files/Pods-Jasmine/Pods-Jasmine-frameworks.sh\"\n";
			showEnvVarsInLog = 0;
		};
		49F1BFDCEEE16B5EAC19DF6E /* [CP] Check Pods Manifest.lock */ = {
			isa = PBXShellScriptBuildPhase;
			buildActionMask = 2147483647;
			files = (
			);
			inputPaths = (
			);
			name = "[CP] Check Pods Manifest.lock";
			outputPaths = (
			);
			runOnlyForDeploymentPostprocessing = 0;
			shellPath = /bin/sh;
			shellScript = "diff \"${PODS_ROOT}/../Podfile.lock\" \"${PODS_ROOT}/Manifest.lock\" > /dev/null\nif [ $? != 0 ] ; then\n    # print error to STDERR\n    echo \"error: The sandbox is not in sync with the Podfile.lock. Run 'pod install' or update your CocoaPods installation.\" >&2\n    exit 1\nfi\n";
			showEnvVarsInLog = 0;
		};
		6C30C7D33289147D19E045E9 /* [CP] Copy Pods Resources */ = {
			isa = PBXShellScriptBuildPhase;
			buildActionMask = 2147483647;
			files = (
			);
			inputPaths = (
			);
			name = "[CP] Copy Pods Resources";
			outputPaths = (
			);
			runOnlyForDeploymentPostprocessing = 0;
			shellPath = /bin/sh;
			shellScript = "\"${SRCROOT}/Pods/Target Support Files/Pods-JasmineTests/Pods-JasmineTests-resources.sh\"\n";
			showEnvVarsInLog = 0;
		};
		7E0A70CF6F2BAA3DCED4965E /* [CP] Check Pods Manifest.lock */ = {
			isa = PBXShellScriptBuildPhase;
			buildActionMask = 2147483647;
			files = (
			);
			inputPaths = (
			);
			name = "[CP] Check Pods Manifest.lock";
			outputPaths = (
			);
			runOnlyForDeploymentPostprocessing = 0;
			shellPath = /bin/sh;
			shellScript = "diff \"${PODS_ROOT}/../Podfile.lock\" \"${PODS_ROOT}/Manifest.lock\" > /dev/null\nif [ $? != 0 ] ; then\n    # print error to STDERR\n    echo \"error: The sandbox is not in sync with the Podfile.lock. Run 'pod install' or update your CocoaPods installation.\" >&2\n    exit 1\nfi\n";
			showEnvVarsInLog = 0;
		};
		9ED476CC4CBB26CACB5925AC /* [CP] Embed Pods Frameworks */ = {
			isa = PBXShellScriptBuildPhase;
			buildActionMask = 2147483647;
			files = (
			);
			inputPaths = (
			);
			name = "[CP] Embed Pods Frameworks";
			outputPaths = (
			);
			runOnlyForDeploymentPostprocessing = 0;
			shellPath = /bin/sh;
			shellScript = "\"${SRCROOT}/Pods/Target Support Files/Pods-JasmineTests/Pods-JasmineTests-frameworks.sh\"\n";
			showEnvVarsInLog = 0;
		};
		A260C64E1E6AB3DC00782103 /* Swiftlint Autocorrect */ = {
			isa = PBXShellScriptBuildPhase;
			buildActionMask = 2147483647;
			files = (
			);
			inputPaths = (
			);
			name = "Swiftlint Autocorrect";
			outputPaths = (
			);
			runOnlyForDeploymentPostprocessing = 0;
			shellPath = /bin/sh;
			shellScript = "\"$SRCROOT/scripts/swiftlint.sh\"";
		};
		A813EBADD2106F05186F6114 /* [CP] Copy Pods Resources */ = {
			isa = PBXShellScriptBuildPhase;
			buildActionMask = 2147483647;
			files = (
			);
			inputPaths = (
			);
			name = "[CP] Copy Pods Resources";
			outputPaths = (
			);
			runOnlyForDeploymentPostprocessing = 0;
			shellPath = /bin/sh;
			shellScript = "\"${SRCROOT}/Pods/Target Support Files/Pods-JasmineUITests/Pods-JasmineUITests-resources.sh\"\n";
			showEnvVarsInLog = 0;
		};
		B0EC76671E171577C9FDD233 /* [CP] Embed Pods Frameworks */ = {
			isa = PBXShellScriptBuildPhase;
			buildActionMask = 2147483647;
			files = (
			);
			inputPaths = (
			);
			name = "[CP] Embed Pods Frameworks";
			outputPaths = (
			);
			runOnlyForDeploymentPostprocessing = 0;
			shellPath = /bin/sh;
			shellScript = "\"${SRCROOT}/Pods/Target Support Files/Pods-JasmineUITests/Pods-JasmineUITests-frameworks.sh\"\n";
			showEnvVarsInLog = 0;
		};
		EBA48037FE7DCCE36E9E204E /* [CP] Check Pods Manifest.lock */ = {
			isa = PBXShellScriptBuildPhase;
			buildActionMask = 2147483647;
			files = (
			);
			inputPaths = (
			);
			name = "[CP] Check Pods Manifest.lock";
			outputPaths = (
			);
			runOnlyForDeploymentPostprocessing = 0;
			shellPath = /bin/sh;
			shellScript = "diff \"${PODS_ROOT}/../Podfile.lock\" \"${PODS_ROOT}/Manifest.lock\" > /dev/null\nif [ $? != 0 ] ; then\n    # print error to STDERR\n    echo \"error: The sandbox is not in sync with the Podfile.lock. Run 'pod install' or update your CocoaPods installation.\" >&2\n    exit 1\nfi\n";
			showEnvVarsInLog = 0;
		};
/* End PBXShellScriptBuildPhase section */

/* Begin PBXSourcesBuildPhase section */
		A260C6191E6AB30400782103 /* Sources */ = {
			isa = PBXSourcesBuildPhase;
			buildActionMask = 2147483647;
			files = (
				5011E2711E7FD03A000D0564 /* TetrisViewModelProtocol.swift in Sources */,
				502669021E7D6C6A00112291 /* BaseViewModelProtocol.swift in Sources */,
				502669031E7D6C6A00112291 /* FlappyViewModelProtocol.swift in Sources */,
				DF7CF7721E7E9E3500C6979A /* IndexPath+Coordinate.swift in Sources */,
				DF7CF7781E7E9ECE00C6979A /* BaseGameViewControllerDelegate.swift in Sources */,
				5011E2731E7FD065000D0564 /* TetrisGameViewModel.swift in Sources */,
				50989DDD1E6D8B16009A86C8 /* GameData.swift in Sources */,
				DF7CF77A1E7E9ECE00C6979A /* GameStatisticsViewController.swift in Sources */,
				50989DE01E6D8B16009A86C8 /* HomeScreenViewController.swift in Sources */,
				50989DD51E6D8B16009A86C8 /* TetrisGameData.swift in Sources */,
				A2E1FD6A1E811FE3003EC053 /* Secrets.swift in Sources */,
				DF6156941E7FA93500443E65 /* CountDownTimer.swift in Sources */,
				DF7CF7801E7E9EED00C6979A /* SquareTextViewCell.swift in Sources */,
				DFE7B2DE1E78EBB200FA27B7 /* GameStatus.swift in Sources */,
				505E07381E7BE58900CEE8BF /* TetrisGameViewControllerDelegate.swift in Sources */,
				50989DDA1E6D8B16009A86C8 /* GridViewModel.swift in Sources */,
				50989DE21E6D8B16009A86C8 /* FlappyGameData.swift in Sources */,
				A2187E721E751C930033FC5B /* Sequence+Extensions.swift in Sources */,
				A2187E6E1E7511470033FC5B /* MutableCollection+Extensions.swift in Sources */,
				DF2D21EC1E743C8700094381 /* GridGameViewController.swift in Sources */,
				DF7CF78D1E7EA25400C6979A /* MockGridViewModel.swift in Sources */,
				50989DDF1E6D8B16009A86C8 /* Phrase.swift in Sources */,
				DF7CF77B1E7E9ECE00C6979A /* SquareGridViewController.swift in Sources */,
				50989DD81E6D8B16009A86C8 /* GridGameData.swift in Sources */,
				50989DDC1E6D8B16009A86C8 /* SoundService.swift in Sources */,
				50989DDB1E6D8B16009A86C8 /* Constants.swift in Sources */,
				509894A31E6E6CAE00FC9CF3 /* GameType.swift in Sources */,
				A2E1FD641E811FD6003EC053 /* Player.swift in Sources */,
				A2187E6C1E7510B60033FC5B /* Random.swift in Sources */,
				A2E1FD631E811FD6003EC053 /* GameDataFactory.swift in Sources */,
				505E073A1E7BE58E00CEE8BF /* GridGameViewControllerDelegate.swift in Sources */,
				50989DE71E6D8BBD009A86C8 /* AppDelegate.swift in Sources */,
				A2E1FD601E811FCF003EC053 /* Prebundler.swift in Sources */,
				DF7CF77F1E7E9EED00C6979A /* SquareTextView.swift in Sources */,
				50989DE41E6D8B16009A86C8 /* FlappyViewModel.swift in Sources */,
				505E073C1E7BE59300CEE8BF /* FlappyViewControllerDelegate.swift in Sources */,
				DF7CF7711E7E9E3500C6979A /* CGRect+Arithmetic.swift in Sources */,
				DFB342711E77EB6700D2FE09 /* Coordinate.swift in Sources */,
				A2E1FD5E1E811FC6003EC053 /* UIApplication+isFirstLaunch.swift in Sources */,
				DFB3426D1E77E6AA00D2FE09 /* GridViewModelProtocol.swift in Sources */,
			);
			runOnlyForDeploymentPostprocessing = 0;
		};
		A260C62D1E6AB30400782103 /* Sources */ = {
			isa = PBXSourcesBuildPhase;
			buildActionMask = 2147483647;
			files = (
				A2E1FD701E81206D003EC053 /* PlayerTests.swift in Sources */,
				50717AC31E7BD9D5005A2FE5 /* Sequence+ExtensionsTests.swift in Sources */,
				DF6156961E7FA96200443E65 /* CountDownTimerTest.swift in Sources */,
				A2E1FD6F1E81206D003EC053 /* GameDataTests.swift in Sources */,
				50717AC11E7BD944005A2FE5 /* RandomTests.swift in Sources */,
				50717AC01E7BD944005A2FE5 /* MutableCollection+ExtensionsTests.swift in Sources */,
				A2E1FD6E1E81206D003EC053 /* GameDataFactoryTests.swift in Sources */,
				50F191BF1E7AE04500EE9A75 /* CoordinateTests.swift in Sources */,
				A2E1FD741E812078003EC053 /* UIApplicationTests.swift in Sources */,
				DF7CF78B1E7E9FD700C6979A /* IndexPath+CoordinateTests.swift in Sources */,
				A2E1FD721E812072003EC053 /* RealmTestCase.swift in Sources */,
				DF7CF78A1E7E9FD700C6979A /* CGRect+ArithmeticTests.swift in Sources */,
			);
			runOnlyForDeploymentPostprocessing = 0;
		};
		A260C6381E6AB30400782103 /* Sources */ = {
			isa = PBXSourcesBuildPhase;
			buildActionMask = 2147483647;
			files = (
				A260C6411E6AB30400782103 /* JasmineUITests.swift in Sources */,
			);
			runOnlyForDeploymentPostprocessing = 0;
		};
/* End PBXSourcesBuildPhase section */

/* Begin PBXTargetDependency section */
		A260C6331E6AB30400782103 /* PBXTargetDependency */ = {
			isa = PBXTargetDependency;
			target = A260C61C1E6AB30400782103 /* Jasmine */;
			targetProxy = A260C6321E6AB30400782103 /* PBXContainerItemProxy */;
		};
		A260C63E1E6AB30400782103 /* PBXTargetDependency */ = {
			isa = PBXTargetDependency;
			target = A260C61C1E6AB30400782103 /* Jasmine */;
			targetProxy = A260C63D1E6AB30400782103 /* PBXContainerItemProxy */;
		};
/* End PBXTargetDependency section */

/* Begin XCBuildConfiguration section */
		A260C6431E6AB30400782103 /* Debug */ = {
			isa = XCBuildConfiguration;
			buildSettings = {
				ALWAYS_SEARCH_USER_PATHS = NO;
				CLANG_ANALYZER_NONNULL = YES;
				CLANG_CXX_LANGUAGE_STANDARD = "gnu++0x";
				CLANG_CXX_LIBRARY = "libc++";
				CLANG_ENABLE_MODULES = YES;
				CLANG_ENABLE_OBJC_ARC = YES;
				CLANG_WARN_BOOL_CONVERSION = YES;
				CLANG_WARN_CONSTANT_CONVERSION = YES;
				CLANG_WARN_DIRECT_OBJC_ISA_USAGE = YES_ERROR;
				CLANG_WARN_DOCUMENTATION_COMMENTS = YES;
				CLANG_WARN_EMPTY_BODY = YES;
				CLANG_WARN_ENUM_CONVERSION = YES;
				CLANG_WARN_INFINITE_RECURSION = YES;
				CLANG_WARN_INT_CONVERSION = YES;
				CLANG_WARN_OBJC_ROOT_CLASS = YES_ERROR;
				CLANG_WARN_SUSPICIOUS_MOVE = YES;
				CLANG_WARN_UNREACHABLE_CODE = YES;
				CLANG_WARN__DUPLICATE_METHOD_MATCH = YES;
				"CODE_SIGN_IDENTITY[sdk=iphoneos*]" = "iPhone Developer";
				COPY_PHASE_STRIP = NO;
				DEBUG_INFORMATION_FORMAT = dwarf;
				ENABLE_STRICT_OBJC_MSGSEND = YES;
				ENABLE_TESTABILITY = YES;
				GCC_C_LANGUAGE_STANDARD = gnu99;
				GCC_DYNAMIC_NO_PIC = NO;
				GCC_NO_COMMON_BLOCKS = YES;
				GCC_OPTIMIZATION_LEVEL = 0;
				GCC_PREPROCESSOR_DEFINITIONS = (
					"DEBUG=1",
					"$(inherited)",
				);
				GCC_WARN_64_TO_32_BIT_CONVERSION = YES;
				GCC_WARN_ABOUT_RETURN_TYPE = YES_ERROR;
				GCC_WARN_UNDECLARED_SELECTOR = YES;
				GCC_WARN_UNINITIALIZED_AUTOS = YES_AGGRESSIVE;
				GCC_WARN_UNUSED_FUNCTION = YES;
				GCC_WARN_UNUSED_VARIABLE = YES;
				IPHONEOS_DEPLOYMENT_TARGET = 10.2;
				MTL_ENABLE_DEBUG_INFO = YES;
				ONLY_ACTIVE_ARCH = YES;
				SDKROOT = iphoneos;
				SWIFT_ACTIVE_COMPILATION_CONDITIONS = DEBUG;
				SWIFT_OPTIMIZATION_LEVEL = "-Onone";
				TARGETED_DEVICE_FAMILY = "1,2";
			};
			name = Debug;
		};
		A260C6441E6AB30400782103 /* Release */ = {
			isa = XCBuildConfiguration;
			buildSettings = {
				ALWAYS_SEARCH_USER_PATHS = NO;
				CLANG_ANALYZER_NONNULL = YES;
				CLANG_CXX_LANGUAGE_STANDARD = "gnu++0x";
				CLANG_CXX_LIBRARY = "libc++";
				CLANG_ENABLE_MODULES = YES;
				CLANG_ENABLE_OBJC_ARC = YES;
				CLANG_WARN_BOOL_CONVERSION = YES;
				CLANG_WARN_CONSTANT_CONVERSION = YES;
				CLANG_WARN_DIRECT_OBJC_ISA_USAGE = YES_ERROR;
				CLANG_WARN_DOCUMENTATION_COMMENTS = YES;
				CLANG_WARN_EMPTY_BODY = YES;
				CLANG_WARN_ENUM_CONVERSION = YES;
				CLANG_WARN_INFINITE_RECURSION = YES;
				CLANG_WARN_INT_CONVERSION = YES;
				CLANG_WARN_OBJC_ROOT_CLASS = YES_ERROR;
				CLANG_WARN_SUSPICIOUS_MOVE = YES;
				CLANG_WARN_UNREACHABLE_CODE = YES;
				CLANG_WARN__DUPLICATE_METHOD_MATCH = YES;
				"CODE_SIGN_IDENTITY[sdk=iphoneos*]" = "iPhone Developer";
				COPY_PHASE_STRIP = NO;
				DEBUG_INFORMATION_FORMAT = "dwarf-with-dsym";
				ENABLE_NS_ASSERTIONS = NO;
				ENABLE_STRICT_OBJC_MSGSEND = YES;
				GCC_C_LANGUAGE_STANDARD = gnu99;
				GCC_NO_COMMON_BLOCKS = YES;
				GCC_WARN_64_TO_32_BIT_CONVERSION = YES;
				GCC_WARN_ABOUT_RETURN_TYPE = YES_ERROR;
				GCC_WARN_UNDECLARED_SELECTOR = YES;
				GCC_WARN_UNINITIALIZED_AUTOS = YES_AGGRESSIVE;
				GCC_WARN_UNUSED_FUNCTION = YES;
				GCC_WARN_UNUSED_VARIABLE = YES;
				IPHONEOS_DEPLOYMENT_TARGET = 10.2;
				MTL_ENABLE_DEBUG_INFO = NO;
				SDKROOT = iphoneos;
				SWIFT_OPTIMIZATION_LEVEL = "-Owholemodule";
				TARGETED_DEVICE_FAMILY = "1,2";
				VALIDATE_PRODUCT = YES;
			};
			name = Release;
		};
		A260C6461E6AB30400782103 /* Debug */ = {
			isa = XCBuildConfiguration;
			baseConfigurationReference = 35434779D1F24DD64383DF65 /* Pods-Jasmine.debug.xcconfig */;
			buildSettings = {
				ASSETCATALOG_COMPILER_APPICON_NAME = AppIcon;
				DEVELOPMENT_TEAM = W76H98A34A;
				INFOPLIST_FILE = "$(SRCROOT)/Jasmine/Common/Info.plist";
				LD_RUNPATH_SEARCH_PATHS = "$(inherited) @executable_path/Frameworks";
				PRODUCT_BUNDLE_IDENTIFIER = nus.cs3217.Jasmine;
				PRODUCT_NAME = "$(TARGET_NAME)";
				SWIFT_VERSION = 3.0;
			};
			name = Debug;
		};
		A260C6471E6AB30400782103 /* Release */ = {
			isa = XCBuildConfiguration;
			baseConfigurationReference = FC0AD02B711C61B2492AE255 /* Pods-Jasmine.release.xcconfig */;
			buildSettings = {
				ASSETCATALOG_COMPILER_APPICON_NAME = AppIcon;
				DEVELOPMENT_TEAM = W76H98A34A;
				INFOPLIST_FILE = "$(SRCROOT)/Jasmine/Common/Info.plist";
				LD_RUNPATH_SEARCH_PATHS = "$(inherited) @executable_path/Frameworks";
				PRODUCT_BUNDLE_IDENTIFIER = nus.cs3217.Jasmine;
				PRODUCT_NAME = "$(TARGET_NAME)";
				SWIFT_VERSION = 3.0;
			};
			name = Release;
		};
		A260C6491E6AB30400782103 /* Debug */ = {
			isa = XCBuildConfiguration;
			baseConfigurationReference = CDF6F46CAE49685937742BCB /* Pods-JasmineTests.debug.xcconfig */;
			buildSettings = {
				ALWAYS_EMBED_SWIFT_STANDARD_LIBRARIES = YES;
				BUNDLE_LOADER = "$(TEST_HOST)";
				CLANG_ENABLE_MODULES = YES;
				INFOPLIST_FILE = JasmineTests/Info.plist;
				LD_RUNPATH_SEARCH_PATHS = "$(inherited) @executable_path/Frameworks @loader_path/Frameworks";
				PRODUCT_BUNDLE_IDENTIFIER = nus.cs3217.JasmineTests;
				PRODUCT_NAME = "$(TARGET_NAME)";
				SWIFT_OPTIMIZATION_LEVEL = "-Onone";
				SWIFT_VERSION = 3.0;
				TEST_HOST = "$(BUILT_PRODUCTS_DIR)/Jasmine.app/Jasmine";
			};
			name = Debug;
		};
		A260C64A1E6AB30400782103 /* Release */ = {
			isa = XCBuildConfiguration;
			baseConfigurationReference = FF297B9535BBD99F827421B6 /* Pods-JasmineTests.release.xcconfig */;
			buildSettings = {
				ALWAYS_EMBED_SWIFT_STANDARD_LIBRARIES = YES;
				BUNDLE_LOADER = "$(TEST_HOST)";
				CLANG_ENABLE_MODULES = YES;
				INFOPLIST_FILE = JasmineTests/Info.plist;
				LD_RUNPATH_SEARCH_PATHS = "$(inherited) @executable_path/Frameworks @loader_path/Frameworks";
				PRODUCT_BUNDLE_IDENTIFIER = nus.cs3217.JasmineTests;
				PRODUCT_NAME = "$(TARGET_NAME)";
				SWIFT_VERSION = 3.0;
				TEST_HOST = "$(BUILT_PRODUCTS_DIR)/Jasmine.app/Jasmine";
			};
			name = Release;
		};
		A260C64C1E6AB30400782103 /* Debug */ = {
			isa = XCBuildConfiguration;
			baseConfigurationReference = 379F12059637B53A50B97F3B /* Pods-JasmineUITests.debug.xcconfig */;
			buildSettings = {
				ALWAYS_EMBED_SWIFT_STANDARD_LIBRARIES = YES;
				INFOPLIST_FILE = JasmineUITests/Info.plist;
				LD_RUNPATH_SEARCH_PATHS = "$(inherited) @executable_path/Frameworks @loader_path/Frameworks";
				PRODUCT_BUNDLE_IDENTIFIER = nus.cs3217.JasmineUITests;
				PRODUCT_NAME = "$(TARGET_NAME)";
				SWIFT_VERSION = 3.0;
				TEST_TARGET_NAME = Jasmine;
			};
			name = Debug;
		};
		A260C64D1E6AB30400782103 /* Release */ = {
			isa = XCBuildConfiguration;
			baseConfigurationReference = B0F92A417FF0A33A2C39DC68 /* Pods-JasmineUITests.release.xcconfig */;
			buildSettings = {
				ALWAYS_EMBED_SWIFT_STANDARD_LIBRARIES = YES;
				INFOPLIST_FILE = JasmineUITests/Info.plist;
				LD_RUNPATH_SEARCH_PATHS = "$(inherited) @executable_path/Frameworks @loader_path/Frameworks";
				PRODUCT_BUNDLE_IDENTIFIER = nus.cs3217.JasmineUITests;
				PRODUCT_NAME = "$(TARGET_NAME)";
				SWIFT_VERSION = 3.0;
				TEST_TARGET_NAME = Jasmine;
			};
			name = Release;
		};
/* End XCBuildConfiguration section */

/* Begin XCConfigurationList section */
		A260C6181E6AB30400782103 /* Build configuration list for PBXProject "Jasmine" */ = {
			isa = XCConfigurationList;
			buildConfigurations = (
				A260C6431E6AB30400782103 /* Debug */,
				A260C6441E6AB30400782103 /* Release */,
			);
			defaultConfigurationIsVisible = 0;
			defaultConfigurationName = Release;
		};
		A260C6451E6AB30400782103 /* Build configuration list for PBXNativeTarget "Jasmine" */ = {
			isa = XCConfigurationList;
			buildConfigurations = (
				A260C6461E6AB30400782103 /* Debug */,
				A260C6471E6AB30400782103 /* Release */,
			);
			defaultConfigurationIsVisible = 0;
			defaultConfigurationName = Release;
		};
		A260C6481E6AB30400782103 /* Build configuration list for PBXNativeTarget "JasmineTests" */ = {
			isa = XCConfigurationList;
			buildConfigurations = (
				A260C6491E6AB30400782103 /* Debug */,
				A260C64A1E6AB30400782103 /* Release */,
			);
			defaultConfigurationIsVisible = 0;
			defaultConfigurationName = Release;
		};
		A260C64B1E6AB30400782103 /* Build configuration list for PBXNativeTarget "JasmineUITests" */ = {
			isa = XCConfigurationList;
			buildConfigurations = (
				A260C64C1E6AB30400782103 /* Debug */,
				A260C64D1E6AB30400782103 /* Release */,
			);
			defaultConfigurationIsVisible = 0;
			defaultConfigurationName = Release;
		};
/* End XCConfigurationList section */
	};
	rootObject = A260C6151E6AB30400782103 /* Project object */;
}
